
Microsoft Visual Studio Solution File, Format Version 12.00
# Visual Studio Version 17
VisualStudioVersion = 17.0.31903.59
MinimumVisualStudioVersion = 10.0.40219.1
Project("{2150E333-8FDC-42A3-9474-1A3956D46DE8}") = "Core", "Core", "{FBF56CC3-7AE6-AD2D-3F14-7F97FD322CD6}"
EndProject
Project("{FAE04EC0-301F-11D3-BF4B-00C04F79EFBC}") = "Umbraco.AI.Core", "Umbraco.AI/src\Umbraco.AI.Core\Umbraco.AI.Core.csproj", "{93844438-F30C-47C0-92B7-30344910D394}"
EndProject
Project("{FAE04EC0-301F-11D3-BF4B-00C04F79EFBC}") = "Umbraco.AI", "Umbraco.AI/src\Umbraco.AI/Umbraco.AI.csproj", "{E70C2CAC-B5E2-4AB0-83BD-AD3AE01DA474}"
EndProject
Project("{FAE04EC0-301F-11D3-BF4B-00C04F79EFBC}") = "Umbraco.AI.Startup", "Umbraco.AI/src\Umbraco.AI.Startup\Umbraco.AI.Startup.csproj", "{5E1720F5-9D81-41B6-AB6B-519BB288E1D2}"
EndProject
Project("{FAE04EC0-301F-11D3-BF4B-00C04F79EFBC}") = "Umbraco.AI.Persistence", "Umbraco.AI/src\Umbraco.AI.Persistence\Umbraco.AI.Persistence.csproj", "{B4EE2C60-AD94-483A-9E2E-9BCBD058299F}"
EndProject
Project("{FAE04EC0-301F-11D3-BF4B-00C04F79EFBC}") = "Umbraco.AI.Persistence.SqlServer", "Umbraco.AI/src\Umbraco.AI.Persistence.SqlServer\Umbraco.AI.Persistence.SqlServer.csproj", "{8CA85C49-7013-4244-B1B7-5F105E3BE487}"
EndProject
Project("{FAE04EC0-301F-11D3-BF4B-00C04F79EFBC}") = "Umbraco.AI.Persistence.Sqlite", "Umbraco.AI/src\Umbraco.AI.Persistence.Sqlite\Umbraco.AI.Persistence.Sqlite.csproj", "{090ECE55-9C9A-43C7-8D60-C675E19E57E3}"
EndProject
Project("{FAE04EC0-301F-11D3-BF4B-00C04F79EFBC}") = "Umbraco.AI.Web", "Umbraco.AI/src\Umbraco.AI.Web\Umbraco.AI.Web.csproj", "{193525A6-79A1-4C11-85FA-CD5EC9BC1142}"
EndProject
Project("{FAE04EC0-301F-11D3-BF4B-00C04F79EFBC}") = "Umbraco.AI.Web.StaticAssets", "Umbraco.AI/src\Umbraco.AI.Web.StaticAssets\Umbraco.AI.Web.StaticAssets.csproj", "{316F8D1B-FA8D-4142-8E79-14C0E44754AE}"
EndProject
Project("{FAE04EC0-301F-11D3-BF4B-00C04F79EFBC}") = "Umbraco.AI.Tests.Common", "Umbraco.AI/tests\Umbraco.AI.Tests.Common\Umbraco.AI.Tests.Common.csproj", "{9A9FA331-CED5-4F41-B7AD-C0C395829868}"
EndProject
Project("{FAE04EC0-301F-11D3-BF4B-00C04F79EFBC}") = "Umbraco.AI.Tests.Integration", "Umbraco.AI/tests\Umbraco.AI.Tests.Integration\Umbraco.AI.Tests.Integration.csproj", "{2F5A0AF6-9101-450C-B8C4-A4F93157E6F7}"
EndProject
Project("{FAE04EC0-301F-11D3-BF4B-00C04F79EFBC}") = "Umbraco.AI.Tests.Unit", "Umbraco.AI/tests\Umbraco.AI.Tests.Unit\Umbraco.AI.Tests.Unit.csproj", "{E24CA9EA-DFF6-4B4D-8141-B56FD8B695AB}"
EndProject
Project("{2150E333-8FDC-42A3-9474-1A3956D46DE8}") = "Agent", "Agent", "{F54EF77A-38CE-A906-3148-D95B2D24BFF5}"
EndProject
Project("{FAE04EC0-301F-11D3-BF4B-00C04F79EFBC}") = "Umbraco.AI.Agent", "Umbraco.AI.Agent\src\Umbraco.AI.Agent\Umbraco.AI.Agent.csproj", "{A759902B-7B51-4DA9-9A04-8025CD7928D6}"
EndProject
Project("{FAE04EC0-301F-11D3-BF4B-00C04F79EFBC}") = "Umbraco.AI.Agent.Startup", "Umbraco.AI.Agent\src\Umbraco.AI.Agent.Startup\Umbraco.AI.Agent.Startup.csproj", "{50477E06-7E03-48A9-AE7F-635AB6770AE3}"
EndProject
Project("{FAE04EC0-301F-11D3-BF4B-00C04F79EFBC}") = "Umbraco.AI.Agent.Core", "Umbraco.AI.Agent\src\Umbraco.AI.Agent.Core\Umbraco.AI.Agent.Core.csproj", "{CDF8114E-6264-4695-8CCD-3AD894F8BF6F}"
EndProject
Project("{FAE04EC0-301F-11D3-BF4B-00C04F79EFBC}") = "Umbraco.AI.AGUI", "Umbraco.AI.Agent\src\Umbraco.AI.AGUI\Umbraco.AI.AGUI.csproj", "{3B4417A2-240D-44C5-ACA6-640A4BD39E05}"
EndProject
Project("{FAE04EC0-301F-11D3-BF4B-00C04F79EFBC}") = "Umbraco.AI.Agent.Persistence", "Umbraco.AI.Agent\src\Umbraco.AI.Agent.Persistence\Umbraco.AI.Agent.Persistence.csproj", "{13BE91C6-3C9D-45DB-87E9-D4796D838804}"
EndProject
Project("{FAE04EC0-301F-11D3-BF4B-00C04F79EFBC}") = "Umbraco.AI.Agent.Persistence.SqlServer", "Umbraco.AI.Agent\src\Umbraco.AI.Agent.Persistence.SqlServer\Umbraco.AI.Agent.Persistence.SqlServer.csproj", "{879944FD-9882-4D89-BE38-D387BC062EBF}"
EndProject
Project("{FAE04EC0-301F-11D3-BF4B-00C04F79EFBC}") = "Umbraco.AI.Agent.Persistence.Sqlite", "Umbraco.AI.Agent\src\Umbraco.AI.Agent.Persistence.Sqlite\Umbraco.AI.Agent.Persistence.Sqlite.csproj", "{68956A63-90B9-42B5-BC92-F609663B0203}"
EndProject
Project("{FAE04EC0-301F-11D3-BF4B-00C04F79EFBC}") = "Umbraco.AI.Agent.Web", "Umbraco.AI.Agent\src\Umbraco.AI.Agent.Web\Umbraco.AI.Agent.Web.csproj", "{07ED51E3-05D7-4BFC-9003-A2CEF34410D9}"
EndProject
Project("{FAE04EC0-301F-11D3-BF4B-00C04F79EFBC}") = "Umbraco.AI.Agent.Web.StaticAssets", "Umbraco.AI.Agent\src\Umbraco.AI.Agent.Web.StaticAssets\Umbraco.AI.Agent.Web.StaticAssets.csproj", "{3BDE1D83-F220-4EA7-B839-A142FC655AD6}"
EndProject
Project("{FAE04EC0-301F-11D3-BF4B-00C04F79EFBC}") = "Umbraco.AI.Agent.Tests.Unit", "Umbraco.AI.Agent\tests\Umbraco.AI.Agent.Tests.Unit\Umbraco.AI.Agent.Tests.Unit.csproj", "{F2FACF3B-7D30-4DB5-9F28-CE19105FDEFE}"
EndProject
Project("{2150E333-8FDC-42A3-9474-1A3956D46DE8}") = "Prompt", "Prompt", "{62D3A392-DE78-B01B-6FE2-543B5A3B64EF}"
EndProject
Project("{FAE04EC0-301F-11D3-BF4B-00C04F79EFBC}") = "Umbraco.AI.Prompt", "Umbraco.AI.Prompt\src\Umbraco.AI.Prompt\Umbraco.AI.Prompt.csproj", "{EA473E98-0091-4673-8690-3DB3E417BB1C}"
EndProject
Project("{FAE04EC0-301F-11D3-BF4B-00C04F79EFBC}") = "Umbraco.AI.Prompt.Startup", "Umbraco.AI.Prompt\src\Umbraco.AI.Prompt.Startup\Umbraco.AI.Prompt.Startup.csproj", "{4ABCBB58-8BBB-4E30-8057-74E42E4333B1}"
EndProject
Project("{FAE04EC0-301F-11D3-BF4B-00C04F79EFBC}") = "Umbraco.AI.Prompt.Core", "Umbraco.AI.Prompt\src\Umbraco.AI.Prompt.Core\Umbraco.AI.Prompt.Core.csproj", "{B5F16159-9157-4ABC-8DF7-8136A8E2AC1B}"
EndProject
Project("{FAE04EC0-301F-11D3-BF4B-00C04F79EFBC}") = "Umbraco.AI.Prompt.Persistence", "Umbraco.AI.Prompt\src\Umbraco.AI.Prompt.Persistence\Umbraco.AI.Prompt.Persistence.csproj", "{F42E140F-93F4-4E32-BDCA-6557B3ED10BB}"
EndProject
Project("{FAE04EC0-301F-11D3-BF4B-00C04F79EFBC}") = "Umbraco.AI.Prompt.Persistence.SqlServer", "Umbraco.AI.Prompt\src\Umbraco.AI.Prompt.Persistence.SqlServer\Umbraco.AI.Prompt.Persistence.SqlServer.csproj", "{4EA782F5-DDBE-4702-9C72-79DFDB9D9C58}"
EndProject
Project("{FAE04EC0-301F-11D3-BF4B-00C04F79EFBC}") = "Umbraco.AI.Prompt.Persistence.Sqlite", "Umbraco.AI.Prompt\src\Umbraco.AI.Prompt.Persistence.Sqlite\Umbraco.AI.Prompt.Persistence.Sqlite.csproj", "{FFD26B4A-FC27-407C-AA76-8C067F79727D}"
EndProject
Project("{FAE04EC0-301F-11D3-BF4B-00C04F79EFBC}") = "Umbraco.AI.Prompt.Web", "Umbraco.AI.Prompt\src\Umbraco.AI.Prompt.Web\Umbraco.AI.Prompt.Web.csproj", "{7B4367FB-0551-4730-86B0-932E67CAC88F}"
EndProject
Project("{FAE04EC0-301F-11D3-BF4B-00C04F79EFBC}") = "Umbraco.AI.Prompt.Web.StaticAssets", "Umbraco.AI.Prompt\src\Umbraco.AI.Prompt.Web.StaticAssets\Umbraco.AI.Prompt.Web.StaticAssets.csproj", "{DDD1EA62-D414-4D4C-B23B-56A69ACEA975}"
EndProject
Project("{2150E333-8FDC-42A3-9474-1A3956D46DE8}") = "OpenAI", "OpenAI", "{CE99858F-6413-ADB7-F81D-698515E9799A}"
EndProject
Project("{FAE04EC0-301F-11D3-BF4B-00C04F79EFBC}") = "Umbraco.AI.OpenAI", "Umbraco.AI.OpenAI\src\Umbraco.AI.OpenAI\Umbraco.AI.OpenAI.csproj", "{AFCACE79-CC6F-4C2F-98BB-B6CCC59DA8BF}"
EndProject
Project("{2150E333-8FDC-42A3-9474-1A3956D46DE8}") = "Anthropic", "Anthropic", "{26322C59-6A7E-78E8-35C3-3245D0F3BF09}"
EndProject
Project("{FAE04EC0-301F-11D3-BF4B-00C04F79EFBC}") = "Umbraco.AI.Anthropic", "Umbraco.AI.Anthropic\src\Umbraco.AI.Anthropic\Umbraco.AI.Anthropic.csproj", "{29A43EF2-4A38-4D3C-BF74-20721EC88752}"
EndProject
Project("{2150E333-8FDC-42A3-9474-1A3956D46DE8}") = "Providers", "Providers", "{AE579FDE-7AC8-4B55-BE33-9FE07A2CBED2}"
EndProject
Project("{2150E333-8FDC-42A3-9474-1A3956D46DE8}") = "AddOns", "AddOns", "{818C88C3-78F7-4D5F-A3B5-E77479E64C95}"
EndProject
Project("{2150E333-8FDC-42A3-9474-1A3956D46DE8}") = "MicrosoftFoundry", "MicrosoftFoundry", "{76CD4A3A-41DA-5F03-8993-1A7DC92B5AD4}"
EndProject
Project("{FAE04EC0-301F-11D3-BF4B-00C04F79EFBC}") = "Umbraco.AI.MicrosoftFoundry", "Umbraco.AI.MicrosoftFoundry\src\Umbraco.AI.MicrosoftFoundry\Umbraco.AI.MicrosoftFoundry.csproj", "{6B367EAD-3054-4920-9E3D-028FB8B286A6}"
EndProject
Project("{2150E333-8FDC-42A3-9474-1A3956D46DE8}") = "Google", "Google", "{06194DD1-4B1C-9C5F-0A91-E543EBC9FA7A}"
EndProject
Project("{FAE04EC0-301F-11D3-BF4B-00C04F79EFBC}") = "Umbraco.AI.Google", "Umbraco.AI.Google\src\Umbraco.AI.Google\Umbraco.AI.Google.csproj", "{0BC5E228-5D6F-46DD-80BE-FBABA09C5D6A}"
EndProject
Project("{2150E333-8FDC-42A3-9474-1A3956D46DE8}") = "Amazon", "Amazon", "{7BD47B9D-963C-C9A9-BA11-511A72CE0472}"
EndProject
Project("{FAE04EC0-301F-11D3-BF4B-00C04F79EFBC}") = "Umbraco.AI.Amazon", "Umbraco.AI.Amazon\src\Umbraco.AI.Amazon\Umbraco.AI.Amazon.csproj", "{BE9F5A7D-8BB0-444C-9AB9-55F0365DDD05}"
EndProject
Project("{2150E333-8FDC-42A3-9474-1A3956D46DE8}") = "Copilot", "Copilot", "{1CBBE727-0D15-4AAF-BE7A-A5498CA8F3C0}"
EndProject
Project("{FAE04EC0-301F-11D3-BF4B-00C04F79EFBC}") = "Umbraco.AI.Agent.UI", "Umbraco.AI.Agent.UI\src\Umbraco.AI.Agent.UI\Umbraco.AI.Agent.UI.csproj", "{45500FA9-2054-4A91-88BA-1AC74218F78E}"
EndProject
Project("{FAE04EC0-301F-11D3-BF4B-00C04F79EFBC}") = "Umbraco.AI.Agent.Copilot", "Umbraco.AI.Agent.Copilot\src\Umbraco.AI.Agent.Copilot\Umbraco.AI.Agent.Copilot.csproj", "{8A248423-88BA-48A1-B581-6ACB32C8753C}"
EndProject
Project("{2150E333-8FDC-42A3-9474-1A3956D46DE8}") = "Deploy", "Deploy", "{2E29DBD8-F871-4D63-8CE4-09E0142AD57C}"
EndProject
Project("{FAE04EC0-301F-11D3-BF4B-00C04F79EFBC}") = "Umbraco.AI.Deploy", "Umbraco.AI.Deploy\src\Umbraco.AI.Deploy\Umbraco.AI.Deploy.csproj", "{9A932605-77F4-4E1A-8AA9-718072CE7C95}"
EndProject
Project("{FAE04EC0-301F-11D3-BF4B-00C04F79EFBC}") = "Umbraco.AI.Deploy.Agent", "Umbraco.AI.Deploy.Agent\src\Umbraco.AI.Deploy.Agent\Umbraco.AI.Deploy.Agent.csproj", "{E760E0B6-3053-4148-BD2C-B80A834E99EE}"
EndProject
Project("{FAE04EC0-301F-11D3-BF4B-00C04F79EFBC}") = "Umbraco.AI.Deploy.Prompt", "Umbraco.AI.Deploy.Prompt\src\Umbraco.AI.Deploy.Prompt\Umbraco.AI.Deploy.Prompt.csproj", "{913478A5-B729-4B88-93A0-1B117E1DD581}"
EndProject
Global
	GlobalSection(SolutionConfigurationPlatforms) = preSolution
		Debug|Any CPU = Debug|Any CPU
		Debug|x64 = Debug|x64
		Debug|x86 = Debug|x86
		Release|Any CPU = Release|Any CPU
		Release|x64 = Release|x64
		Release|x86 = Release|x86
	EndGlobalSection
	GlobalSection(ProjectConfigurationPlatforms) = postSolution
		{93844438-F30C-47C0-92B7-30344910D394}.Debug|Any CPU.ActiveCfg = Debug|Any CPU
		{93844438-F30C-47C0-92B7-30344910D394}.Debug|Any CPU.Build.0 = Debug|Any CPU
		{93844438-F30C-47C0-92B7-30344910D394}.Debug|x64.ActiveCfg = Debug|Any CPU
		{93844438-F30C-47C0-92B7-30344910D394}.Debug|x64.Build.0 = Debug|Any CPU
		{93844438-F30C-47C0-92B7-30344910D394}.Debug|x86.ActiveCfg = Debug|Any CPU
		{93844438-F30C-47C0-92B7-30344910D394}.Debug|x86.Build.0 = Debug|Any CPU
		{93844438-F30C-47C0-92B7-30344910D394}.Release|Any CPU.ActiveCfg = Release|Any CPU
		{93844438-F30C-47C0-92B7-30344910D394}.Release|Any CPU.Build.0 = Release|Any CPU
		{93844438-F30C-47C0-92B7-30344910D394}.Release|x64.ActiveCfg = Release|Any CPU
		{93844438-F30C-47C0-92B7-30344910D394}.Release|x64.Build.0 = Release|Any CPU
		{93844438-F30C-47C0-92B7-30344910D394}.Release|x86.ActiveCfg = Release|Any CPU
		{93844438-F30C-47C0-92B7-30344910D394}.Release|x86.Build.0 = Release|Any CPU
		{E70C2CAC-B5E2-4AB0-83BD-AD3AE01DA474}.Debug|Any CPU.ActiveCfg = Debug|Any CPU
		{E70C2CAC-B5E2-4AB0-83BD-AD3AE01DA474}.Debug|Any CPU.Build.0 = Debug|Any CPU
		{E70C2CAC-B5E2-4AB0-83BD-AD3AE01DA474}.Debug|x64.ActiveCfg = Debug|Any CPU
		{E70C2CAC-B5E2-4AB0-83BD-AD3AE01DA474}.Debug|x64.Build.0 = Debug|Any CPU
		{E70C2CAC-B5E2-4AB0-83BD-AD3AE01DA474}.Debug|x86.ActiveCfg = Debug|Any CPU
		{E70C2CAC-B5E2-4AB0-83BD-AD3AE01DA474}.Debug|x86.Build.0 = Debug|Any CPU
		{E70C2CAC-B5E2-4AB0-83BD-AD3AE01DA474}.Release|Any CPU.ActiveCfg = Release|Any CPU
		{E70C2CAC-B5E2-4AB0-83BD-AD3AE01DA474}.Release|Any CPU.Build.0 = Release|Any CPU
		{E70C2CAC-B5E2-4AB0-83BD-AD3AE01DA474}.Release|x64.ActiveCfg = Release|Any CPU
		{E70C2CAC-B5E2-4AB0-83BD-AD3AE01DA474}.Release|x64.Build.0 = Release|Any CPU
		{E70C2CAC-B5E2-4AB0-83BD-AD3AE01DA474}.Release|x86.ActiveCfg = Release|Any CPU
		{E70C2CAC-B5E2-4AB0-83BD-AD3AE01DA474}.Release|x86.Build.0 = Release|Any CPU
		{5E1720F5-9D81-41B6-AB6B-519BB288E1D2}.Debug|Any CPU.ActiveCfg = Debug|Any CPU
		{5E1720F5-9D81-41B6-AB6B-519BB288E1D2}.Debug|Any CPU.Build.0 = Debug|Any CPU
		{5E1720F5-9D81-41B6-AB6B-519BB288E1D2}.Debug|x64.ActiveCfg = Debug|Any CPU
		{5E1720F5-9D81-41B6-AB6B-519BB288E1D2}.Debug|x64.Build.0 = Debug|Any CPU
		{5E1720F5-9D81-41B6-AB6B-519BB288E1D2}.Debug|x86.ActiveCfg = Debug|Any CPU
		{5E1720F5-9D81-41B6-AB6B-519BB288E1D2}.Debug|x86.Build.0 = Debug|Any CPU
		{5E1720F5-9D81-41B6-AB6B-519BB288E1D2}.Release|Any CPU.ActiveCfg = Release|Any CPU
		{5E1720F5-9D81-41B6-AB6B-519BB288E1D2}.Release|Any CPU.Build.0 = Release|Any CPU
		{5E1720F5-9D81-41B6-AB6B-519BB288E1D2}.Release|x64.ActiveCfg = Release|Any CPU
		{5E1720F5-9D81-41B6-AB6B-519BB288E1D2}.Release|x64.Build.0 = Release|Any CPU
		{5E1720F5-9D81-41B6-AB6B-519BB288E1D2}.Release|x86.ActiveCfg = Release|Any CPU
		{5E1720F5-9D81-41B6-AB6B-519BB288E1D2}.Release|x86.Build.0 = Release|Any CPU
		{B4EE2C60-AD94-483A-9E2E-9BCBD058299F}.Debug|Any CPU.ActiveCfg = Debug|Any CPU
		{B4EE2C60-AD94-483A-9E2E-9BCBD058299F}.Debug|Any CPU.Build.0 = Debug|Any CPU
		{B4EE2C60-AD94-483A-9E2E-9BCBD058299F}.Debug|x64.ActiveCfg = Debug|Any CPU
		{B4EE2C60-AD94-483A-9E2E-9BCBD058299F}.Debug|x64.Build.0 = Debug|Any CPU
		{B4EE2C60-AD94-483A-9E2E-9BCBD058299F}.Debug|x86.ActiveCfg = Debug|Any CPU
		{B4EE2C60-AD94-483A-9E2E-9BCBD058299F}.Debug|x86.Build.0 = Debug|Any CPU
		{B4EE2C60-AD94-483A-9E2E-9BCBD058299F}.Release|Any CPU.ActiveCfg = Release|Any CPU
		{B4EE2C60-AD94-483A-9E2E-9BCBD058299F}.Release|Any CPU.Build.0 = Release|Any CPU
		{B4EE2C60-AD94-483A-9E2E-9BCBD058299F}.Release|x64.ActiveCfg = Release|Any CPU
		{B4EE2C60-AD94-483A-9E2E-9BCBD058299F}.Release|x64.Build.0 = Release|Any CPU
		{B4EE2C60-AD94-483A-9E2E-9BCBD058299F}.Release|x86.ActiveCfg = Release|Any CPU
		{B4EE2C60-AD94-483A-9E2E-9BCBD058299F}.Release|x86.Build.0 = Release|Any CPU
		{8CA85C49-7013-4244-B1B7-5F105E3BE487}.Debug|Any CPU.ActiveCfg = Debug|Any CPU
		{8CA85C49-7013-4244-B1B7-5F105E3BE487}.Debug|Any CPU.Build.0 = Debug|Any CPU
		{8CA85C49-7013-4244-B1B7-5F105E3BE487}.Debug|x64.ActiveCfg = Debug|Any CPU
		{8CA85C49-7013-4244-B1B7-5F105E3BE487}.Debug|x64.Build.0 = Debug|Any CPU
		{8CA85C49-7013-4244-B1B7-5F105E3BE487}.Debug|x86.ActiveCfg = Debug|Any CPU
		{8CA85C49-7013-4244-B1B7-5F105E3BE487}.Debug|x86.Build.0 = Debug|Any CPU
		{8CA85C49-7013-4244-B1B7-5F105E3BE487}.Release|Any CPU.ActiveCfg = Release|Any CPU
		{8CA85C49-7013-4244-B1B7-5F105E3BE487}.Release|Any CPU.Build.0 = Release|Any CPU
		{8CA85C49-7013-4244-B1B7-5F105E3BE487}.Release|x64.ActiveCfg = Release|Any CPU
		{8CA85C49-7013-4244-B1B7-5F105E3BE487}.Release|x64.Build.0 = Release|Any CPU
		{8CA85C49-7013-4244-B1B7-5F105E3BE487}.Release|x86.ActiveCfg = Release|Any CPU
		{8CA85C49-7013-4244-B1B7-5F105E3BE487}.Release|x86.Build.0 = Release|Any CPU
		{090ECE55-9C9A-43C7-8D60-C675E19E57E3}.Debug|Any CPU.ActiveCfg = Debug|Any CPU
		{090ECE55-9C9A-43C7-8D60-C675E19E57E3}.Debug|Any CPU.Build.0 = Debug|Any CPU
		{090ECE55-9C9A-43C7-8D60-C675E19E57E3}.Debug|x64.ActiveCfg = Debug|Any CPU
		{090ECE55-9C9A-43C7-8D60-C675E19E57E3}.Debug|x64.Build.0 = Debug|Any CPU
		{090ECE55-9C9A-43C7-8D60-C675E19E57E3}.Debug|x86.ActiveCfg = Debug|Any CPU
		{090ECE55-9C9A-43C7-8D60-C675E19E57E3}.Debug|x86.Build.0 = Debug|Any CPU
		{090ECE55-9C9A-43C7-8D60-C675E19E57E3}.Release|Any CPU.ActiveCfg = Release|Any CPU
		{090ECE55-9C9A-43C7-8D60-C675E19E57E3}.Release|Any CPU.Build.0 = Release|Any CPU
		{090ECE55-9C9A-43C7-8D60-C675E19E57E3}.Release|x64.ActiveCfg = Release|Any CPU
		{090ECE55-9C9A-43C7-8D60-C675E19E57E3}.Release|x64.Build.0 = Release|Any CPU
		{090ECE55-9C9A-43C7-8D60-C675E19E57E3}.Release|x86.ActiveCfg = Release|Any CPU
		{090ECE55-9C9A-43C7-8D60-C675E19E57E3}.Release|x86.Build.0 = Release|Any CPU
		{193525A6-79A1-4C11-85FA-CD5EC9BC1142}.Debug|Any CPU.ActiveCfg = Debug|Any CPU
		{193525A6-79A1-4C11-85FA-CD5EC9BC1142}.Debug|Any CPU.Build.0 = Debug|Any CPU
		{193525A6-79A1-4C11-85FA-CD5EC9BC1142}.Debug|x64.ActiveCfg = Debug|Any CPU
		{193525A6-79A1-4C11-85FA-CD5EC9BC1142}.Debug|x64.Build.0 = Debug|Any CPU
		{193525A6-79A1-4C11-85FA-CD5EC9BC1142}.Debug|x86.ActiveCfg = Debug|Any CPU
		{193525A6-79A1-4C11-85FA-CD5EC9BC1142}.Debug|x86.Build.0 = Debug|Any CPU
		{193525A6-79A1-4C11-85FA-CD5EC9BC1142}.Release|Any CPU.ActiveCfg = Release|Any CPU
		{193525A6-79A1-4C11-85FA-CD5EC9BC1142}.Release|Any CPU.Build.0 = Release|Any CPU
		{193525A6-79A1-4C11-85FA-CD5EC9BC1142}.Release|x64.ActiveCfg = Release|Any CPU
		{193525A6-79A1-4C11-85FA-CD5EC9BC1142}.Release|x64.Build.0 = Release|Any CPU
		{193525A6-79A1-4C11-85FA-CD5EC9BC1142}.Release|x86.ActiveCfg = Release|Any CPU
		{193525A6-79A1-4C11-85FA-CD5EC9BC1142}.Release|x86.Build.0 = Release|Any CPU
		{316F8D1B-FA8D-4142-8E79-14C0E44754AE}.Debug|Any CPU.ActiveCfg = Debug|Any CPU
		{316F8D1B-FA8D-4142-8E79-14C0E44754AE}.Debug|Any CPU.Build.0 = Debug|Any CPU
		{316F8D1B-FA8D-4142-8E79-14C0E44754AE}.Debug|x64.ActiveCfg = Debug|Any CPU
		{316F8D1B-FA8D-4142-8E79-14C0E44754AE}.Debug|x64.Build.0 = Debug|Any CPU
		{316F8D1B-FA8D-4142-8E79-14C0E44754AE}.Debug|x86.ActiveCfg = Debug|Any CPU
		{316F8D1B-FA8D-4142-8E79-14C0E44754AE}.Debug|x86.Build.0 = Debug|Any CPU
		{316F8D1B-FA8D-4142-8E79-14C0E44754AE}.Release|Any CPU.ActiveCfg = Release|Any CPU
		{316F8D1B-FA8D-4142-8E79-14C0E44754AE}.Release|Any CPU.Build.0 = Release|Any CPU
		{316F8D1B-FA8D-4142-8E79-14C0E44754AE}.Release|x64.ActiveCfg = Release|Any CPU
		{316F8D1B-FA8D-4142-8E79-14C0E44754AE}.Release|x64.Build.0 = Release|Any CPU
		{316F8D1B-FA8D-4142-8E79-14C0E44754AE}.Release|x86.ActiveCfg = Release|Any CPU
		{316F8D1B-FA8D-4142-8E79-14C0E44754AE}.Release|x86.Build.0 = Release|Any CPU
		{9A9FA331-CED5-4F41-B7AD-C0C395829868}.Debug|Any CPU.ActiveCfg = Debug|Any CPU
		{9A9FA331-CED5-4F41-B7AD-C0C395829868}.Debug|Any CPU.Build.0 = Debug|Any CPU
		{9A9FA331-CED5-4F41-B7AD-C0C395829868}.Debug|x64.ActiveCfg = Debug|Any CPU
		{9A9FA331-CED5-4F41-B7AD-C0C395829868}.Debug|x64.Build.0 = Debug|Any CPU
		{9A9FA331-CED5-4F41-B7AD-C0C395829868}.Debug|x86.ActiveCfg = Debug|Any CPU
		{9A9FA331-CED5-4F41-B7AD-C0C395829868}.Debug|x86.Build.0 = Debug|Any CPU
		{9A9FA331-CED5-4F41-B7AD-C0C395829868}.Release|Any CPU.ActiveCfg = Release|Any CPU
		{9A9FA331-CED5-4F41-B7AD-C0C395829868}.Release|Any CPU.Build.0 = Release|Any CPU
		{9A9FA331-CED5-4F41-B7AD-C0C395829868}.Release|x64.ActiveCfg = Release|Any CPU
		{9A9FA331-CED5-4F41-B7AD-C0C395829868}.Release|x64.Build.0 = Release|Any CPU
		{9A9FA331-CED5-4F41-B7AD-C0C395829868}.Release|x86.ActiveCfg = Release|Any CPU
		{9A9FA331-CED5-4F41-B7AD-C0C395829868}.Release|x86.Build.0 = Release|Any CPU
		{2F5A0AF6-9101-450C-B8C4-A4F93157E6F7}.Debug|Any CPU.ActiveCfg = Debug|Any CPU
		{2F5A0AF6-9101-450C-B8C4-A4F93157E6F7}.Debug|Any CPU.Build.0 = Debug|Any CPU
		{2F5A0AF6-9101-450C-B8C4-A4F93157E6F7}.Debug|x64.ActiveCfg = Debug|Any CPU
		{2F5A0AF6-9101-450C-B8C4-A4F93157E6F7}.Debug|x64.Build.0 = Debug|Any CPU
		{2F5A0AF6-9101-450C-B8C4-A4F93157E6F7}.Debug|x86.ActiveCfg = Debug|Any CPU
		{2F5A0AF6-9101-450C-B8C4-A4F93157E6F7}.Debug|x86.Build.0 = Debug|Any CPU
		{2F5A0AF6-9101-450C-B8C4-A4F93157E6F7}.Release|Any CPU.ActiveCfg = Release|Any CPU
		{2F5A0AF6-9101-450C-B8C4-A4F93157E6F7}.Release|Any CPU.Build.0 = Release|Any CPU
		{2F5A0AF6-9101-450C-B8C4-A4F93157E6F7}.Release|x64.ActiveCfg = Release|Any CPU
		{2F5A0AF6-9101-450C-B8C4-A4F93157E6F7}.Release|x64.Build.0 = Release|Any CPU
		{2F5A0AF6-9101-450C-B8C4-A4F93157E6F7}.Release|x86.ActiveCfg = Release|Any CPU
		{2F5A0AF6-9101-450C-B8C4-A4F93157E6F7}.Release|x86.Build.0 = Release|Any CPU
		{E24CA9EA-DFF6-4B4D-8141-B56FD8B695AB}.Debug|Any CPU.ActiveCfg = Debug|Any CPU
		{E24CA9EA-DFF6-4B4D-8141-B56FD8B695AB}.Debug|Any CPU.Build.0 = Debug|Any CPU
		{E24CA9EA-DFF6-4B4D-8141-B56FD8B695AB}.Debug|x64.ActiveCfg = Debug|Any CPU
		{E24CA9EA-DFF6-4B4D-8141-B56FD8B695AB}.Debug|x64.Build.0 = Debug|Any CPU
		{E24CA9EA-DFF6-4B4D-8141-B56FD8B695AB}.Debug|x86.ActiveCfg = Debug|Any CPU
		{E24CA9EA-DFF6-4B4D-8141-B56FD8B695AB}.Debug|x86.Build.0 = Debug|Any CPU
		{E24CA9EA-DFF6-4B4D-8141-B56FD8B695AB}.Release|Any CPU.ActiveCfg = Release|Any CPU
		{E24CA9EA-DFF6-4B4D-8141-B56FD8B695AB}.Release|Any CPU.Build.0 = Release|Any CPU
		{E24CA9EA-DFF6-4B4D-8141-B56FD8B695AB}.Release|x64.ActiveCfg = Release|Any CPU
		{E24CA9EA-DFF6-4B4D-8141-B56FD8B695AB}.Release|x64.Build.0 = Release|Any CPU
		{E24CA9EA-DFF6-4B4D-8141-B56FD8B695AB}.Release|x86.ActiveCfg = Release|Any CPU
		{E24CA9EA-DFF6-4B4D-8141-B56FD8B695AB}.Release|x86.Build.0 = Release|Any CPU
		{A759902B-7B51-4DA9-9A04-8025CD7928D6}.Debug|Any CPU.ActiveCfg = Debug|Any CPU
		{A759902B-7B51-4DA9-9A04-8025CD7928D6}.Debug|Any CPU.Build.0 = Debug|Any CPU
		{A759902B-7B51-4DA9-9A04-8025CD7928D6}.Debug|x64.ActiveCfg = Debug|Any CPU
		{A759902B-7B51-4DA9-9A04-8025CD7928D6}.Debug|x64.Build.0 = Debug|Any CPU
		{A759902B-7B51-4DA9-9A04-8025CD7928D6}.Debug|x86.ActiveCfg = Debug|Any CPU
		{A759902B-7B51-4DA9-9A04-8025CD7928D6}.Debug|x86.Build.0 = Debug|Any CPU
		{A759902B-7B51-4DA9-9A04-8025CD7928D6}.Release|Any CPU.ActiveCfg = Release|Any CPU
		{A759902B-7B51-4DA9-9A04-8025CD7928D6}.Release|Any CPU.Build.0 = Release|Any CPU
		{A759902B-7B51-4DA9-9A04-8025CD7928D6}.Release|x64.ActiveCfg = Release|Any CPU
		{A759902B-7B51-4DA9-9A04-8025CD7928D6}.Release|x64.Build.0 = Release|Any CPU
		{A759902B-7B51-4DA9-9A04-8025CD7928D6}.Release|x86.ActiveCfg = Release|Any CPU
		{A759902B-7B51-4DA9-9A04-8025CD7928D6}.Release|x86.Build.0 = Release|Any CPU
		{50477E06-7E03-48A9-AE7F-635AB6770AE3}.Debug|Any CPU.ActiveCfg = Debug|Any CPU
		{50477E06-7E03-48A9-AE7F-635AB6770AE3}.Debug|Any CPU.Build.0 = Debug|Any CPU
		{50477E06-7E03-48A9-AE7F-635AB6770AE3}.Debug|x64.ActiveCfg = Debug|Any CPU
		{50477E06-7E03-48A9-AE7F-635AB6770AE3}.Debug|x64.Build.0 = Debug|Any CPU
		{50477E06-7E03-48A9-AE7F-635AB6770AE3}.Debug|x86.ActiveCfg = Debug|Any CPU
		{50477E06-7E03-48A9-AE7F-635AB6770AE3}.Debug|x86.Build.0 = Debug|Any CPU
		{50477E06-7E03-48A9-AE7F-635AB6770AE3}.Release|Any CPU.ActiveCfg = Release|Any CPU
		{50477E06-7E03-48A9-AE7F-635AB6770AE3}.Release|Any CPU.Build.0 = Release|Any CPU
		{50477E06-7E03-48A9-AE7F-635AB6770AE3}.Release|x64.ActiveCfg = Release|Any CPU
		{50477E06-7E03-48A9-AE7F-635AB6770AE3}.Release|x64.Build.0 = Release|Any CPU
		{50477E06-7E03-48A9-AE7F-635AB6770AE3}.Release|x86.ActiveCfg = Release|Any CPU
		{50477E06-7E03-48A9-AE7F-635AB6770AE3}.Release|x86.Build.0 = Release|Any CPU
		{CDF8114E-6264-4695-8CCD-3AD894F8BF6F}.Debug|Any CPU.ActiveCfg = Debug|Any CPU
		{CDF8114E-6264-4695-8CCD-3AD894F8BF6F}.Debug|Any CPU.Build.0 = Debug|Any CPU
		{CDF8114E-6264-4695-8CCD-3AD894F8BF6F}.Debug|x64.ActiveCfg = Debug|Any CPU
		{CDF8114E-6264-4695-8CCD-3AD894F8BF6F}.Debug|x64.Build.0 = Debug|Any CPU
		{CDF8114E-6264-4695-8CCD-3AD894F8BF6F}.Debug|x86.ActiveCfg = Debug|Any CPU
		{CDF8114E-6264-4695-8CCD-3AD894F8BF6F}.Debug|x86.Build.0 = Debug|Any CPU
		{CDF8114E-6264-4695-8CCD-3AD894F8BF6F}.Release|Any CPU.ActiveCfg = Release|Any CPU
		{CDF8114E-6264-4695-8CCD-3AD894F8BF6F}.Release|Any CPU.Build.0 = Release|Any CPU
		{CDF8114E-6264-4695-8CCD-3AD894F8BF6F}.Release|x64.ActiveCfg = Release|Any CPU
		{CDF8114E-6264-4695-8CCD-3AD894F8BF6F}.Release|x64.Build.0 = Release|Any CPU
		{CDF8114E-6264-4695-8CCD-3AD894F8BF6F}.Release|x86.ActiveCfg = Release|Any CPU
		{CDF8114E-6264-4695-8CCD-3AD894F8BF6F}.Release|x86.Build.0 = Release|Any CPU
		{3B4417A2-240D-44C5-ACA6-640A4BD39E05}.Debug|Any CPU.ActiveCfg = Debug|Any CPU
		{3B4417A2-240D-44C5-ACA6-640A4BD39E05}.Debug|Any CPU.Build.0 = Debug|Any CPU
		{3B4417A2-240D-44C5-ACA6-640A4BD39E05}.Debug|x64.ActiveCfg = Debug|Any CPU
		{3B4417A2-240D-44C5-ACA6-640A4BD39E05}.Debug|x64.Build.0 = Debug|Any CPU
		{3B4417A2-240D-44C5-ACA6-640A4BD39E05}.Debug|x86.ActiveCfg = Debug|Any CPU
		{3B4417A2-240D-44C5-ACA6-640A4BD39E05}.Debug|x86.Build.0 = Debug|Any CPU
		{3B4417A2-240D-44C5-ACA6-640A4BD39E05}.Release|Any CPU.ActiveCfg = Release|Any CPU
		{3B4417A2-240D-44C5-ACA6-640A4BD39E05}.Release|Any CPU.Build.0 = Release|Any CPU
		{3B4417A2-240D-44C5-ACA6-640A4BD39E05}.Release|x64.ActiveCfg = Release|Any CPU
		{3B4417A2-240D-44C5-ACA6-640A4BD39E05}.Release|x64.Build.0 = Release|Any CPU
		{3B4417A2-240D-44C5-ACA6-640A4BD39E05}.Release|x86.ActiveCfg = Release|Any CPU
		{3B4417A2-240D-44C5-ACA6-640A4BD39E05}.Release|x86.Build.0 = Release|Any CPU
		{13BE91C6-3C9D-45DB-87E9-D4796D838804}.Debug|Any CPU.ActiveCfg = Debug|Any CPU
		{13BE91C6-3C9D-45DB-87E9-D4796D838804}.Debug|Any CPU.Build.0 = Debug|Any CPU
		{13BE91C6-3C9D-45DB-87E9-D4796D838804}.Debug|x64.ActiveCfg = Debug|Any CPU
		{13BE91C6-3C9D-45DB-87E9-D4796D838804}.Debug|x64.Build.0 = Debug|Any CPU
		{13BE91C6-3C9D-45DB-87E9-D4796D838804}.Debug|x86.ActiveCfg = Debug|Any CPU
		{13BE91C6-3C9D-45DB-87E9-D4796D838804}.Debug|x86.Build.0 = Debug|Any CPU
		{13BE91C6-3C9D-45DB-87E9-D4796D838804}.Release|Any CPU.ActiveCfg = Release|Any CPU
		{13BE91C6-3C9D-45DB-87E9-D4796D838804}.Release|Any CPU.Build.0 = Release|Any CPU
		{13BE91C6-3C9D-45DB-87E9-D4796D838804}.Release|x64.ActiveCfg = Release|Any CPU
		{13BE91C6-3C9D-45DB-87E9-D4796D838804}.Release|x64.Build.0 = Release|Any CPU
		{13BE91C6-3C9D-45DB-87E9-D4796D838804}.Release|x86.ActiveCfg = Release|Any CPU
		{13BE91C6-3C9D-45DB-87E9-D4796D838804}.Release|x86.Build.0 = Release|Any CPU
		{879944FD-9882-4D89-BE38-D387BC062EBF}.Debug|Any CPU.ActiveCfg = Debug|Any CPU
		{879944FD-9882-4D89-BE38-D387BC062EBF}.Debug|Any CPU.Build.0 = Debug|Any CPU
		{879944FD-9882-4D89-BE38-D387BC062EBF}.Debug|x64.ActiveCfg = Debug|Any CPU
		{879944FD-9882-4D89-BE38-D387BC062EBF}.Debug|x64.Build.0 = Debug|Any CPU
		{879944FD-9882-4D89-BE38-D387BC062EBF}.Debug|x86.ActiveCfg = Debug|Any CPU
		{879944FD-9882-4D89-BE38-D387BC062EBF}.Debug|x86.Build.0 = Debug|Any CPU
		{879944FD-9882-4D89-BE38-D387BC062EBF}.Release|Any CPU.ActiveCfg = Release|Any CPU
		{879944FD-9882-4D89-BE38-D387BC062EBF}.Release|Any CPU.Build.0 = Release|Any CPU
		{879944FD-9882-4D89-BE38-D387BC062EBF}.Release|x64.ActiveCfg = Release|Any CPU
		{879944FD-9882-4D89-BE38-D387BC062EBF}.Release|x64.Build.0 = Release|Any CPU
		{879944FD-9882-4D89-BE38-D387BC062EBF}.Release|x86.ActiveCfg = Release|Any CPU
		{879944FD-9882-4D89-BE38-D387BC062EBF}.Release|x86.Build.0 = Release|Any CPU
		{68956A63-90B9-42B5-BC92-F609663B0203}.Debug|Any CPU.ActiveCfg = Debug|Any CPU
		{68956A63-90B9-42B5-BC92-F609663B0203}.Debug|Any CPU.Build.0 = Debug|Any CPU
		{68956A63-90B9-42B5-BC92-F609663B0203}.Debug|x64.ActiveCfg = Debug|Any CPU
		{68956A63-90B9-42B5-BC92-F609663B0203}.Debug|x64.Build.0 = Debug|Any CPU
		{68956A63-90B9-42B5-BC92-F609663B0203}.Debug|x86.ActiveCfg = Debug|Any CPU
		{68956A63-90B9-42B5-BC92-F609663B0203}.Debug|x86.Build.0 = Debug|Any CPU
		{68956A63-90B9-42B5-BC92-F609663B0203}.Release|Any CPU.ActiveCfg = Release|Any CPU
		{68956A63-90B9-42B5-BC92-F609663B0203}.Release|Any CPU.Build.0 = Release|Any CPU
		{68956A63-90B9-42B5-BC92-F609663B0203}.Release|x64.ActiveCfg = Release|Any CPU
		{68956A63-90B9-42B5-BC92-F609663B0203}.Release|x64.Build.0 = Release|Any CPU
		{68956A63-90B9-42B5-BC92-F609663B0203}.Release|x86.ActiveCfg = Release|Any CPU
		{68956A63-90B9-42B5-BC92-F609663B0203}.Release|x86.Build.0 = Release|Any CPU
		{07ED51E3-05D7-4BFC-9003-A2CEF34410D9}.Debug|Any CPU.ActiveCfg = Debug|Any CPU
		{07ED51E3-05D7-4BFC-9003-A2CEF34410D9}.Debug|Any CPU.Build.0 = Debug|Any CPU
		{07ED51E3-05D7-4BFC-9003-A2CEF34410D9}.Debug|x64.ActiveCfg = Debug|Any CPU
		{07ED51E3-05D7-4BFC-9003-A2CEF34410D9}.Debug|x64.Build.0 = Debug|Any CPU
		{07ED51E3-05D7-4BFC-9003-A2CEF34410D9}.Debug|x86.ActiveCfg = Debug|Any CPU
		{07ED51E3-05D7-4BFC-9003-A2CEF34410D9}.Debug|x86.Build.0 = Debug|Any CPU
		{07ED51E3-05D7-4BFC-9003-A2CEF34410D9}.Release|Any CPU.ActiveCfg = Release|Any CPU
		{07ED51E3-05D7-4BFC-9003-A2CEF34410D9}.Release|Any CPU.Build.0 = Release|Any CPU
		{07ED51E3-05D7-4BFC-9003-A2CEF34410D9}.Release|x64.ActiveCfg = Release|Any CPU
		{07ED51E3-05D7-4BFC-9003-A2CEF34410D9}.Release|x64.Build.0 = Release|Any CPU
		{07ED51E3-05D7-4BFC-9003-A2CEF34410D9}.Release|x86.ActiveCfg = Release|Any CPU
		{07ED51E3-05D7-4BFC-9003-A2CEF34410D9}.Release|x86.Build.0 = Release|Any CPU
		{3BDE1D83-F220-4EA7-B839-A142FC655AD6}.Debug|Any CPU.ActiveCfg = Debug|Any CPU
		{3BDE1D83-F220-4EA7-B839-A142FC655AD6}.Debug|Any CPU.Build.0 = Debug|Any CPU
		{3BDE1D83-F220-4EA7-B839-A142FC655AD6}.Debug|x64.ActiveCfg = Debug|Any CPU
		{3BDE1D83-F220-4EA7-B839-A142FC655AD6}.Debug|x64.Build.0 = Debug|Any CPU
		{3BDE1D83-F220-4EA7-B839-A142FC655AD6}.Debug|x86.ActiveCfg = Debug|Any CPU
		{3BDE1D83-F220-4EA7-B839-A142FC655AD6}.Debug|x86.Build.0 = Debug|Any CPU
		{3BDE1D83-F220-4EA7-B839-A142FC655AD6}.Release|Any CPU.ActiveCfg = Release|Any CPU
		{3BDE1D83-F220-4EA7-B839-A142FC655AD6}.Release|Any CPU.Build.0 = Release|Any CPU
		{3BDE1D83-F220-4EA7-B839-A142FC655AD6}.Release|x64.ActiveCfg = Release|Any CPU
		{3BDE1D83-F220-4EA7-B839-A142FC655AD6}.Release|x64.Build.0 = Release|Any CPU
		{3BDE1D83-F220-4EA7-B839-A142FC655AD6}.Release|x86.ActiveCfg = Release|Any CPU
		{3BDE1D83-F220-4EA7-B839-A142FC655AD6}.Release|x86.Build.0 = Release|Any CPU
		{F2FACF3B-7D30-4DB5-9F28-CE19105FDEFE}.Debug|Any CPU.ActiveCfg = Debug|Any CPU
		{F2FACF3B-7D30-4DB5-9F28-CE19105FDEFE}.Debug|Any CPU.Build.0 = Debug|Any CPU
		{F2FACF3B-7D30-4DB5-9F28-CE19105FDEFE}.Debug|x64.ActiveCfg = Debug|Any CPU
		{F2FACF3B-7D30-4DB5-9F28-CE19105FDEFE}.Debug|x64.Build.0 = Debug|Any CPU
		{F2FACF3B-7D30-4DB5-9F28-CE19105FDEFE}.Debug|x86.ActiveCfg = Debug|Any CPU
		{F2FACF3B-7D30-4DB5-9F28-CE19105FDEFE}.Debug|x86.Build.0 = Debug|Any CPU
		{F2FACF3B-7D30-4DB5-9F28-CE19105FDEFE}.Release|Any CPU.ActiveCfg = Release|Any CPU
		{F2FACF3B-7D30-4DB5-9F28-CE19105FDEFE}.Release|Any CPU.Build.0 = Release|Any CPU
		{F2FACF3B-7D30-4DB5-9F28-CE19105FDEFE}.Release|x64.ActiveCfg = Release|Any CPU
		{F2FACF3B-7D30-4DB5-9F28-CE19105FDEFE}.Release|x64.Build.0 = Release|Any CPU
		{F2FACF3B-7D30-4DB5-9F28-CE19105FDEFE}.Release|x86.ActiveCfg = Release|Any CPU
		{F2FACF3B-7D30-4DB5-9F28-CE19105FDEFE}.Release|x86.Build.0 = Release|Any CPU
		{EA473E98-0091-4673-8690-3DB3E417BB1C}.Debug|Any CPU.ActiveCfg = Debug|Any CPU
		{EA473E98-0091-4673-8690-3DB3E417BB1C}.Debug|Any CPU.Build.0 = Debug|Any CPU
		{EA473E98-0091-4673-8690-3DB3E417BB1C}.Debug|x64.ActiveCfg = Debug|Any CPU
		{EA473E98-0091-4673-8690-3DB3E417BB1C}.Debug|x64.Build.0 = Debug|Any CPU
		{EA473E98-0091-4673-8690-3DB3E417BB1C}.Debug|x86.ActiveCfg = Debug|Any CPU
		{EA473E98-0091-4673-8690-3DB3E417BB1C}.Debug|x86.Build.0 = Debug|Any CPU
		{EA473E98-0091-4673-8690-3DB3E417BB1C}.Release|Any CPU.ActiveCfg = Release|Any CPU
		{EA473E98-0091-4673-8690-3DB3E417BB1C}.Release|Any CPU.Build.0 = Release|Any CPU
		{EA473E98-0091-4673-8690-3DB3E417BB1C}.Release|x64.ActiveCfg = Release|Any CPU
		{EA473E98-0091-4673-8690-3DB3E417BB1C}.Release|x64.Build.0 = Release|Any CPU
		{EA473E98-0091-4673-8690-3DB3E417BB1C}.Release|x86.ActiveCfg = Release|Any CPU
		{EA473E98-0091-4673-8690-3DB3E417BB1C}.Release|x86.Build.0 = Release|Any CPU
		{4ABCBB58-8BBB-4E30-8057-74E42E4333B1}.Debug|Any CPU.ActiveCfg = Debug|Any CPU
		{4ABCBB58-8BBB-4E30-8057-74E42E4333B1}.Debug|Any CPU.Build.0 = Debug|Any CPU
		{4ABCBB58-8BBB-4E30-8057-74E42E4333B1}.Debug|x64.ActiveCfg = Debug|Any CPU
		{4ABCBB58-8BBB-4E30-8057-74E42E4333B1}.Debug|x64.Build.0 = Debug|Any CPU
		{4ABCBB58-8BBB-4E30-8057-74E42E4333B1}.Debug|x86.ActiveCfg = Debug|Any CPU
		{4ABCBB58-8BBB-4E30-8057-74E42E4333B1}.Debug|x86.Build.0 = Debug|Any CPU
		{4ABCBB58-8BBB-4E30-8057-74E42E4333B1}.Release|Any CPU.ActiveCfg = Release|Any CPU
		{4ABCBB58-8BBB-4E30-8057-74E42E4333B1}.Release|Any CPU.Build.0 = Release|Any CPU
		{4ABCBB58-8BBB-4E30-8057-74E42E4333B1}.Release|x64.ActiveCfg = Release|Any CPU
		{4ABCBB58-8BBB-4E30-8057-74E42E4333B1}.Release|x64.Build.0 = Release|Any CPU
		{4ABCBB58-8BBB-4E30-8057-74E42E4333B1}.Release|x86.ActiveCfg = Release|Any CPU
		{4ABCBB58-8BBB-4E30-8057-74E42E4333B1}.Release|x86.Build.0 = Release|Any CPU
		{B5F16159-9157-4ABC-8DF7-8136A8E2AC1B}.Debug|Any CPU.ActiveCfg = Debug|Any CPU
		{B5F16159-9157-4ABC-8DF7-8136A8E2AC1B}.Debug|Any CPU.Build.0 = Debug|Any CPU
		{B5F16159-9157-4ABC-8DF7-8136A8E2AC1B}.Debug|x64.ActiveCfg = Debug|Any CPU
		{B5F16159-9157-4ABC-8DF7-8136A8E2AC1B}.Debug|x64.Build.0 = Debug|Any CPU
		{B5F16159-9157-4ABC-8DF7-8136A8E2AC1B}.Debug|x86.ActiveCfg = Debug|Any CPU
		{B5F16159-9157-4ABC-8DF7-8136A8E2AC1B}.Debug|x86.Build.0 = Debug|Any CPU
		{B5F16159-9157-4ABC-8DF7-8136A8E2AC1B}.Release|Any CPU.ActiveCfg = Release|Any CPU
		{B5F16159-9157-4ABC-8DF7-8136A8E2AC1B}.Release|Any CPU.Build.0 = Release|Any CPU
		{B5F16159-9157-4ABC-8DF7-8136A8E2AC1B}.Release|x64.ActiveCfg = Release|Any CPU
		{B5F16159-9157-4ABC-8DF7-8136A8E2AC1B}.Release|x64.Build.0 = Release|Any CPU
		{B5F16159-9157-4ABC-8DF7-8136A8E2AC1B}.Release|x86.ActiveCfg = Release|Any CPU
		{B5F16159-9157-4ABC-8DF7-8136A8E2AC1B}.Release|x86.Build.0 = Release|Any CPU
		{F42E140F-93F4-4E32-BDCA-6557B3ED10BB}.Debug|Any CPU.ActiveCfg = Debug|Any CPU
		{F42E140F-93F4-4E32-BDCA-6557B3ED10BB}.Debug|Any CPU.Build.0 = Debug|Any CPU
		{F42E140F-93F4-4E32-BDCA-6557B3ED10BB}.Debug|x64.ActiveCfg = Debug|Any CPU
		{F42E140F-93F4-4E32-BDCA-6557B3ED10BB}.Debug|x64.Build.0 = Debug|Any CPU
		{F42E140F-93F4-4E32-BDCA-6557B3ED10BB}.Debug|x86.ActiveCfg = Debug|Any CPU
		{F42E140F-93F4-4E32-BDCA-6557B3ED10BB}.Debug|x86.Build.0 = Debug|Any CPU
		{F42E140F-93F4-4E32-BDCA-6557B3ED10BB}.Release|Any CPU.ActiveCfg = Release|Any CPU
		{F42E140F-93F4-4E32-BDCA-6557B3ED10BB}.Release|Any CPU.Build.0 = Release|Any CPU
		{F42E140F-93F4-4E32-BDCA-6557B3ED10BB}.Release|x64.ActiveCfg = Release|Any CPU
		{F42E140F-93F4-4E32-BDCA-6557B3ED10BB}.Release|x64.Build.0 = Release|Any CPU
		{F42E140F-93F4-4E32-BDCA-6557B3ED10BB}.Release|x86.ActiveCfg = Release|Any CPU
		{F42E140F-93F4-4E32-BDCA-6557B3ED10BB}.Release|x86.Build.0 = Release|Any CPU
		{4EA782F5-DDBE-4702-9C72-79DFDB9D9C58}.Debug|Any CPU.ActiveCfg = Debug|Any CPU
		{4EA782F5-DDBE-4702-9C72-79DFDB9D9C58}.Debug|Any CPU.Build.0 = Debug|Any CPU
		{4EA782F5-DDBE-4702-9C72-79DFDB9D9C58}.Debug|x64.ActiveCfg = Debug|Any CPU
		{4EA782F5-DDBE-4702-9C72-79DFDB9D9C58}.Debug|x64.Build.0 = Debug|Any CPU
		{4EA782F5-DDBE-4702-9C72-79DFDB9D9C58}.Debug|x86.ActiveCfg = Debug|Any CPU
		{4EA782F5-DDBE-4702-9C72-79DFDB9D9C58}.Debug|x86.Build.0 = Debug|Any CPU
		{4EA782F5-DDBE-4702-9C72-79DFDB9D9C58}.Release|Any CPU.ActiveCfg = Release|Any CPU
		{4EA782F5-DDBE-4702-9C72-79DFDB9D9C58}.Release|Any CPU.Build.0 = Release|Any CPU
		{4EA782F5-DDBE-4702-9C72-79DFDB9D9C58}.Release|x64.ActiveCfg = Release|Any CPU
		{4EA782F5-DDBE-4702-9C72-79DFDB9D9C58}.Release|x64.Build.0 = Release|Any CPU
		{4EA782F5-DDBE-4702-9C72-79DFDB9D9C58}.Release|x86.ActiveCfg = Release|Any CPU
		{4EA782F5-DDBE-4702-9C72-79DFDB9D9C58}.Release|x86.Build.0 = Release|Any CPU
		{FFD26B4A-FC27-407C-AA76-8C067F79727D}.Debug|Any CPU.ActiveCfg = Debug|Any CPU
		{FFD26B4A-FC27-407C-AA76-8C067F79727D}.Debug|Any CPU.Build.0 = Debug|Any CPU
		{FFD26B4A-FC27-407C-AA76-8C067F79727D}.Debug|x64.ActiveCfg = Debug|Any CPU
		{FFD26B4A-FC27-407C-AA76-8C067F79727D}.Debug|x64.Build.0 = Debug|Any CPU
		{FFD26B4A-FC27-407C-AA76-8C067F79727D}.Debug|x86.ActiveCfg = Debug|Any CPU
		{FFD26B4A-FC27-407C-AA76-8C067F79727D}.Debug|x86.Build.0 = Debug|Any CPU
		{FFD26B4A-FC27-407C-AA76-8C067F79727D}.Release|Any CPU.ActiveCfg = Release|Any CPU
		{FFD26B4A-FC27-407C-AA76-8C067F79727D}.Release|Any CPU.Build.0 = Release|Any CPU
		{FFD26B4A-FC27-407C-AA76-8C067F79727D}.Release|x64.ActiveCfg = Release|Any CPU
		{FFD26B4A-FC27-407C-AA76-8C067F79727D}.Release|x64.Build.0 = Release|Any CPU
		{FFD26B4A-FC27-407C-AA76-8C067F79727D}.Release|x86.ActiveCfg = Release|Any CPU
		{FFD26B4A-FC27-407C-AA76-8C067F79727D}.Release|x86.Build.0 = Release|Any CPU
		{7B4367FB-0551-4730-86B0-932E67CAC88F}.Debug|Any CPU.ActiveCfg = Debug|Any CPU
		{7B4367FB-0551-4730-86B0-932E67CAC88F}.Debug|Any CPU.Build.0 = Debug|Any CPU
		{7B4367FB-0551-4730-86B0-932E67CAC88F}.Debug|x64.ActiveCfg = Debug|Any CPU
		{7B4367FB-0551-4730-86B0-932E67CAC88F}.Debug|x64.Build.0 = Debug|Any CPU
		{7B4367FB-0551-4730-86B0-932E67CAC88F}.Debug|x86.ActiveCfg = Debug|Any CPU
		{7B4367FB-0551-4730-86B0-932E67CAC88F}.Debug|x86.Build.0 = Debug|Any CPU
		{7B4367FB-0551-4730-86B0-932E67CAC88F}.Release|Any CPU.ActiveCfg = Release|Any CPU
		{7B4367FB-0551-4730-86B0-932E67CAC88F}.Release|Any CPU.Build.0 = Release|Any CPU
		{7B4367FB-0551-4730-86B0-932E67CAC88F}.Release|x64.ActiveCfg = Release|Any CPU
		{7B4367FB-0551-4730-86B0-932E67CAC88F}.Release|x64.Build.0 = Release|Any CPU
		{7B4367FB-0551-4730-86B0-932E67CAC88F}.Release|x86.ActiveCfg = Release|Any CPU
		{7B4367FB-0551-4730-86B0-932E67CAC88F}.Release|x86.Build.0 = Release|Any CPU
		{DDD1EA62-D414-4D4C-B23B-56A69ACEA975}.Debug|Any CPU.ActiveCfg = Debug|Any CPU
		{DDD1EA62-D414-4D4C-B23B-56A69ACEA975}.Debug|Any CPU.Build.0 = Debug|Any CPU
		{DDD1EA62-D414-4D4C-B23B-56A69ACEA975}.Debug|x64.ActiveCfg = Debug|Any CPU
		{DDD1EA62-D414-4D4C-B23B-56A69ACEA975}.Debug|x64.Build.0 = Debug|Any CPU
		{DDD1EA62-D414-4D4C-B23B-56A69ACEA975}.Debug|x86.ActiveCfg = Debug|Any CPU
		{DDD1EA62-D414-4D4C-B23B-56A69ACEA975}.Debug|x86.Build.0 = Debug|Any CPU
		{DDD1EA62-D414-4D4C-B23B-56A69ACEA975}.Release|Any CPU.ActiveCfg = Release|Any CPU
		{DDD1EA62-D414-4D4C-B23B-56A69ACEA975}.Release|Any CPU.Build.0 = Release|Any CPU
		{DDD1EA62-D414-4D4C-B23B-56A69ACEA975}.Release|x64.ActiveCfg = Release|Any CPU
		{DDD1EA62-D414-4D4C-B23B-56A69ACEA975}.Release|x64.Build.0 = Release|Any CPU
		{DDD1EA62-D414-4D4C-B23B-56A69ACEA975}.Release|x86.ActiveCfg = Release|Any CPU
		{DDD1EA62-D414-4D4C-B23B-56A69ACEA975}.Release|x86.Build.0 = Release|Any CPU
		{AFCACE79-CC6F-4C2F-98BB-B6CCC59DA8BF}.Debug|Any CPU.ActiveCfg = Debug|Any CPU
		{AFCACE79-CC6F-4C2F-98BB-B6CCC59DA8BF}.Debug|Any CPU.Build.0 = Debug|Any CPU
		{AFCACE79-CC6F-4C2F-98BB-B6CCC59DA8BF}.Debug|x64.ActiveCfg = Debug|Any CPU
		{AFCACE79-CC6F-4C2F-98BB-B6CCC59DA8BF}.Debug|x64.Build.0 = Debug|Any CPU
		{AFCACE79-CC6F-4C2F-98BB-B6CCC59DA8BF}.Debug|x86.ActiveCfg = Debug|Any CPU
		{AFCACE79-CC6F-4C2F-98BB-B6CCC59DA8BF}.Debug|x86.Build.0 = Debug|Any CPU
		{AFCACE79-CC6F-4C2F-98BB-B6CCC59DA8BF}.Release|Any CPU.ActiveCfg = Release|Any CPU
		{AFCACE79-CC6F-4C2F-98BB-B6CCC59DA8BF}.Release|Any CPU.Build.0 = Release|Any CPU
		{AFCACE79-CC6F-4C2F-98BB-B6CCC59DA8BF}.Release|x64.ActiveCfg = Release|Any CPU
		{AFCACE79-CC6F-4C2F-98BB-B6CCC59DA8BF}.Release|x64.Build.0 = Release|Any CPU
		{AFCACE79-CC6F-4C2F-98BB-B6CCC59DA8BF}.Release|x86.ActiveCfg = Release|Any CPU
		{AFCACE79-CC6F-4C2F-98BB-B6CCC59DA8BF}.Release|x86.Build.0 = Release|Any CPU
		{29A43EF2-4A38-4D3C-BF74-20721EC88752}.Debug|Any CPU.ActiveCfg = Debug|Any CPU
		{29A43EF2-4A38-4D3C-BF74-20721EC88752}.Debug|Any CPU.Build.0 = Debug|Any CPU
		{29A43EF2-4A38-4D3C-BF74-20721EC88752}.Debug|x64.ActiveCfg = Debug|Any CPU
		{29A43EF2-4A38-4D3C-BF74-20721EC88752}.Debug|x64.Build.0 = Debug|Any CPU
		{29A43EF2-4A38-4D3C-BF74-20721EC88752}.Debug|x86.ActiveCfg = Debug|Any CPU
		{29A43EF2-4A38-4D3C-BF74-20721EC88752}.Debug|x86.Build.0 = Debug|Any CPU
		{29A43EF2-4A38-4D3C-BF74-20721EC88752}.Release|Any CPU.ActiveCfg = Release|Any CPU
		{29A43EF2-4A38-4D3C-BF74-20721EC88752}.Release|Any CPU.Build.0 = Release|Any CPU
		{29A43EF2-4A38-4D3C-BF74-20721EC88752}.Release|x64.ActiveCfg = Release|Any CPU
		{29A43EF2-4A38-4D3C-BF74-20721EC88752}.Release|x64.Build.0 = Release|Any CPU
		{29A43EF2-4A38-4D3C-BF74-20721EC88752}.Release|x86.ActiveCfg = Release|Any CPU
		{29A43EF2-4A38-4D3C-BF74-20721EC88752}.Release|x86.Build.0 = Release|Any CPU
		{6B367EAD-3054-4920-9E3D-028FB8B286A6}.Debug|Any CPU.ActiveCfg = Debug|Any CPU
		{6B367EAD-3054-4920-9E3D-028FB8B286A6}.Debug|Any CPU.Build.0 = Debug|Any CPU
		{6B367EAD-3054-4920-9E3D-028FB8B286A6}.Debug|x64.ActiveCfg = Debug|Any CPU
		{6B367EAD-3054-4920-9E3D-028FB8B286A6}.Debug|x64.Build.0 = Debug|Any CPU
		{6B367EAD-3054-4920-9E3D-028FB8B286A6}.Debug|x86.ActiveCfg = Debug|Any CPU
		{6B367EAD-3054-4920-9E3D-028FB8B286A6}.Debug|x86.Build.0 = Debug|Any CPU
		{6B367EAD-3054-4920-9E3D-028FB8B286A6}.Release|Any CPU.ActiveCfg = Release|Any CPU
		{6B367EAD-3054-4920-9E3D-028FB8B286A6}.Release|Any CPU.Build.0 = Release|Any CPU
		{6B367EAD-3054-4920-9E3D-028FB8B286A6}.Release|x64.ActiveCfg = Release|Any CPU
		{6B367EAD-3054-4920-9E3D-028FB8B286A6}.Release|x64.Build.0 = Release|Any CPU
		{6B367EAD-3054-4920-9E3D-028FB8B286A6}.Release|x86.ActiveCfg = Release|Any CPU
		{6B367EAD-3054-4920-9E3D-028FB8B286A6}.Release|x86.Build.0 = Release|Any CPU
		{0BC5E228-5D6F-46DD-80BE-FBABA09C5D6A}.Debug|Any CPU.ActiveCfg = Debug|Any CPU
		{0BC5E228-5D6F-46DD-80BE-FBABA09C5D6A}.Debug|Any CPU.Build.0 = Debug|Any CPU
		{0BC5E228-5D6F-46DD-80BE-FBABA09C5D6A}.Debug|x64.ActiveCfg = Debug|Any CPU
		{0BC5E228-5D6F-46DD-80BE-FBABA09C5D6A}.Debug|x64.Build.0 = Debug|Any CPU
		{0BC5E228-5D6F-46DD-80BE-FBABA09C5D6A}.Debug|x86.ActiveCfg = Debug|Any CPU
		{0BC5E228-5D6F-46DD-80BE-FBABA09C5D6A}.Debug|x86.Build.0 = Debug|Any CPU
		{0BC5E228-5D6F-46DD-80BE-FBABA09C5D6A}.Release|Any CPU.ActiveCfg = Release|Any CPU
		{0BC5E228-5D6F-46DD-80BE-FBABA09C5D6A}.Release|Any CPU.Build.0 = Release|Any CPU
		{0BC5E228-5D6F-46DD-80BE-FBABA09C5D6A}.Release|x64.ActiveCfg = Release|Any CPU
		{0BC5E228-5D6F-46DD-80BE-FBABA09C5D6A}.Release|x64.Build.0 = Release|Any CPU
		{0BC5E228-5D6F-46DD-80BE-FBABA09C5D6A}.Release|x86.ActiveCfg = Release|Any CPU
		{0BC5E228-5D6F-46DD-80BE-FBABA09C5D6A}.Release|x86.Build.0 = Release|Any CPU
		{BE9F5A7D-8BB0-444C-9AB9-55F0365DDD05}.Debug|Any CPU.ActiveCfg = Debug|Any CPU
		{BE9F5A7D-8BB0-444C-9AB9-55F0365DDD05}.Debug|Any CPU.Build.0 = Debug|Any CPU
		{BE9F5A7D-8BB0-444C-9AB9-55F0365DDD05}.Debug|x64.ActiveCfg = Debug|Any CPU
		{BE9F5A7D-8BB0-444C-9AB9-55F0365DDD05}.Debug|x64.Build.0 = Debug|Any CPU
		{BE9F5A7D-8BB0-444C-9AB9-55F0365DDD05}.Debug|x86.ActiveCfg = Debug|Any CPU
		{BE9F5A7D-8BB0-444C-9AB9-55F0365DDD05}.Debug|x86.Build.0 = Debug|Any CPU
		{BE9F5A7D-8BB0-444C-9AB9-55F0365DDD05}.Release|Any CPU.ActiveCfg = Release|Any CPU
		{BE9F5A7D-8BB0-444C-9AB9-55F0365DDD05}.Release|Any CPU.Build.0 = Release|Any CPU
		{BE9F5A7D-8BB0-444C-9AB9-55F0365DDD05}.Release|x64.ActiveCfg = Release|Any CPU
		{BE9F5A7D-8BB0-444C-9AB9-55F0365DDD05}.Release|x64.Build.0 = Release|Any CPU
		{BE9F5A7D-8BB0-444C-9AB9-55F0365DDD05}.Release|x86.ActiveCfg = Release|Any CPU
		{BE9F5A7D-8BB0-444C-9AB9-55F0365DDD05}.Release|x86.Build.0 = Release|Any CPU
		{45500FA9-2054-4A91-88BA-1AC74218F78E}.Debug|Any CPU.ActiveCfg = Debug|Any CPU
		{45500FA9-2054-4A91-88BA-1AC74218F78E}.Debug|Any CPU.Build.0 = Debug|Any CPU
		{45500FA9-2054-4A91-88BA-1AC74218F78E}.Debug|x64.ActiveCfg = Debug|Any CPU
		{45500FA9-2054-4A91-88BA-1AC74218F78E}.Debug|x64.Build.0 = Debug|Any CPU
		{45500FA9-2054-4A91-88BA-1AC74218F78E}.Debug|x86.ActiveCfg = Debug|Any CPU
		{45500FA9-2054-4A91-88BA-1AC74218F78E}.Debug|x86.Build.0 = Debug|Any CPU
		{45500FA9-2054-4A91-88BA-1AC74218F78E}.Release|Any CPU.ActiveCfg = Release|Any CPU
		{45500FA9-2054-4A91-88BA-1AC74218F78E}.Release|Any CPU.Build.0 = Release|Any CPU
		{45500FA9-2054-4A91-88BA-1AC74218F78E}.Release|x64.ActiveCfg = Release|Any CPU
		{45500FA9-2054-4A91-88BA-1AC74218F78E}.Release|x64.Build.0 = Release|Any CPU
		{45500FA9-2054-4A91-88BA-1AC74218F78E}.Release|x86.ActiveCfg = Release|Any CPU
		{45500FA9-2054-4A91-88BA-1AC74218F78E}.Release|x86.Build.0 = Release|Any CPU
		{8A248423-88BA-48A1-B581-6ACB32C8753C}.Debug|Any CPU.ActiveCfg = Debug|Any CPU
		{8A248423-88BA-48A1-B581-6ACB32C8753C}.Debug|Any CPU.Build.0 = Debug|Any CPU
		{8A248423-88BA-48A1-B581-6ACB32C8753C}.Debug|x64.ActiveCfg = Debug|Any CPU
		{8A248423-88BA-48A1-B581-6ACB32C8753C}.Debug|x64.Build.0 = Debug|Any CPU
		{8A248423-88BA-48A1-B581-6ACB32C8753C}.Debug|x86.ActiveCfg = Debug|Any CPU
		{8A248423-88BA-48A1-B581-6ACB32C8753C}.Debug|x86.Build.0 = Debug|Any CPU
		{8A248423-88BA-48A1-B581-6ACB32C8753C}.Release|Any CPU.ActiveCfg = Release|Any CPU
		{8A248423-88BA-48A1-B581-6ACB32C8753C}.Release|Any CPU.Build.0 = Release|Any CPU
		{8A248423-88BA-48A1-B581-6ACB32C8753C}.Release|x64.ActiveCfg = Release|Any CPU
		{8A248423-88BA-48A1-B581-6ACB32C8753C}.Release|x64.Build.0 = Release|Any CPU
		{8A248423-88BA-48A1-B581-6ACB32C8753C}.Release|x86.ActiveCfg = Release|Any CPU
		{8A248423-88BA-48A1-B581-6ACB32C8753C}.Release|x86.Build.0 = Release|Any CPU
		{9A932605-77F4-4E1A-8AA9-718072CE7C95}.Debug|Any CPU.ActiveCfg = Debug|Any CPU
		{9A932605-77F4-4E1A-8AA9-718072CE7C95}.Debug|Any CPU.Build.0 = Debug|Any CPU
		{9A932605-77F4-4E1A-8AA9-718072CE7C95}.Debug|x64.ActiveCfg = Debug|Any CPU
		{9A932605-77F4-4E1A-8AA9-718072CE7C95}.Debug|x64.Build.0 = Debug|Any CPU
		{9A932605-77F4-4E1A-8AA9-718072CE7C95}.Debug|x86.ActiveCfg = Debug|Any CPU
		{9A932605-77F4-4E1A-8AA9-718072CE7C95}.Debug|x86.Build.0 = Debug|Any CPU
		{9A932605-77F4-4E1A-8AA9-718072CE7C95}.Release|Any CPU.ActiveCfg = Release|Any CPU
		{9A932605-77F4-4E1A-8AA9-718072CE7C95}.Release|Any CPU.Build.0 = Release|Any CPU
		{9A932605-77F4-4E1A-8AA9-718072CE7C95}.Release|x64.ActiveCfg = Release|Any CPU
		{9A932605-77F4-4E1A-8AA9-718072CE7C95}.Release|x64.Build.0 = Release|Any CPU
		{9A932605-77F4-4E1A-8AA9-718072CE7C95}.Release|x86.ActiveCfg = Release|Any CPU
		{9A932605-77F4-4E1A-8AA9-718072CE7C95}.Release|x86.Build.0 = Release|Any CPU
		{E760E0B6-3053-4148-BD2C-B80A834E99EE}.Debug|Any CPU.ActiveCfg = Debug|Any CPU
		{E760E0B6-3053-4148-BD2C-B80A834E99EE}.Debug|Any CPU.Build.0 = Debug|Any CPU
		{E760E0B6-3053-4148-BD2C-B80A834E99EE}.Debug|x64.ActiveCfg = Debug|Any CPU
		{E760E0B6-3053-4148-BD2C-B80A834E99EE}.Debug|x64.Build.0 = Debug|Any CPU
		{E760E0B6-3053-4148-BD2C-B80A834E99EE}.Debug|x86.ActiveCfg = Debug|Any CPU
		{E760E0B6-3053-4148-BD2C-B80A834E99EE}.Debug|x86.Build.0 = Debug|Any CPU
		{E760E0B6-3053-4148-BD2C-B80A834E99EE}.Release|Any CPU.ActiveCfg = Release|Any CPU
		{E760E0B6-3053-4148-BD2C-B80A834E99EE}.Release|Any CPU.Build.0 = Release|Any CPU
		{E760E0B6-3053-4148-BD2C-B80A834E99EE}.Release|x64.ActiveCfg = Release|Any CPU
		{E760E0B6-3053-4148-BD2C-B80A834E99EE}.Release|x64.Build.0 = Release|Any CPU
		{E760E0B6-3053-4148-BD2C-B80A834E99EE}.Release|x86.ActiveCfg = Release|Any CPU
		{E760E0B6-3053-4148-BD2C-B80A834E99EE}.Release|x86.Build.0 = Release|Any CPU
		{913478A5-B729-4B88-93A0-1B117E1DD581}.Debug|Any CPU.ActiveCfg = Debug|Any CPU
		{913478A5-B729-4B88-93A0-1B117E1DD581}.Debug|Any CPU.Build.0 = Debug|Any CPU
		{913478A5-B729-4B88-93A0-1B117E1DD581}.Debug|x64.ActiveCfg = Debug|Any CPU
		{913478A5-B729-4B88-93A0-1B117E1DD581}.Debug|x64.Build.0 = Debug|Any CPU
		{913478A5-B729-4B88-93A0-1B117E1DD581}.Debug|x86.ActiveCfg = Debug|Any CPU
		{913478A5-B729-4B88-93A0-1B117E1DD581}.Debug|x86.Build.0 = Debug|Any CPU
		{913478A5-B729-4B88-93A0-1B117E1DD581}.Release|Any CPU.ActiveCfg = Release|Any CPU
		{913478A5-B729-4B88-93A0-1B117E1DD581}.Release|Any CPU.Build.0 = Release|Any CPU
		{913478A5-B729-4B88-93A0-1B117E1DD581}.Release|x64.ActiveCfg = Release|Any CPU
		{913478A5-B729-4B88-93A0-1B117E1DD581}.Release|x64.Build.0 = Release|Any CPU
		{913478A5-B729-4B88-93A0-1B117E1DD581}.Release|x86.ActiveCfg = Release|Any CPU
		{913478A5-B729-4B88-93A0-1B117E1DD581}.Release|x86.Build.0 = Release|Any CPU
	EndGlobalSection
	GlobalSection(SolutionProperties) = preSolution
		HideSolutionNode = FALSE
	EndGlobalSection
	GlobalSection(NestedProjects) = preSolution
		{93844438-F30C-47C0-92B7-30344910D394} = {FBF56CC3-7AE6-AD2D-3F14-7F97FD322CD6}
		{E70C2CAC-B5E2-4AB0-83BD-AD3AE01DA474} = {FBF56CC3-7AE6-AD2D-3F14-7F97FD322CD6}
		{5E1720F5-9D81-41B6-AB6B-519BB288E1D2} = {FBF56CC3-7AE6-AD2D-3F14-7F97FD322CD6}
		{B4EE2C60-AD94-483A-9E2E-9BCBD058299F} = {FBF56CC3-7AE6-AD2D-3F14-7F97FD322CD6}
		{8CA85C49-7013-4244-B1B7-5F105E3BE487} = {FBF56CC3-7AE6-AD2D-3F14-7F97FD322CD6}
		{090ECE55-9C9A-43C7-8D60-C675E19E57E3} = {FBF56CC3-7AE6-AD2D-3F14-7F97FD322CD6}
		{193525A6-79A1-4C11-85FA-CD5EC9BC1142} = {FBF56CC3-7AE6-AD2D-3F14-7F97FD322CD6}
		{316F8D1B-FA8D-4142-8E79-14C0E44754AE} = {FBF56CC3-7AE6-AD2D-3F14-7F97FD322CD6}
		{9A9FA331-CED5-4F41-B7AD-C0C395829868} = {FBF56CC3-7AE6-AD2D-3F14-7F97FD322CD6}
		{2F5A0AF6-9101-450C-B8C4-A4F93157E6F7} = {FBF56CC3-7AE6-AD2D-3F14-7F97FD322CD6}
		{E24CA9EA-DFF6-4B4D-8141-B56FD8B695AB} = {FBF56CC3-7AE6-AD2D-3F14-7F97FD322CD6}
		{F54EF77A-38CE-A906-3148-D95B2D24BFF5} = {818C88C3-78F7-4D5F-A3B5-E77479E64C95}
		{A759902B-7B51-4DA9-9A04-8025CD7928D6} = {F54EF77A-38CE-A906-3148-D95B2D24BFF5}
		{50477E06-7E03-48A9-AE7F-635AB6770AE3} = {F54EF77A-38CE-A906-3148-D95B2D24BFF5}
		{CDF8114E-6264-4695-8CCD-3AD894F8BF6F} = {F54EF77A-38CE-A906-3148-D95B2D24BFF5}
		{3B4417A2-240D-44C5-ACA6-640A4BD39E05} = {F54EF77A-38CE-A906-3148-D95B2D24BFF5}
		{13BE91C6-3C9D-45DB-87E9-D4796D838804} = {F54EF77A-38CE-A906-3148-D95B2D24BFF5}
		{879944FD-9882-4D89-BE38-D387BC062EBF} = {F54EF77A-38CE-A906-3148-D95B2D24BFF5}
		{68956A63-90B9-42B5-BC92-F609663B0203} = {F54EF77A-38CE-A906-3148-D95B2D24BFF5}
		{07ED51E3-05D7-4BFC-9003-A2CEF34410D9} = {F54EF77A-38CE-A906-3148-D95B2D24BFF5}
		{3BDE1D83-F220-4EA7-B839-A142FC655AD6} = {F54EF77A-38CE-A906-3148-D95B2D24BFF5}
		{F2FACF3B-7D30-4DB5-9F28-CE19105FDEFE} = {F54EF77A-38CE-A906-3148-D95B2D24BFF5}
		{62D3A392-DE78-B01B-6FE2-543B5A3B64EF} = {818C88C3-78F7-4D5F-A3B5-E77479E64C95}
		{EA473E98-0091-4673-8690-3DB3E417BB1C} = {62D3A392-DE78-B01B-6FE2-543B5A3B64EF}
		{4ABCBB58-8BBB-4E30-8057-74E42E4333B1} = {62D3A392-DE78-B01B-6FE2-543B5A3B64EF}
		{B5F16159-9157-4ABC-8DF7-8136A8E2AC1B} = {62D3A392-DE78-B01B-6FE2-543B5A3B64EF}
		{F42E140F-93F4-4E32-BDCA-6557B3ED10BB} = {62D3A392-DE78-B01B-6FE2-543B5A3B64EF}
		{4EA782F5-DDBE-4702-9C72-79DFDB9D9C58} = {62D3A392-DE78-B01B-6FE2-543B5A3B64EF}
		{FFD26B4A-FC27-407C-AA76-8C067F79727D} = {62D3A392-DE78-B01B-6FE2-543B5A3B64EF}
		{7B4367FB-0551-4730-86B0-932E67CAC88F} = {62D3A392-DE78-B01B-6FE2-543B5A3B64EF}
		{DDD1EA62-D414-4D4C-B23B-56A69ACEA975} = {62D3A392-DE78-B01B-6FE2-543B5A3B64EF}
		{CE99858F-6413-ADB7-F81D-698515E9799A} = {AE579FDE-7AC8-4B55-BE33-9FE07A2CBED2}
		{AFCACE79-CC6F-4C2F-98BB-B6CCC59DA8BF} = {CE99858F-6413-ADB7-F81D-698515E9799A}
		{26322C59-6A7E-78E8-35C3-3245D0F3BF09} = {AE579FDE-7AC8-4B55-BE33-9FE07A2CBED2}
		{29A43EF2-4A38-4D3C-BF74-20721EC88752} = {26322C59-6A7E-78E8-35C3-3245D0F3BF09}
		{76CD4A3A-41DA-5F03-8993-1A7DC92B5AD4} = {AE579FDE-7AC8-4B55-BE33-9FE07A2CBED2}
		{6B367EAD-3054-4920-9E3D-028FB8B286A6} = {76CD4A3A-41DA-5F03-8993-1A7DC92B5AD4}
		{06194DD1-4B1C-9C5F-0A91-E543EBC9FA7A} = {AE579FDE-7AC8-4B55-BE33-9FE07A2CBED2}
		{0BC5E228-5D6F-46DD-80BE-FBABA09C5D6A} = {06194DD1-4B1C-9C5F-0A91-E543EBC9FA7A}
		{7BD47B9D-963C-C9A9-BA11-511A72CE0472} = {AE579FDE-7AC8-4B55-BE33-9FE07A2CBED2}
		{BE9F5A7D-8BB0-444C-9AB9-55F0365DDD05} = {7BD47B9D-963C-C9A9-BA11-511A72CE0472}
		{1CBBE727-0D15-4AAF-BE7A-A5498CA8F3C0} = {818C88C3-78F7-4D5F-A3B5-E77479E64C95}
		{8A248423-88BA-48A1-B581-6ACB32C8753C} = {1CBBE727-0D15-4AAF-BE7A-A5498CA8F3C0}
		{45500FA9-2054-4A91-88BA-1AC74218F78E} = {1CBBE727-0D15-4AAF-BE7A-A5498CA8F3C0}
		{9A932605-77F4-4E1A-8AA9-718072CE7C95} = {2E29DBD8-F871-4D63-8CE4-09E0142AD57C}
		{E760E0B6-3053-4148-BD2C-B80A834E99EE} = {2E29DBD8-F871-4D63-8CE4-09E0142AD57C}
		{913478A5-B729-4B88-93A0-1B117E1DD581} = {2E29DBD8-F871-4D63-8CE4-09E0142AD57C}
	EndGlobalSection
EndGlobal
