
Microsoft Visual Studio Solution File, Format Version 12.00
# Visual Studio Version 17
VisualStudioVersion = 17.0.31903.59
MinimumVisualStudioVersion = 10.0.40219.1
Project("{2150E333-8FDC-42A3-9474-1A3956D46DE8}") = "Core", "Core", "{FBF56CC3-7AE6-AD2D-3F14-7F97FD322CD6}"
EndProject
Project("{FAE04EC0-301F-11D3-BF4B-00C04F79EFBC}") = "Umbraco.AI", "Umbraco.AI\src\Umbraco.AI\Umbraco.AI.csproj", "{D0AD3B68-90C6-4252-9A42-AA669850CA50}"
EndProject
Project("{FAE04EC0-301F-11D3-BF4B-00C04F79EFBC}") = "Umbraco.AI.Startup", "Umbraco.AI\src\Umbraco.AI.Startup\Umbraco.AI.Startup.csproj", "{CA46E78D-E44F-4B4F-BB8B-7C9D7D4C092D}"
EndProject
Project("{FAE04EC0-301F-11D3-BF4B-00C04F79EFBC}") = "Umbraco.AI.Core", "Umbraco.AI\src\Umbraco.AI.Core\Umbraco.AI.Core.csproj", "{36D40150-92F7-4595-86E3-F918ABD5C748}"
EndProject
Project("{FAE04EC0-301F-11D3-BF4B-00C04F79EFBC}") = "Umbraco.AI.Persistence", "Umbraco.AI\src\Umbraco.AI.Persistence\Umbraco.AI.Persistence.csproj", "{0A91F725-94CE-44C0-9454-72E434F76D8B}"
EndProject
Project("{FAE04EC0-301F-11D3-BF4B-00C04F79EFBC}") = "Umbraco.AI.Persistence.SqlServer", "Umbraco.AI\src\Umbraco.AI.Persistence.SqlServer\Umbraco.AI.Persistence.SqlServer.csproj", "{A658F541-D3F9-499C-8328-521160C1F36A}"
EndProject
Project("{FAE04EC0-301F-11D3-BF4B-00C04F79EFBC}") = "Umbraco.AI.Persistence.Sqlite", "Umbraco.AI\src\Umbraco.AI.Persistence.Sqlite\Umbraco.AI.Persistence.Sqlite.csproj", "{BB070ACA-B78D-4F3B-A407-3536FF213A1A}"
EndProject
Project("{FAE04EC0-301F-11D3-BF4B-00C04F79EFBC}") = "Umbraco.AI.Web", "Umbraco.AI\src\Umbraco.AI.Web\Umbraco.AI.Web.csproj", "{D2D3828B-2F87-4A33-9ACD-B87A336F9256}"
EndProject
Project("{FAE04EC0-301F-11D3-BF4B-00C04F79EFBC}") = "Umbraco.AI.Web.StaticAssets", "Umbraco.AI\src\Umbraco.AI.Web.StaticAssets\Umbraco.AI.Web.StaticAssets.csproj", "{B4907763-A7C1-4A18-BD46-4B55DBDD7F57}"
EndProject
Project("{2150E333-8FDC-42A3-9474-1A3956D46DE8}") = "OpenAI", "OpenAI", "{B0996F39-FFF0-BAE3-2C76-1D4AE77C7BAA}"
EndProject
Project("{FAE04EC0-301F-11D3-BF4B-00C04F79EFBC}") = "Umbraco.AI.OpenAI", "Umbraco.AI.OpenAI\src\Umbraco.AI.OpenAI\Umbraco.AI.OpenAI.csproj", "{BE36CFFC-3CC6-4C95-AD6C-B714C1497F9A}"
EndProject
Project("{2150E333-8FDC-42A3-9474-1A3956D46DE8}") = "Prompt", "Prompt", "{0ACD37A2-5DF0-8AEB-D5B0-21B3A2775CAB}"
EndProject
Project("{FAE04EC0-301F-11D3-BF4B-00C04F79EFBC}") = "Umbraco.AI.Prompt", "Umbraco.AI.Prompt\src\Umbraco.AI.Prompt\Umbraco.AI.Prompt.csproj", "{37539022-BF9A-4943-AE34-C518E1CE6285}"
EndProject
Project("{FAE04EC0-301F-11D3-BF4B-00C04F79EFBC}") = "Umbraco.AI.Prompt.Core", "Umbraco.AI.Prompt\src\Umbraco.AI.Prompt.Core\Umbraco.AI.Prompt.Core.csproj", "{292BB4BE-C4CE-4768-9565-5AEC4DC132AF}"
EndProject
Project("{FAE04EC0-301F-11D3-BF4B-00C04F79EFBC}") = "Umbraco.AI.Prompt.Persistence", "Umbraco.AI.Prompt\src\Umbraco.AI.Prompt.Persistence\Umbraco.AI.Prompt.Persistence.csproj", "{742B7794-CAEF-47AC-8E35-A4DA71556A30}"
EndProject
Project("{FAE04EC0-301F-11D3-BF4B-00C04F79EFBC}") = "Umbraco.AI.Prompt.Persistence.Sqlite", "Umbraco.AI.Prompt\src\Umbraco.AI.Prompt.Persistence.Sqlite\Umbraco.AI.Prompt.Persistence.Sqlite.csproj", "{9D077F07-6EB2-4827-B063-963D64C3B92E}"
EndProject
Project("{FAE04EC0-301F-11D3-BF4B-00C04F79EFBC}") = "Umbraco.AI.Prompt.Persistence.SqlServer", "Umbraco.AI.Prompt\src\Umbraco.AI.Prompt.Persistence.SqlServer\Umbraco.AI.Prompt.Persistence.SqlServer.csproj", "{85516A87-1881-4117-9B96-CFB87940A391}"
EndProject
Project("{FAE04EC0-301F-11D3-BF4B-00C04F79EFBC}") = "Umbraco.AI.Prompt.Startup", "Umbraco.AI.Prompt\src\Umbraco.AI.Prompt.Startup\Umbraco.AI.Prompt.Startup.csproj", "{387C5766-A045-462C-A3F5-82BFA5D67277}"
EndProject
Project("{FAE04EC0-301F-11D3-BF4B-00C04F79EFBC}") = "Umbraco.AI.Prompt.Web", "Umbraco.AI.Prompt\src\Umbraco.AI.Prompt.Web\Umbraco.AI.Prompt.Web.csproj", "{ACA8FE44-FEA3-403A-80C4-2D6F7203B766}"
EndProject
Project("{FAE04EC0-301F-11D3-BF4B-00C04F79EFBC}") = "Umbraco.AI.Prompt.Web.StaticAssets", "Umbraco.AI.Prompt\src\Umbraco.AI.Prompt.Web.StaticAssets\Umbraco.AI.Prompt.Web.StaticAssets.csproj", "{BB00C384-E4A0-4B4E-89EC-C501C8CCDAD7}"
EndProject
Project("{2150E333-8FDC-42A3-9474-1A3956D46DE8}") = "Agent", "Agent", "{A0596E84-2522-6F31-0F43-77167BFA80D0}"
EndProject
Project("{FAE04EC0-301F-11D3-BF4B-00C04F79EFBC}") = "Umbraco.AI.Agent", "Umbraco.AI.Agent\src\Umbraco.AI.Agent\Umbraco.AI.Agent.csproj", "{FEA45FB7-E29A-450C-A347-F15DD1193A93}"
EndProject
Project("{FAE04EC0-301F-11D3-BF4B-00C04F79EFBC}") = "Umbraco.AI.Agent.Core", "Umbraco.AI.Agent\src\Umbraco.AI.Agent.Core\Umbraco.AI.Agent.Core.csproj", "{47EBB23A-DBCD-4218-AD0D-5B3C14987D5F}"
EndProject
Project("{FAE04EC0-301F-11D3-BF4B-00C04F79EFBC}") = "Umbraco.AI.AGUI", "Umbraco.AI.Agent\src\Umbraco.AI.AGUI\Umbraco.AI.AGUI.csproj", "{F1CFC7D3-DC3E-4754-8C82-991E66D94615}"
EndProject
Project("{FAE04EC0-301F-11D3-BF4B-00C04F79EFBC}") = "Umbraco.AI.Agent.Persistence", "Umbraco.AI.Agent\src\Umbraco.AI.Agent.Persistence\Umbraco.AI.Agent.Persistence.csproj", "{C5896BB6-0113-4265-BECB-B51156D176DA}"
EndProject
Project("{FAE04EC0-301F-11D3-BF4B-00C04F79EFBC}") = "Umbraco.AI.Agent.Persistence.Sqlite", "Umbraco.AI.Agent\src\Umbraco.AI.Agent.Persistence.Sqlite\Umbraco.AI.Agent.Persistence.Sqlite.csproj", "{8D889B98-ADC2-4CA7-BEF6-5DA056D49F84}"
EndProject
Project("{FAE04EC0-301F-11D3-BF4B-00C04F79EFBC}") = "Umbraco.AI.Agent.Persistence.SqlServer", "Umbraco.AI.Agent\src\Umbraco.AI.Agent.Persistence.SqlServer\Umbraco.AI.Agent.Persistence.SqlServer.csproj", "{57C3562F-336C-4582-BF65-01D965E188B2}"
EndProject
Project("{FAE04EC0-301F-11D3-BF4B-00C04F79EFBC}") = "Umbraco.AI.Agent.Startup", "Umbraco.AI.Agent\src\Umbraco.AI.Agent.Startup\Umbraco.AI.Agent.Startup.csproj", "{8D6DB4F1-8D81-4B92-8E3A-C2C16778CC5E}"
EndProject
Project("{FAE04EC0-301F-11D3-BF4B-00C04F79EFBC}") = "Umbraco.AI.Agent.Web", "Umbraco.AI.Agent\src\Umbraco.AI.Agent.Web\Umbraco.AI.Agent.Web.csproj", "{7EA8A486-B959-4559-AAFD-9EF4F15D5B6D}"
EndProject
Project("{FAE04EC0-301F-11D3-BF4B-00C04F79EFBC}") = "Umbraco.AI.Agent.Web.StaticAssets", "Umbraco.AI.Agent\src\Umbraco.AI.Agent.Web.StaticAssets\Umbraco.AI.Agent.Web.StaticAssets.csproj", "{0232AAC0-BA51-4C73-B831-05A0CC613A4D}"
EndProject
Project("{2150E333-8FDC-42A3-9474-1A3956D46DE8}") = "Copilot", "Copilot", "{4AB141FB-BD8F-6214-233C-076893131197}"
EndProject
Project("{FAE04EC0-301F-11D3-BF4B-00C04F79EFBC}") = "Umbraco.AI.Agent.Copilot", "Umbraco.AI.Agent.Copilot\src\Umbraco.AI.Agent.Copilot\Umbraco.AI.Agent.Copilot.csproj", "{2A78A524-54AC-491A-B405-4450E784CD59}"
EndProject
Project("{2150E333-8FDC-42A3-9474-1A3956D46DE8}") = "Anthropic", "Anthropic", "{EC5FB17F-0D88-F340-4CE5-0D559A6DFF9C}"
EndProject
Project("{FAE04EC0-301F-11D3-BF4B-00C04F79EFBC}") = "Umbraco.AI.Anthropic", "Umbraco.AI.Anthropic\src\Umbraco.AI.Anthropic\Umbraco.AI.Anthropic.csproj", "{BC30EB5F-D53F-4AA2-9D34-A15AE30097FF}"
EndProject
Project("{2150E333-8FDC-42A3-9474-1A3956D46DE8}") = "MicrosoftFoundry", "MicrosoftFoundry", "{F6EE535E-C2C8-3085-0E1D-506595A2B989}"
EndProject
Project("{FAE04EC0-301F-11D3-BF4B-00C04F79EFBC}") = "Umbraco.AI.MicrosoftFoundry", "Umbraco.AI.MicrosoftFoundry\src\Umbraco.AI.MicrosoftFoundry\Umbraco.AI.MicrosoftFoundry.csproj", "{2AB02E50-9AA9-4657-88B1-BA78DAEBDE4C}"
EndProject
Project("{2150E333-8FDC-42A3-9474-1A3956D46DE8}") = "Google", "Google", "{6396DD8B-E9E5-FBDE-ADC8-0EA7112A141A}"
EndProject
Project("{FAE04EC0-301F-11D3-BF4B-00C04F79EFBC}") = "Umbraco.AI.Google", "Umbraco.AI.Google\src\Umbraco.AI.Google\Umbraco.AI.Google.csproj", "{78D0AD31-BD1C-4939-94EE-9AAA919F02D8}"
EndProject
Project("{2150E333-8FDC-42A3-9474-1A3956D46DE8}") = "Amazon", "Amazon", "{ABDCA76E-9A56-94C8-CB8E-2243BAFEC3F8}"
EndProject
Project("{FAE04EC0-301F-11D3-BF4B-00C04F79EFBC}") = "Umbraco.AI.Amazon", "Umbraco.AI.Amazon\src\Umbraco.AI.Amazon\Umbraco.AI.Amazon.csproj", "{297BC779-68CC-4904-8089-7D0CA15A21F8}"
EndProject
Project("{2150E333-8FDC-42A3-9474-1A3956D46DE8}") = "Demo", "Demo", "{A39C23D2-F2C0-258D-165A-CF1E7FEE6E7B}"
EndProject
Project("{FAE04EC0-301F-11D3-BF4B-00C04F79EFBC}") = "Umbraco.AI.DemoSite", "demo\Umbraco.AI.DemoSite\Umbraco.AI.DemoSite.csproj", "{B0E720C6-4C52-4470-8BB5-6D4AA082CAC8}"
EndProject
Project("{2150E333-8FDC-42A3-9474-1A3956D46DE8}") = "Providers", "Providers", "{9D74DF50-E606-43D0-9964-7D8914AF70B3}"
EndProject
Project("{2150E333-8FDC-42A3-9474-1A3956D46DE8}") = "AddOns", "AddOns", "{68ECD91A-F35F-4FC0-9BFB-850313906C96}"
EndProject
Project("{FAE04EC0-301F-11D3-BF4B-00C04F79EFBC}") = "Umbraco.AI.Agent.UI", "Umbraco.AI.Agent.UI\src\Umbraco.AI.Agent.UI\Umbraco.AI.Agent.UI.csproj", "{08B2B655-9A71-4778-B5FA-B05F1E596982}"
EndProject
Project("{2150E333-8FDC-42A3-9474-1A3956D46DE8}") = "Deploy", "Deploy", "{DCECB95D-A93C-46DC-A62C-747E21569926}"
EndProject
Project("{FAE04EC0-301F-11D3-BF4B-00C04F79EFBC}") = "Umbraco.AI.Deploy", "Umbraco.AI.Deploy\src\Umbraco.AI.Deploy\Umbraco.AI.Deploy.csproj", "{64A4564E-895D-408C-9602-85C2847844C7}"
EndProject
Project("{FAE04EC0-301F-11D3-BF4B-00C04F79EFBC}") = "Umbraco.AI.Agent.Deploy", "Umbraco.AI.Agent.Deploy\src\Umbraco.AI.Agent.Deploy\Umbraco.AI.Agent.Deploy.csproj", "{AC4DE840-F658-49CA-A94A-64863DDAC54F}"
EndProject
Project("{FAE04EC0-301F-11D3-BF4B-00C04F79EFBC}") = "Umbraco.AI.Prompt.Deploy", "Umbraco.AI.Prompt.Deploy\src\Umbraco.AI.Prompt.Deploy\Umbraco.AI.Prompt.Deploy.csproj", "{3188BD4F-C938-430C-AC5E-7C528795D0BD}"
EndProject
Global
	GlobalSection(SolutionConfigurationPlatforms) = preSolution
		Debug|Any CPU = Debug|Any CPU
		Debug|x64 = Debug|x64
		Debug|x86 = Debug|x86
		Release|Any CPU = Release|Any CPU
		Release|x64 = Release|x64
		Release|x86 = Release|x86
	EndGlobalSection
	GlobalSection(ProjectConfigurationPlatforms) = postSolution
		{D0AD3B68-90C6-4252-9A42-AA669850CA50}.Debug|Any CPU.ActiveCfg = Debug|Any CPU
		{D0AD3B68-90C6-4252-9A42-AA669850CA50}.Debug|Any CPU.Build.0 = Debug|Any CPU
		{D0AD3B68-90C6-4252-9A42-AA669850CA50}.Debug|x64.ActiveCfg = Debug|Any CPU
		{D0AD3B68-90C6-4252-9A42-AA669850CA50}.Debug|x64.Build.0 = Debug|Any CPU
		{D0AD3B68-90C6-4252-9A42-AA669850CA50}.Debug|x86.ActiveCfg = Debug|Any CPU
		{D0AD3B68-90C6-4252-9A42-AA669850CA50}.Debug|x86.Build.0 = Debug|Any CPU
		{D0AD3B68-90C6-4252-9A42-AA669850CA50}.Release|Any CPU.ActiveCfg = Release|Any CPU
		{D0AD3B68-90C6-4252-9A42-AA669850CA50}.Release|Any CPU.Build.0 = Release|Any CPU
		{D0AD3B68-90C6-4252-9A42-AA669850CA50}.Release|x64.ActiveCfg = Release|Any CPU
		{D0AD3B68-90C6-4252-9A42-AA669850CA50}.Release|x64.Build.0 = Release|Any CPU
		{D0AD3B68-90C6-4252-9A42-AA669850CA50}.Release|x86.ActiveCfg = Release|Any CPU
		{D0AD3B68-90C6-4252-9A42-AA669850CA50}.Release|x86.Build.0 = Release|Any CPU
		{CA46E78D-E44F-4B4F-BB8B-7C9D7D4C092D}.Debug|Any CPU.ActiveCfg = Debug|Any CPU
		{CA46E78D-E44F-4B4F-BB8B-7C9D7D4C092D}.Debug|Any CPU.Build.0 = Debug|Any CPU
		{CA46E78D-E44F-4B4F-BB8B-7C9D7D4C092D}.Debug|x64.ActiveCfg = Debug|Any CPU
		{CA46E78D-E44F-4B4F-BB8B-7C9D7D4C092D}.Debug|x64.Build.0 = Debug|Any CPU
		{CA46E78D-E44F-4B4F-BB8B-7C9D7D4C092D}.Debug|x86.ActiveCfg = Debug|Any CPU
		{CA46E78D-E44F-4B4F-BB8B-7C9D7D4C092D}.Debug|x86.Build.0 = Debug|Any CPU
		{CA46E78D-E44F-4B4F-BB8B-7C9D7D4C092D}.Release|Any CPU.ActiveCfg = Release|Any CPU
		{CA46E78D-E44F-4B4F-BB8B-7C9D7D4C092D}.Release|Any CPU.Build.0 = Release|Any CPU
		{CA46E78D-E44F-4B4F-BB8B-7C9D7D4C092D}.Release|x64.ActiveCfg = Release|Any CPU
		{CA46E78D-E44F-4B4F-BB8B-7C9D7D4C092D}.Release|x64.Build.0 = Release|Any CPU
		{CA46E78D-E44F-4B4F-BB8B-7C9D7D4C092D}.Release|x86.ActiveCfg = Release|Any CPU
		{CA46E78D-E44F-4B4F-BB8B-7C9D7D4C092D}.Release|x86.Build.0 = Release|Any CPU
		{36D40150-92F7-4595-86E3-F918ABD5C748}.Debug|Any CPU.ActiveCfg = Debug|Any CPU
		{36D40150-92F7-4595-86E3-F918ABD5C748}.Debug|Any CPU.Build.0 = Debug|Any CPU
		{36D40150-92F7-4595-86E3-F918ABD5C748}.Debug|x64.ActiveCfg = Debug|Any CPU
		{36D40150-92F7-4595-86E3-F918ABD5C748}.Debug|x64.Build.0 = Debug|Any CPU
		{36D40150-92F7-4595-86E3-F918ABD5C748}.Debug|x86.ActiveCfg = Debug|Any CPU
		{36D40150-92F7-4595-86E3-F918ABD5C748}.Debug|x86.Build.0 = Debug|Any CPU
		{36D40150-92F7-4595-86E3-F918ABD5C748}.Release|Any CPU.ActiveCfg = Release|Any CPU
		{36D40150-92F7-4595-86E3-F918ABD5C748}.Release|Any CPU.Build.0 = Release|Any CPU
		{36D40150-92F7-4595-86E3-F918ABD5C748}.Release|x64.ActiveCfg = Release|Any CPU
		{36D40150-92F7-4595-86E3-F918ABD5C748}.Release|x64.Build.0 = Release|Any CPU
		{36D40150-92F7-4595-86E3-F918ABD5C748}.Release|x86.ActiveCfg = Release|Any CPU
		{36D40150-92F7-4595-86E3-F918ABD5C748}.Release|x86.Build.0 = Release|Any CPU
		{0A91F725-94CE-44C0-9454-72E434F76D8B}.Debug|Any CPU.ActiveCfg = Debug|Any CPU
		{0A91F725-94CE-44C0-9454-72E434F76D8B}.Debug|Any CPU.Build.0 = Debug|Any CPU
		{0A91F725-94CE-44C0-9454-72E434F76D8B}.Debug|x64.ActiveCfg = Debug|Any CPU
		{0A91F725-94CE-44C0-9454-72E434F76D8B}.Debug|x64.Build.0 = Debug|Any CPU
		{0A91F725-94CE-44C0-9454-72E434F76D8B}.Debug|x86.ActiveCfg = Debug|Any CPU
		{0A91F725-94CE-44C0-9454-72E434F76D8B}.Debug|x86.Build.0 = Debug|Any CPU
		{0A91F725-94CE-44C0-9454-72E434F76D8B}.Release|Any CPU.ActiveCfg = Release|Any CPU
		{0A91F725-94CE-44C0-9454-72E434F76D8B}.Release|Any CPU.Build.0 = Release|Any CPU
		{0A91F725-94CE-44C0-9454-72E434F76D8B}.Release|x64.ActiveCfg = Release|Any CPU
		{0A91F725-94CE-44C0-9454-72E434F76D8B}.Release|x64.Build.0 = Release|Any CPU
		{0A91F725-94CE-44C0-9454-72E434F76D8B}.Release|x86.ActiveCfg = Release|Any CPU
		{0A91F725-94CE-44C0-9454-72E434F76D8B}.Release|x86.Build.0 = Release|Any CPU
		{A658F541-D3F9-499C-8328-521160C1F36A}.Debug|Any CPU.ActiveCfg = Debug|Any CPU
		{A658F541-D3F9-499C-8328-521160C1F36A}.Debug|Any CPU.Build.0 = Debug|Any CPU
		{A658F541-D3F9-499C-8328-521160C1F36A}.Debug|x64.ActiveCfg = Debug|Any CPU
		{A658F541-D3F9-499C-8328-521160C1F36A}.Debug|x64.Build.0 = Debug|Any CPU
		{A658F541-D3F9-499C-8328-521160C1F36A}.Debug|x86.ActiveCfg = Debug|Any CPU
		{A658F541-D3F9-499C-8328-521160C1F36A}.Debug|x86.Build.0 = Debug|Any CPU
		{A658F541-D3F9-499C-8328-521160C1F36A}.Release|Any CPU.ActiveCfg = Release|Any CPU
		{A658F541-D3F9-499C-8328-521160C1F36A}.Release|Any CPU.Build.0 = Release|Any CPU
		{A658F541-D3F9-499C-8328-521160C1F36A}.Release|x64.ActiveCfg = Release|Any CPU
		{A658F541-D3F9-499C-8328-521160C1F36A}.Release|x64.Build.0 = Release|Any CPU
		{A658F541-D3F9-499C-8328-521160C1F36A}.Release|x86.ActiveCfg = Release|Any CPU
		{A658F541-D3F9-499C-8328-521160C1F36A}.Release|x86.Build.0 = Release|Any CPU
		{BB070ACA-B78D-4F3B-A407-3536FF213A1A}.Debug|Any CPU.ActiveCfg = Debug|Any CPU
		{BB070ACA-B78D-4F3B-A407-3536FF213A1A}.Debug|Any CPU.Build.0 = Debug|Any CPU
		{BB070ACA-B78D-4F3B-A407-3536FF213A1A}.Debug|x64.ActiveCfg = Debug|Any CPU
		{BB070ACA-B78D-4F3B-A407-3536FF213A1A}.Debug|x64.Build.0 = Debug|Any CPU
		{BB070ACA-B78D-4F3B-A407-3536FF213A1A}.Debug|x86.ActiveCfg = Debug|Any CPU
		{BB070ACA-B78D-4F3B-A407-3536FF213A1A}.Debug|x86.Build.0 = Debug|Any CPU
		{BB070ACA-B78D-4F3B-A407-3536FF213A1A}.Release|Any CPU.ActiveCfg = Release|Any CPU
		{BB070ACA-B78D-4F3B-A407-3536FF213A1A}.Release|Any CPU.Build.0 = Release|Any CPU
		{BB070ACA-B78D-4F3B-A407-3536FF213A1A}.Release|x64.ActiveCfg = Release|Any CPU
		{BB070ACA-B78D-4F3B-A407-3536FF213A1A}.Release|x64.Build.0 = Release|Any CPU
		{BB070ACA-B78D-4F3B-A407-3536FF213A1A}.Release|x86.ActiveCfg = Release|Any CPU
		{BB070ACA-B78D-4F3B-A407-3536FF213A1A}.Release|x86.Build.0 = Release|Any CPU
		{D2D3828B-2F87-4A33-9ACD-B87A336F9256}.Debug|Any CPU.ActiveCfg = Debug|Any CPU
		{D2D3828B-2F87-4A33-9ACD-B87A336F9256}.Debug|Any CPU.Build.0 = Debug|Any CPU
		{D2D3828B-2F87-4A33-9ACD-B87A336F9256}.Debug|x64.ActiveCfg = Debug|Any CPU
		{D2D3828B-2F87-4A33-9ACD-B87A336F9256}.Debug|x64.Build.0 = Debug|Any CPU
		{D2D3828B-2F87-4A33-9ACD-B87A336F9256}.Debug|x86.ActiveCfg = Debug|Any CPU
		{D2D3828B-2F87-4A33-9ACD-B87A336F9256}.Debug|x86.Build.0 = Debug|Any CPU
		{D2D3828B-2F87-4A33-9ACD-B87A336F9256}.Release|Any CPU.ActiveCfg = Release|Any CPU
		{D2D3828B-2F87-4A33-9ACD-B87A336F9256}.Release|Any CPU.Build.0 = Release|Any CPU
		{D2D3828B-2F87-4A33-9ACD-B87A336F9256}.Release|x64.ActiveCfg = Release|Any CPU
		{D2D3828B-2F87-4A33-9ACD-B87A336F9256}.Release|x64.Build.0 = Release|Any CPU
		{D2D3828B-2F87-4A33-9ACD-B87A336F9256}.Release|x86.ActiveCfg = Release|Any CPU
		{D2D3828B-2F87-4A33-9ACD-B87A336F9256}.Release|x86.Build.0 = Release|Any CPU
		{B4907763-A7C1-4A18-BD46-4B55DBDD7F57}.Debug|Any CPU.ActiveCfg = Debug|Any CPU
		{B4907763-A7C1-4A18-BD46-4B55DBDD7F57}.Debug|Any CPU.Build.0 = Debug|Any CPU
		{B4907763-A7C1-4A18-BD46-4B55DBDD7F57}.Debug|x64.ActiveCfg = Debug|Any CPU
		{B4907763-A7C1-4A18-BD46-4B55DBDD7F57}.Debug|x64.Build.0 = Debug|Any CPU
		{B4907763-A7C1-4A18-BD46-4B55DBDD7F57}.Debug|x86.ActiveCfg = Debug|Any CPU
		{B4907763-A7C1-4A18-BD46-4B55DBDD7F57}.Debug|x86.Build.0 = Debug|Any CPU
		{B4907763-A7C1-4A18-BD46-4B55DBDD7F57}.Release|Any CPU.ActiveCfg = Release|Any CPU
		{B4907763-A7C1-4A18-BD46-4B55DBDD7F57}.Release|Any CPU.Build.0 = Release|Any CPU
		{B4907763-A7C1-4A18-BD46-4B55DBDD7F57}.Release|x64.ActiveCfg = Release|Any CPU
		{B4907763-A7C1-4A18-BD46-4B55DBDD7F57}.Release|x64.Build.0 = Release|Any CPU
		{B4907763-A7C1-4A18-BD46-4B55DBDD7F57}.Release|x86.ActiveCfg = Release|Any CPU
		{B4907763-A7C1-4A18-BD46-4B55DBDD7F57}.Release|x86.Build.0 = Release|Any CPU
		{BE36CFFC-3CC6-4C95-AD6C-B714C1497F9A}.Debug|Any CPU.ActiveCfg = Debug|Any CPU
		{BE36CFFC-3CC6-4C95-AD6C-B714C1497F9A}.Debug|Any CPU.Build.0 = Debug|Any CPU
		{BE36CFFC-3CC6-4C95-AD6C-B714C1497F9A}.Debug|x64.ActiveCfg = Debug|Any CPU
		{BE36CFFC-3CC6-4C95-AD6C-B714C1497F9A}.Debug|x64.Build.0 = Debug|Any CPU
		{BE36CFFC-3CC6-4C95-AD6C-B714C1497F9A}.Debug|x86.ActiveCfg = Debug|Any CPU
		{BE36CFFC-3CC6-4C95-AD6C-B714C1497F9A}.Debug|x86.Build.0 = Debug|Any CPU
		{BE36CFFC-3CC6-4C95-AD6C-B714C1497F9A}.Release|Any CPU.ActiveCfg = Release|Any CPU
		{BE36CFFC-3CC6-4C95-AD6C-B714C1497F9A}.Release|Any CPU.Build.0 = Release|Any CPU
		{BE36CFFC-3CC6-4C95-AD6C-B714C1497F9A}.Release|x64.ActiveCfg = Release|Any CPU
		{BE36CFFC-3CC6-4C95-AD6C-B714C1497F9A}.Release|x64.Build.0 = Release|Any CPU
		{BE36CFFC-3CC6-4C95-AD6C-B714C1497F9A}.Release|x86.ActiveCfg = Release|Any CPU
		{BE36CFFC-3CC6-4C95-AD6C-B714C1497F9A}.Release|x86.Build.0 = Release|Any CPU
		{37539022-BF9A-4943-AE34-C518E1CE6285}.Debug|Any CPU.ActiveCfg = Debug|Any CPU
		{37539022-BF9A-4943-AE34-C518E1CE6285}.Debug|Any CPU.Build.0 = Debug|Any CPU
		{37539022-BF9A-4943-AE34-C518E1CE6285}.Debug|x64.ActiveCfg = Debug|Any CPU
		{37539022-BF9A-4943-AE34-C518E1CE6285}.Debug|x64.Build.0 = Debug|Any CPU
		{37539022-BF9A-4943-AE34-C518E1CE6285}.Debug|x86.ActiveCfg = Debug|Any CPU
		{37539022-BF9A-4943-AE34-C518E1CE6285}.Debug|x86.Build.0 = Debug|Any CPU
		{37539022-BF9A-4943-AE34-C518E1CE6285}.Release|Any CPU.ActiveCfg = Release|Any CPU
		{37539022-BF9A-4943-AE34-C518E1CE6285}.Release|Any CPU.Build.0 = Release|Any CPU
		{37539022-BF9A-4943-AE34-C518E1CE6285}.Release|x64.ActiveCfg = Release|Any CPU
		{37539022-BF9A-4943-AE34-C518E1CE6285}.Release|x64.Build.0 = Release|Any CPU
		{37539022-BF9A-4943-AE34-C518E1CE6285}.Release|x86.ActiveCfg = Release|Any CPU
		{37539022-BF9A-4943-AE34-C518E1CE6285}.Release|x86.Build.0 = Release|Any CPU
		{292BB4BE-C4CE-4768-9565-5AEC4DC132AF}.Debug|Any CPU.ActiveCfg = Debug|Any CPU
		{292BB4BE-C4CE-4768-9565-5AEC4DC132AF}.Debug|Any CPU.Build.0 = Debug|Any CPU
		{292BB4BE-C4CE-4768-9565-5AEC4DC132AF}.Debug|x64.ActiveCfg = Debug|Any CPU
		{292BB4BE-C4CE-4768-9565-5AEC4DC132AF}.Debug|x64.Build.0 = Debug|Any CPU
		{292BB4BE-C4CE-4768-9565-5AEC4DC132AF}.Debug|x86.ActiveCfg = Debug|Any CPU
		{292BB4BE-C4CE-4768-9565-5AEC4DC132AF}.Debug|x86.Build.0 = Debug|Any CPU
		{292BB4BE-C4CE-4768-9565-5AEC4DC132AF}.Release|Any CPU.ActiveCfg = Release|Any CPU
		{292BB4BE-C4CE-4768-9565-5AEC4DC132AF}.Release|Any CPU.Build.0 = Release|Any CPU
		{292BB4BE-C4CE-4768-9565-5AEC4DC132AF}.Release|x64.ActiveCfg = Release|Any CPU
		{292BB4BE-C4CE-4768-9565-5AEC4DC132AF}.Release|x64.Build.0 = Release|Any CPU
		{292BB4BE-C4CE-4768-9565-5AEC4DC132AF}.Release|x86.ActiveCfg = Release|Any CPU
		{292BB4BE-C4CE-4768-9565-5AEC4DC132AF}.Release|x86.Build.0 = Release|Any CPU
		{742B7794-CAEF-47AC-8E35-A4DA71556A30}.Debug|Any CPU.ActiveCfg = Debug|Any CPU
		{742B7794-CAEF-47AC-8E35-A4DA71556A30}.Debug|Any CPU.Build.0 = Debug|Any CPU
		{742B7794-CAEF-47AC-8E35-A4DA71556A30}.Debug|x64.ActiveCfg = Debug|Any CPU
		{742B7794-CAEF-47AC-8E35-A4DA71556A30}.Debug|x64.Build.0 = Debug|Any CPU
		{742B7794-CAEF-47AC-8E35-A4DA71556A30}.Debug|x86.ActiveCfg = Debug|Any CPU
		{742B7794-CAEF-47AC-8E35-A4DA71556A30}.Debug|x86.Build.0 = Debug|Any CPU
		{742B7794-CAEF-47AC-8E35-A4DA71556A30}.Release|Any CPU.ActiveCfg = Release|Any CPU
		{742B7794-CAEF-47AC-8E35-A4DA71556A30}.Release|Any CPU.Build.0 = Release|Any CPU
		{742B7794-CAEF-47AC-8E35-A4DA71556A30}.Release|x64.ActiveCfg = Release|Any CPU
		{742B7794-CAEF-47AC-8E35-A4DA71556A30}.Release|x64.Build.0 = Release|Any CPU
		{742B7794-CAEF-47AC-8E35-A4DA71556A30}.Release|x86.ActiveCfg = Release|Any CPU
		{742B7794-CAEF-47AC-8E35-A4DA71556A30}.Release|x86.Build.0 = Release|Any CPU
		{9D077F07-6EB2-4827-B063-963D64C3B92E}.Debug|Any CPU.ActiveCfg = Debug|Any CPU
		{9D077F07-6EB2-4827-B063-963D64C3B92E}.Debug|Any CPU.Build.0 = Debug|Any CPU
		{9D077F07-6EB2-4827-B063-963D64C3B92E}.Debug|x64.ActiveCfg = Debug|Any CPU
		{9D077F07-6EB2-4827-B063-963D64C3B92E}.Debug|x64.Build.0 = Debug|Any CPU
		{9D077F07-6EB2-4827-B063-963D64C3B92E}.Debug|x86.ActiveCfg = Debug|Any CPU
		{9D077F07-6EB2-4827-B063-963D64C3B92E}.Debug|x86.Build.0 = Debug|Any CPU
		{9D077F07-6EB2-4827-B063-963D64C3B92E}.Release|Any CPU.ActiveCfg = Release|Any CPU
		{9D077F07-6EB2-4827-B063-963D64C3B92E}.Release|Any CPU.Build.0 = Release|Any CPU
		{9D077F07-6EB2-4827-B063-963D64C3B92E}.Release|x64.ActiveCfg = Release|Any CPU
		{9D077F07-6EB2-4827-B063-963D64C3B92E}.Release|x64.Build.0 = Release|Any CPU
		{9D077F07-6EB2-4827-B063-963D64C3B92E}.Release|x86.ActiveCfg = Release|Any CPU
		{9D077F07-6EB2-4827-B063-963D64C3B92E}.Release|x86.Build.0 = Release|Any CPU
		{85516A87-1881-4117-9B96-CFB87940A391}.Debug|Any CPU.ActiveCfg = Debug|Any CPU
		{85516A87-1881-4117-9B96-CFB87940A391}.Debug|Any CPU.Build.0 = Debug|Any CPU
		{85516A87-1881-4117-9B96-CFB87940A391}.Debug|x64.ActiveCfg = Debug|Any CPU
		{85516A87-1881-4117-9B96-CFB87940A391}.Debug|x64.Build.0 = Debug|Any CPU
		{85516A87-1881-4117-9B96-CFB87940A391}.Debug|x86.ActiveCfg = Debug|Any CPU
		{85516A87-1881-4117-9B96-CFB87940A391}.Debug|x86.Build.0 = Debug|Any CPU
		{85516A87-1881-4117-9B96-CFB87940A391}.Release|Any CPU.ActiveCfg = Release|Any CPU
		{85516A87-1881-4117-9B96-CFB87940A391}.Release|Any CPU.Build.0 = Release|Any CPU
		{85516A87-1881-4117-9B96-CFB87940A391}.Release|x64.ActiveCfg = Release|Any CPU
		{85516A87-1881-4117-9B96-CFB87940A391}.Release|x64.Build.0 = Release|Any CPU
		{85516A87-1881-4117-9B96-CFB87940A391}.Release|x86.ActiveCfg = Release|Any CPU
		{85516A87-1881-4117-9B96-CFB87940A391}.Release|x86.Build.0 = Release|Any CPU
		{387C5766-A045-462C-A3F5-82BFA5D67277}.Debug|Any CPU.ActiveCfg = Debug|Any CPU
		{387C5766-A045-462C-A3F5-82BFA5D67277}.Debug|Any CPU.Build.0 = Debug|Any CPU
		{387C5766-A045-462C-A3F5-82BFA5D67277}.Debug|x64.ActiveCfg = Debug|Any CPU
		{387C5766-A045-462C-A3F5-82BFA5D67277}.Debug|x64.Build.0 = Debug|Any CPU
		{387C5766-A045-462C-A3F5-82BFA5D67277}.Debug|x86.ActiveCfg = Debug|Any CPU
		{387C5766-A045-462C-A3F5-82BFA5D67277}.Debug|x86.Build.0 = Debug|Any CPU
		{387C5766-A045-462C-A3F5-82BFA5D67277}.Release|Any CPU.ActiveCfg = Release|Any CPU
		{387C5766-A045-462C-A3F5-82BFA5D67277}.Release|Any CPU.Build.0 = Release|Any CPU
		{387C5766-A045-462C-A3F5-82BFA5D67277}.Release|x64.ActiveCfg = Release|Any CPU
		{387C5766-A045-462C-A3F5-82BFA5D67277}.Release|x64.Build.0 = Release|Any CPU
		{387C5766-A045-462C-A3F5-82BFA5D67277}.Release|x86.ActiveCfg = Release|Any CPU
		{387C5766-A045-462C-A3F5-82BFA5D67277}.Release|x86.Build.0 = Release|Any CPU
		{ACA8FE44-FEA3-403A-80C4-2D6F7203B766}.Debug|Any CPU.ActiveCfg = Debug|Any CPU
		{ACA8FE44-FEA3-403A-80C4-2D6F7203B766}.Debug|Any CPU.Build.0 = Debug|Any CPU
		{ACA8FE44-FEA3-403A-80C4-2D6F7203B766}.Debug|x64.ActiveCfg = Debug|Any CPU
		{ACA8FE44-FEA3-403A-80C4-2D6F7203B766}.Debug|x64.Build.0 = Debug|Any CPU
		{ACA8FE44-FEA3-403A-80C4-2D6F7203B766}.Debug|x86.ActiveCfg = Debug|Any CPU
		{ACA8FE44-FEA3-403A-80C4-2D6F7203B766}.Debug|x86.Build.0 = Debug|Any CPU
		{ACA8FE44-FEA3-403A-80C4-2D6F7203B766}.Release|Any CPU.ActiveCfg = Release|Any CPU
		{ACA8FE44-FEA3-403A-80C4-2D6F7203B766}.Release|Any CPU.Build.0 = Release|Any CPU
		{ACA8FE44-FEA3-403A-80C4-2D6F7203B766}.Release|x64.ActiveCfg = Release|Any CPU
		{ACA8FE44-FEA3-403A-80C4-2D6F7203B766}.Release|x64.Build.0 = Release|Any CPU
		{ACA8FE44-FEA3-403A-80C4-2D6F7203B766}.Release|x86.ActiveCfg = Release|Any CPU
		{ACA8FE44-FEA3-403A-80C4-2D6F7203B766}.Release|x86.Build.0 = Release|Any CPU
		{BB00C384-E4A0-4B4E-89EC-C501C8CCDAD7}.Debug|Any CPU.ActiveCfg = Debug|Any CPU
		{BB00C384-E4A0-4B4E-89EC-C501C8CCDAD7}.Debug|Any CPU.Build.0 = Debug|Any CPU
		{BB00C384-E4A0-4B4E-89EC-C501C8CCDAD7}.Debug|x64.ActiveCfg = Debug|Any CPU
		{BB00C384-E4A0-4B4E-89EC-C501C8CCDAD7}.Debug|x64.Build.0 = Debug|Any CPU
		{BB00C384-E4A0-4B4E-89EC-C501C8CCDAD7}.Debug|x86.ActiveCfg = Debug|Any CPU
		{BB00C384-E4A0-4B4E-89EC-C501C8CCDAD7}.Debug|x86.Build.0 = Debug|Any CPU
		{BB00C384-E4A0-4B4E-89EC-C501C8CCDAD7}.Release|Any CPU.ActiveCfg = Release|Any CPU
		{BB00C384-E4A0-4B4E-89EC-C501C8CCDAD7}.Release|Any CPU.Build.0 = Release|Any CPU
		{BB00C384-E4A0-4B4E-89EC-C501C8CCDAD7}.Release|x64.ActiveCfg = Release|Any CPU
		{BB00C384-E4A0-4B4E-89EC-C501C8CCDAD7}.Release|x64.Build.0 = Release|Any CPU
		{BB00C384-E4A0-4B4E-89EC-C501C8CCDAD7}.Release|x86.ActiveCfg = Release|Any CPU
		{BB00C384-E4A0-4B4E-89EC-C501C8CCDAD7}.Release|x86.Build.0 = Release|Any CPU
		{FEA45FB7-E29A-450C-A347-F15DD1193A93}.Debug|Any CPU.ActiveCfg = Debug|Any CPU
		{FEA45FB7-E29A-450C-A347-F15DD1193A93}.Debug|Any CPU.Build.0 = Debug|Any CPU
		{FEA45FB7-E29A-450C-A347-F15DD1193A93}.Debug|x64.ActiveCfg = Debug|Any CPU
		{FEA45FB7-E29A-450C-A347-F15DD1193A93}.Debug|x64.Build.0 = Debug|Any CPU
		{FEA45FB7-E29A-450C-A347-F15DD1193A93}.Debug|x86.ActiveCfg = Debug|Any CPU
		{FEA45FB7-E29A-450C-A347-F15DD1193A93}.Debug|x86.Build.0 = Debug|Any CPU
		{FEA45FB7-E29A-450C-A347-F15DD1193A93}.Release|Any CPU.ActiveCfg = Release|Any CPU
		{FEA45FB7-E29A-450C-A347-F15DD1193A93}.Release|Any CPU.Build.0 = Release|Any CPU
		{FEA45FB7-E29A-450C-A347-F15DD1193A93}.Release|x64.ActiveCfg = Release|Any CPU
		{FEA45FB7-E29A-450C-A347-F15DD1193A93}.Release|x64.Build.0 = Release|Any CPU
		{FEA45FB7-E29A-450C-A347-F15DD1193A93}.Release|x86.ActiveCfg = Release|Any CPU
		{FEA45FB7-E29A-450C-A347-F15DD1193A93}.Release|x86.Build.0 = Release|Any CPU
		{47EBB23A-DBCD-4218-AD0D-5B3C14987D5F}.Debug|Any CPU.ActiveCfg = Debug|Any CPU
		{47EBB23A-DBCD-4218-AD0D-5B3C14987D5F}.Debug|Any CPU.Build.0 = Debug|Any CPU
		{47EBB23A-DBCD-4218-AD0D-5B3C14987D5F}.Debug|x64.ActiveCfg = Debug|Any CPU
		{47EBB23A-DBCD-4218-AD0D-5B3C14987D5F}.Debug|x64.Build.0 = Debug|Any CPU
		{47EBB23A-DBCD-4218-AD0D-5B3C14987D5F}.Debug|x86.ActiveCfg = Debug|Any CPU
		{47EBB23A-DBCD-4218-AD0D-5B3C14987D5F}.Debug|x86.Build.0 = Debug|Any CPU
		{47EBB23A-DBCD-4218-AD0D-5B3C14987D5F}.Release|Any CPU.ActiveCfg = Release|Any CPU
		{47EBB23A-DBCD-4218-AD0D-5B3C14987D5F}.Release|Any CPU.Build.0 = Release|Any CPU
		{47EBB23A-DBCD-4218-AD0D-5B3C14987D5F}.Release|x64.ActiveCfg = Release|Any CPU
		{47EBB23A-DBCD-4218-AD0D-5B3C14987D5F}.Release|x64.Build.0 = Release|Any CPU
		{47EBB23A-DBCD-4218-AD0D-5B3C14987D5F}.Release|x86.ActiveCfg = Release|Any CPU
		{47EBB23A-DBCD-4218-AD0D-5B3C14987D5F}.Release|x86.Build.0 = Release|Any CPU
		{F1CFC7D3-DC3E-4754-8C82-991E66D94615}.Debug|Any CPU.ActiveCfg = Debug|Any CPU
		{F1CFC7D3-DC3E-4754-8C82-991E66D94615}.Debug|Any CPU.Build.0 = Debug|Any CPU
		{F1CFC7D3-DC3E-4754-8C82-991E66D94615}.Debug|x64.ActiveCfg = Debug|Any CPU
		{F1CFC7D3-DC3E-4754-8C82-991E66D94615}.Debug|x64.Build.0 = Debug|Any CPU
		{F1CFC7D3-DC3E-4754-8C82-991E66D94615}.Debug|x86.ActiveCfg = Debug|Any CPU
		{F1CFC7D3-DC3E-4754-8C82-991E66D94615}.Debug|x86.Build.0 = Debug|Any CPU
		{F1CFC7D3-DC3E-4754-8C82-991E66D94615}.Release|Any CPU.ActiveCfg = Release|Any CPU
		{F1CFC7D3-DC3E-4754-8C82-991E66D94615}.Release|Any CPU.Build.0 = Release|Any CPU
		{F1CFC7D3-DC3E-4754-8C82-991E66D94615}.Release|x64.ActiveCfg = Release|Any CPU
		{F1CFC7D3-DC3E-4754-8C82-991E66D94615}.Release|x64.Build.0 = Release|Any CPU
		{F1CFC7D3-DC3E-4754-8C82-991E66D94615}.Release|x86.ActiveCfg = Release|Any CPU
		{F1CFC7D3-DC3E-4754-8C82-991E66D94615}.Release|x86.Build.0 = Release|Any CPU
		{C5896BB6-0113-4265-BECB-B51156D176DA}.Debug|Any CPU.ActiveCfg = Debug|Any CPU
		{C5896BB6-0113-4265-BECB-B51156D176DA}.Debug|Any CPU.Build.0 = Debug|Any CPU
		{C5896BB6-0113-4265-BECB-B51156D176DA}.Debug|x64.ActiveCfg = Debug|Any CPU
		{C5896BB6-0113-4265-BECB-B51156D176DA}.Debug|x64.Build.0 = Debug|Any CPU
		{C5896BB6-0113-4265-BECB-B51156D176DA}.Debug|x86.ActiveCfg = Debug|Any CPU
		{C5896BB6-0113-4265-BECB-B51156D176DA}.Debug|x86.Build.0 = Debug|Any CPU
		{C5896BB6-0113-4265-BECB-B51156D176DA}.Release|Any CPU.ActiveCfg = Release|Any CPU
		{C5896BB6-0113-4265-BECB-B51156D176DA}.Release|Any CPU.Build.0 = Release|Any CPU
		{C5896BB6-0113-4265-BECB-B51156D176DA}.Release|x64.ActiveCfg = Release|Any CPU
		{C5896BB6-0113-4265-BECB-B51156D176DA}.Release|x64.Build.0 = Release|Any CPU
		{C5896BB6-0113-4265-BECB-B51156D176DA}.Release|x86.ActiveCfg = Release|Any CPU
		{C5896BB6-0113-4265-BECB-B51156D176DA}.Release|x86.Build.0 = Release|Any CPU
		{8D889B98-ADC2-4CA7-BEF6-5DA056D49F84}.Debug|Any CPU.ActiveCfg = Debug|Any CPU
		{8D889B98-ADC2-4CA7-BEF6-5DA056D49F84}.Debug|Any CPU.Build.0 = Debug|Any CPU
		{8D889B98-ADC2-4CA7-BEF6-5DA056D49F84}.Debug|x64.ActiveCfg = Debug|Any CPU
		{8D889B98-ADC2-4CA7-BEF6-5DA056D49F84}.Debug|x64.Build.0 = Debug|Any CPU
		{8D889B98-ADC2-4CA7-BEF6-5DA056D49F84}.Debug|x86.ActiveCfg = Debug|Any CPU
		{8D889B98-ADC2-4CA7-BEF6-5DA056D49F84}.Debug|x86.Build.0 = Debug|Any CPU
		{8D889B98-ADC2-4CA7-BEF6-5DA056D49F84}.Release|Any CPU.ActiveCfg = Release|Any CPU
		{8D889B98-ADC2-4CA7-BEF6-5DA056D49F84}.Release|Any CPU.Build.0 = Release|Any CPU
		{8D889B98-ADC2-4CA7-BEF6-5DA056D49F84}.Release|x64.ActiveCfg = Release|Any CPU
		{8D889B98-ADC2-4CA7-BEF6-5DA056D49F84}.Release|x64.Build.0 = Release|Any CPU
		{8D889B98-ADC2-4CA7-BEF6-5DA056D49F84}.Release|x86.ActiveCfg = Release|Any CPU
		{8D889B98-ADC2-4CA7-BEF6-5DA056D49F84}.Release|x86.Build.0 = Release|Any CPU
		{57C3562F-336C-4582-BF65-01D965E188B2}.Debug|Any CPU.ActiveCfg = Debug|Any CPU
		{57C3562F-336C-4582-BF65-01D965E188B2}.Debug|Any CPU.Build.0 = Debug|Any CPU
		{57C3562F-336C-4582-BF65-01D965E188B2}.Debug|x64.ActiveCfg = Debug|Any CPU
		{57C3562F-336C-4582-BF65-01D965E188B2}.Debug|x64.Build.0 = Debug|Any CPU
		{57C3562F-336C-4582-BF65-01D965E188B2}.Debug|x86.ActiveCfg = Debug|Any CPU
		{57C3562F-336C-4582-BF65-01D965E188B2}.Debug|x86.Build.0 = Debug|Any CPU
		{57C3562F-336C-4582-BF65-01D965E188B2}.Release|Any CPU.ActiveCfg = Release|Any CPU
		{57C3562F-336C-4582-BF65-01D965E188B2}.Release|Any CPU.Build.0 = Release|Any CPU
		{57C3562F-336C-4582-BF65-01D965E188B2}.Release|x64.ActiveCfg = Release|Any CPU
		{57C3562F-336C-4582-BF65-01D965E188B2}.Release|x64.Build.0 = Release|Any CPU
		{57C3562F-336C-4582-BF65-01D965E188B2}.Release|x86.ActiveCfg = Release|Any CPU
		{57C3562F-336C-4582-BF65-01D965E188B2}.Release|x86.Build.0 = Release|Any CPU
		{8D6DB4F1-8D81-4B92-8E3A-C2C16778CC5E}.Debug|Any CPU.ActiveCfg = Debug|Any CPU
		{8D6DB4F1-8D81-4B92-8E3A-C2C16778CC5E}.Debug|Any CPU.Build.0 = Debug|Any CPU
		{8D6DB4F1-8D81-4B92-8E3A-C2C16778CC5E}.Debug|x64.ActiveCfg = Debug|Any CPU
		{8D6DB4F1-8D81-4B92-8E3A-C2C16778CC5E}.Debug|x64.Build.0 = Debug|Any CPU
		{8D6DB4F1-8D81-4B92-8E3A-C2C16778CC5E}.Debug|x86.ActiveCfg = Debug|Any CPU
		{8D6DB4F1-8D81-4B92-8E3A-C2C16778CC5E}.Debug|x86.Build.0 = Debug|Any CPU
		{8D6DB4F1-8D81-4B92-8E3A-C2C16778CC5E}.Release|Any CPU.ActiveCfg = Release|Any CPU
		{8D6DB4F1-8D81-4B92-8E3A-C2C16778CC5E}.Release|Any CPU.Build.0 = Release|Any CPU
		{8D6DB4F1-8D81-4B92-8E3A-C2C16778CC5E}.Release|x64.ActiveCfg = Release|Any CPU
		{8D6DB4F1-8D81-4B92-8E3A-C2C16778CC5E}.Release|x64.Build.0 = Release|Any CPU
		{8D6DB4F1-8D81-4B92-8E3A-C2C16778CC5E}.Release|x86.ActiveCfg = Release|Any CPU
		{8D6DB4F1-8D81-4B92-8E3A-C2C16778CC5E}.Release|x86.Build.0 = Release|Any CPU
		{7EA8A486-B959-4559-AAFD-9EF4F15D5B6D}.Debug|Any CPU.ActiveCfg = Debug|Any CPU
		{7EA8A486-B959-4559-AAFD-9EF4F15D5B6D}.Debug|Any CPU.Build.0 = Debug|Any CPU
		{7EA8A486-B959-4559-AAFD-9EF4F15D5B6D}.Debug|x64.ActiveCfg = Debug|Any CPU
		{7EA8A486-B959-4559-AAFD-9EF4F15D5B6D}.Debug|x64.Build.0 = Debug|Any CPU
		{7EA8A486-B959-4559-AAFD-9EF4F15D5B6D}.Debug|x86.ActiveCfg = Debug|Any CPU
		{7EA8A486-B959-4559-AAFD-9EF4F15D5B6D}.Debug|x86.Build.0 = Debug|Any CPU
		{7EA8A486-B959-4559-AAFD-9EF4F15D5B6D}.Release|Any CPU.ActiveCfg = Release|Any CPU
		{7EA8A486-B959-4559-AAFD-9EF4F15D5B6D}.Release|Any CPU.Build.0 = Release|Any CPU
		{7EA8A486-B959-4559-AAFD-9EF4F15D5B6D}.Release|x64.ActiveCfg = Release|Any CPU
		{7EA8A486-B959-4559-AAFD-9EF4F15D5B6D}.Release|x64.Build.0 = Release|Any CPU
		{7EA8A486-B959-4559-AAFD-9EF4F15D5B6D}.Release|x86.ActiveCfg = Release|Any CPU
		{7EA8A486-B959-4559-AAFD-9EF4F15D5B6D}.Release|x86.Build.0 = Release|Any CPU
		{0232AAC0-BA51-4C73-B831-05A0CC613A4D}.Debug|Any CPU.ActiveCfg = Debug|Any CPU
		{0232AAC0-BA51-4C73-B831-05A0CC613A4D}.Debug|Any CPU.Build.0 = Debug|Any CPU
		{0232AAC0-BA51-4C73-B831-05A0CC613A4D}.Debug|x64.ActiveCfg = Debug|Any CPU
		{0232AAC0-BA51-4C73-B831-05A0CC613A4D}.Debug|x64.Build.0 = Debug|Any CPU
		{0232AAC0-BA51-4C73-B831-05A0CC613A4D}.Debug|x86.ActiveCfg = Debug|Any CPU
		{0232AAC0-BA51-4C73-B831-05A0CC613A4D}.Debug|x86.Build.0 = Debug|Any CPU
		{0232AAC0-BA51-4C73-B831-05A0CC613A4D}.Release|Any CPU.ActiveCfg = Release|Any CPU
		{0232AAC0-BA51-4C73-B831-05A0CC613A4D}.Release|Any CPU.Build.0 = Release|Any CPU
		{0232AAC0-BA51-4C73-B831-05A0CC613A4D}.Release|x64.ActiveCfg = Release|Any CPU
		{0232AAC0-BA51-4C73-B831-05A0CC613A4D}.Release|x64.Build.0 = Release|Any CPU
		{0232AAC0-BA51-4C73-B831-05A0CC613A4D}.Release|x86.ActiveCfg = Release|Any CPU
		{0232AAC0-BA51-4C73-B831-05A0CC613A4D}.Release|x86.Build.0 = Release|Any CPU
		{2A78A524-54AC-491A-B405-4450E784CD59}.Debug|Any CPU.ActiveCfg = Debug|Any CPU
		{2A78A524-54AC-491A-B405-4450E784CD59}.Debug|Any CPU.Build.0 = Debug|Any CPU
		{2A78A524-54AC-491A-B405-4450E784CD59}.Debug|x64.ActiveCfg = Debug|Any CPU
		{2A78A524-54AC-491A-B405-4450E784CD59}.Debug|x64.Build.0 = Debug|Any CPU
		{2A78A524-54AC-491A-B405-4450E784CD59}.Debug|x86.ActiveCfg = Debug|Any CPU
		{2A78A524-54AC-491A-B405-4450E784CD59}.Debug|x86.Build.0 = Debug|Any CPU
		{2A78A524-54AC-491A-B405-4450E784CD59}.Release|Any CPU.ActiveCfg = Release|Any CPU
		{2A78A524-54AC-491A-B405-4450E784CD59}.Release|Any CPU.Build.0 = Release|Any CPU
		{2A78A524-54AC-491A-B405-4450E784CD59}.Release|x64.ActiveCfg = Release|Any CPU
		{2A78A524-54AC-491A-B405-4450E784CD59}.Release|x64.Build.0 = Release|Any CPU
		{2A78A524-54AC-491A-B405-4450E784CD59}.Release|x86.ActiveCfg = Release|Any CPU
		{2A78A524-54AC-491A-B405-4450E784CD59}.Release|x86.Build.0 = Release|Any CPU
		{BC30EB5F-D53F-4AA2-9D34-A15AE30097FF}.Debug|Any CPU.ActiveCfg = Debug|Any CPU
		{BC30EB5F-D53F-4AA2-9D34-A15AE30097FF}.Debug|Any CPU.Build.0 = Debug|Any CPU
		{BC30EB5F-D53F-4AA2-9D34-A15AE30097FF}.Debug|x64.ActiveCfg = Debug|Any CPU
		{BC30EB5F-D53F-4AA2-9D34-A15AE30097FF}.Debug|x64.Build.0 = Debug|Any CPU
		{BC30EB5F-D53F-4AA2-9D34-A15AE30097FF}.Debug|x86.ActiveCfg = Debug|Any CPU
		{BC30EB5F-D53F-4AA2-9D34-A15AE30097FF}.Debug|x86.Build.0 = Debug|Any CPU
		{BC30EB5F-D53F-4AA2-9D34-A15AE30097FF}.Release|Any CPU.ActiveCfg = Release|Any CPU
		{BC30EB5F-D53F-4AA2-9D34-A15AE30097FF}.Release|Any CPU.Build.0 = Release|Any CPU
		{BC30EB5F-D53F-4AA2-9D34-A15AE30097FF}.Release|x64.ActiveCfg = Release|Any CPU
		{BC30EB5F-D53F-4AA2-9D34-A15AE30097FF}.Release|x64.Build.0 = Release|Any CPU
		{BC30EB5F-D53F-4AA2-9D34-A15AE30097FF}.Release|x86.ActiveCfg = Release|Any CPU
		{BC30EB5F-D53F-4AA2-9D34-A15AE30097FF}.Release|x86.Build.0 = Release|Any CPU
		{2AB02E50-9AA9-4657-88B1-BA78DAEBDE4C}.Debug|Any CPU.ActiveCfg = Debug|Any CPU
		{2AB02E50-9AA9-4657-88B1-BA78DAEBDE4C}.Debug|Any CPU.Build.0 = Debug|Any CPU
		{2AB02E50-9AA9-4657-88B1-BA78DAEBDE4C}.Debug|x64.ActiveCfg = Debug|Any CPU
		{2AB02E50-9AA9-4657-88B1-BA78DAEBDE4C}.Debug|x64.Build.0 = Debug|Any CPU
		{2AB02E50-9AA9-4657-88B1-BA78DAEBDE4C}.Debug|x86.ActiveCfg = Debug|Any CPU
		{2AB02E50-9AA9-4657-88B1-BA78DAEBDE4C}.Debug|x86.Build.0 = Debug|Any CPU
		{2AB02E50-9AA9-4657-88B1-BA78DAEBDE4C}.Release|Any CPU.ActiveCfg = Release|Any CPU
		{2AB02E50-9AA9-4657-88B1-BA78DAEBDE4C}.Release|Any CPU.Build.0 = Release|Any CPU
		{2AB02E50-9AA9-4657-88B1-BA78DAEBDE4C}.Release|x64.ActiveCfg = Release|Any CPU
		{2AB02E50-9AA9-4657-88B1-BA78DAEBDE4C}.Release|x64.Build.0 = Release|Any CPU
		{2AB02E50-9AA9-4657-88B1-BA78DAEBDE4C}.Release|x86.ActiveCfg = Release|Any CPU
		{2AB02E50-9AA9-4657-88B1-BA78DAEBDE4C}.Release|x86.Build.0 = Release|Any CPU
		{78D0AD31-BD1C-4939-94EE-9AAA919F02D8}.Debug|Any CPU.ActiveCfg = Debug|Any CPU
		{78D0AD31-BD1C-4939-94EE-9AAA919F02D8}.Debug|Any CPU.Build.0 = Debug|Any CPU
		{78D0AD31-BD1C-4939-94EE-9AAA919F02D8}.Debug|x64.ActiveCfg = Debug|Any CPU
		{78D0AD31-BD1C-4939-94EE-9AAA919F02D8}.Debug|x64.Build.0 = Debug|Any CPU
		{78D0AD31-BD1C-4939-94EE-9AAA919F02D8}.Debug|x86.ActiveCfg = Debug|Any CPU
		{78D0AD31-BD1C-4939-94EE-9AAA919F02D8}.Debug|x86.Build.0 = Debug|Any CPU
		{78D0AD31-BD1C-4939-94EE-9AAA919F02D8}.Release|Any CPU.ActiveCfg = Release|Any CPU
		{78D0AD31-BD1C-4939-94EE-9AAA919F02D8}.Release|Any CPU.Build.0 = Release|Any CPU
		{78D0AD31-BD1C-4939-94EE-9AAA919F02D8}.Release|x64.ActiveCfg = Release|Any CPU
		{78D0AD31-BD1C-4939-94EE-9AAA919F02D8}.Release|x64.Build.0 = Release|Any CPU
		{78D0AD31-BD1C-4939-94EE-9AAA919F02D8}.Release|x86.ActiveCfg = Release|Any CPU
		{78D0AD31-BD1C-4939-94EE-9AAA919F02D8}.Release|x86.Build.0 = Release|Any CPU
		{297BC779-68CC-4904-8089-7D0CA15A21F8}.Debug|Any CPU.ActiveCfg = Debug|Any CPU
		{297BC779-68CC-4904-8089-7D0CA15A21F8}.Debug|Any CPU.Build.0 = Debug|Any CPU
		{297BC779-68CC-4904-8089-7D0CA15A21F8}.Debug|x64.ActiveCfg = Debug|Any CPU
		{297BC779-68CC-4904-8089-7D0CA15A21F8}.Debug|x64.Build.0 = Debug|Any CPU
		{297BC779-68CC-4904-8089-7D0CA15A21F8}.Debug|x86.ActiveCfg = Debug|Any CPU
		{297BC779-68CC-4904-8089-7D0CA15A21F8}.Debug|x86.Build.0 = Debug|Any CPU
		{297BC779-68CC-4904-8089-7D0CA15A21F8}.Release|Any CPU.ActiveCfg = Release|Any CPU
		{297BC779-68CC-4904-8089-7D0CA15A21F8}.Release|Any CPU.Build.0 = Release|Any CPU
		{297BC779-68CC-4904-8089-7D0CA15A21F8}.Release|x64.ActiveCfg = Release|Any CPU
		{297BC779-68CC-4904-8089-7D0CA15A21F8}.Release|x64.Build.0 = Release|Any CPU
		{297BC779-68CC-4904-8089-7D0CA15A21F8}.Release|x86.ActiveCfg = Release|Any CPU
		{297BC779-68CC-4904-8089-7D0CA15A21F8}.Release|x86.Build.0 = Release|Any CPU
		{B0E720C6-4C52-4470-8BB5-6D4AA082CAC8}.Debug|Any CPU.ActiveCfg = Debug|Any CPU
		{B0E720C6-4C52-4470-8BB5-6D4AA082CAC8}.Debug|Any CPU.Build.0 = Debug|Any CPU
		{B0E720C6-4C52-4470-8BB5-6D4AA082CAC8}.Debug|x64.ActiveCfg = Debug|Any CPU
		{B0E720C6-4C52-4470-8BB5-6D4AA082CAC8}.Debug|x64.Build.0 = Debug|Any CPU
		{B0E720C6-4C52-4470-8BB5-6D4AA082CAC8}.Debug|x86.ActiveCfg = Debug|Any CPU
		{B0E720C6-4C52-4470-8BB5-6D4AA082CAC8}.Debug|x86.Build.0 = Debug|Any CPU
		{B0E720C6-4C52-4470-8BB5-6D4AA082CAC8}.Release|Any CPU.ActiveCfg = Release|Any CPU
		{B0E720C6-4C52-4470-8BB5-6D4AA082CAC8}.Release|Any CPU.Build.0 = Release|Any CPU
		{B0E720C6-4C52-4470-8BB5-6D4AA082CAC8}.Release|x64.ActiveCfg = Release|Any CPU
		{B0E720C6-4C52-4470-8BB5-6D4AA082CAC8}.Release|x64.Build.0 = Release|Any CPU
		{B0E720C6-4C52-4470-8BB5-6D4AA082CAC8}.Release|x86.ActiveCfg = Release|Any CPU
		{B0E720C6-4C52-4470-8BB5-6D4AA082CAC8}.Release|x86.Build.0 = Release|Any CPU
		{08B2B655-9A71-4778-B5FA-B05F1E596982}.Debug|Any CPU.ActiveCfg = Debug|Any CPU
		{08B2B655-9A71-4778-B5FA-B05F1E596982}.Debug|Any CPU.Build.0 = Debug|Any CPU
		{08B2B655-9A71-4778-B5FA-B05F1E596982}.Debug|x64.ActiveCfg = Debug|Any CPU
		{08B2B655-9A71-4778-B5FA-B05F1E596982}.Debug|x64.Build.0 = Debug|Any CPU
		{08B2B655-9A71-4778-B5FA-B05F1E596982}.Debug|x86.ActiveCfg = Debug|Any CPU
		{08B2B655-9A71-4778-B5FA-B05F1E596982}.Debug|x86.Build.0 = Debug|Any CPU
		{08B2B655-9A71-4778-B5FA-B05F1E596982}.Release|Any CPU.ActiveCfg = Release|Any CPU
		{08B2B655-9A71-4778-B5FA-B05F1E596982}.Release|Any CPU.Build.0 = Release|Any CPU
		{08B2B655-9A71-4778-B5FA-B05F1E596982}.Release|x64.ActiveCfg = Release|Any CPU
		{08B2B655-9A71-4778-B5FA-B05F1E596982}.Release|x64.Build.0 = Release|Any CPU
		{08B2B655-9A71-4778-B5FA-B05F1E596982}.Release|x86.ActiveCfg = Release|Any CPU
		{08B2B655-9A71-4778-B5FA-B05F1E596982}.Release|x86.Build.0 = Release|Any CPU
		{64A4564E-895D-408C-9602-85C2847844C7}.Debug|Any CPU.ActiveCfg = Debug|Any CPU
		{64A4564E-895D-408C-9602-85C2847844C7}.Debug|Any CPU.Build.0 = Debug|Any CPU
		{64A4564E-895D-408C-9602-85C2847844C7}.Debug|x64.ActiveCfg = Debug|Any CPU
		{64A4564E-895D-408C-9602-85C2847844C7}.Debug|x64.Build.0 = Debug|Any CPU
		{64A4564E-895D-408C-9602-85C2847844C7}.Debug|x86.ActiveCfg = Debug|Any CPU
		{64A4564E-895D-408C-9602-85C2847844C7}.Debug|x86.Build.0 = Debug|Any CPU
		{64A4564E-895D-408C-9602-85C2847844C7}.Release|Any CPU.ActiveCfg = Release|Any CPU
		{64A4564E-895D-408C-9602-85C2847844C7}.Release|Any CPU.Build.0 = Release|Any CPU
		{64A4564E-895D-408C-9602-85C2847844C7}.Release|x64.ActiveCfg = Release|Any CPU
		{64A4564E-895D-408C-9602-85C2847844C7}.Release|x64.Build.0 = Release|Any CPU
		{64A4564E-895D-408C-9602-85C2847844C7}.Release|x86.ActiveCfg = Release|Any CPU
		{64A4564E-895D-408C-9602-85C2847844C7}.Release|x86.Build.0 = Release|Any CPU
		{AC4DE840-F658-49CA-A94A-64863DDAC54F}.Debug|Any CPU.ActiveCfg = Debug|Any CPU
		{AC4DE840-F658-49CA-A94A-64863DDAC54F}.Debug|Any CPU.Build.0 = Debug|Any CPU
		{AC4DE840-F658-49CA-A94A-64863DDAC54F}.Debug|x64.ActiveCfg = Debug|Any CPU
		{AC4DE840-F658-49CA-A94A-64863DDAC54F}.Debug|x64.Build.0 = Debug|Any CPU
		{AC4DE840-F658-49CA-A94A-64863DDAC54F}.Debug|x86.ActiveCfg = Debug|Any CPU
		{AC4DE840-F658-49CA-A94A-64863DDAC54F}.Debug|x86.Build.0 = Debug|Any CPU
		{AC4DE840-F658-49CA-A94A-64863DDAC54F}.Release|Any CPU.ActiveCfg = Release|Any CPU
		{AC4DE840-F658-49CA-A94A-64863DDAC54F}.Release|Any CPU.Build.0 = Release|Any CPU
		{AC4DE840-F658-49CA-A94A-64863DDAC54F}.Release|x64.ActiveCfg = Release|Any CPU
		{AC4DE840-F658-49CA-A94A-64863DDAC54F}.Release|x64.Build.0 = Release|Any CPU
		{AC4DE840-F658-49CA-A94A-64863DDAC54F}.Release|x86.ActiveCfg = Release|Any CPU
		{AC4DE840-F658-49CA-A94A-64863DDAC54F}.Release|x86.Build.0 = Release|Any CPU
		{3188BD4F-C938-430C-AC5E-7C528795D0BD}.Debug|Any CPU.ActiveCfg = Debug|Any CPU
		{3188BD4F-C938-430C-AC5E-7C528795D0BD}.Debug|Any CPU.Build.0 = Debug|Any CPU
		{3188BD4F-C938-430C-AC5E-7C528795D0BD}.Debug|x64.ActiveCfg = Debug|Any CPU
		{3188BD4F-C938-430C-AC5E-7C528795D0BD}.Debug|x64.Build.0 = Debug|Any CPU
		{3188BD4F-C938-430C-AC5E-7C528795D0BD}.Debug|x86.ActiveCfg = Debug|Any CPU
		{3188BD4F-C938-430C-AC5E-7C528795D0BD}.Debug|x86.Build.0 = Debug|Any CPU
		{3188BD4F-C938-430C-AC5E-7C528795D0BD}.Release|Any CPU.ActiveCfg = Release|Any CPU
		{3188BD4F-C938-430C-AC5E-7C528795D0BD}.Release|Any CPU.Build.0 = Release|Any CPU
		{3188BD4F-C938-430C-AC5E-7C528795D0BD}.Release|x64.ActiveCfg = Release|Any CPU
		{3188BD4F-C938-430C-AC5E-7C528795D0BD}.Release|x64.Build.0 = Release|Any CPU
		{3188BD4F-C938-430C-AC5E-7C528795D0BD}.Release|x86.ActiveCfg = Release|Any CPU
		{3188BD4F-C938-430C-AC5E-7C528795D0BD}.Release|x86.Build.0 = Release|Any CPU
	EndGlobalSection
	GlobalSection(SolutionProperties) = preSolution
		HideSolutionNode = FALSE
	EndGlobalSection
	GlobalSection(NestedProjects) = preSolution
		{D0AD3B68-90C6-4252-9A42-AA669850CA50} = {FBF56CC3-7AE6-AD2D-3F14-7F97FD322CD6}
		{CA46E78D-E44F-4B4F-BB8B-7C9D7D4C092D} = {FBF56CC3-7AE6-AD2D-3F14-7F97FD322CD6}
		{36D40150-92F7-4595-86E3-F918ABD5C748} = {FBF56CC3-7AE6-AD2D-3F14-7F97FD322CD6}
		{0A91F725-94CE-44C0-9454-72E434F76D8B} = {FBF56CC3-7AE6-AD2D-3F14-7F97FD322CD6}
		{A658F541-D3F9-499C-8328-521160C1F36A} = {FBF56CC3-7AE6-AD2D-3F14-7F97FD322CD6}
		{BB070ACA-B78D-4F3B-A407-3536FF213A1A} = {FBF56CC3-7AE6-AD2D-3F14-7F97FD322CD6}
		{D2D3828B-2F87-4A33-9ACD-B87A336F9256} = {FBF56CC3-7AE6-AD2D-3F14-7F97FD322CD6}
		{B4907763-A7C1-4A18-BD46-4B55DBDD7F57} = {FBF56CC3-7AE6-AD2D-3F14-7F97FD322CD6}
		{BE36CFFC-3CC6-4C95-AD6C-B714C1497F9A} = {B0996F39-FFF0-BAE3-2C76-1D4AE77C7BAA}
		{37539022-BF9A-4943-AE34-C518E1CE6285} = {0ACD37A2-5DF0-8AEB-D5B0-21B3A2775CAB}
		{292BB4BE-C4CE-4768-9565-5AEC4DC132AF} = {0ACD37A2-5DF0-8AEB-D5B0-21B3A2775CAB}
		{742B7794-CAEF-47AC-8E35-A4DA71556A30} = {0ACD37A2-5DF0-8AEB-D5B0-21B3A2775CAB}
		{9D077F07-6EB2-4827-B063-963D64C3B92E} = {0ACD37A2-5DF0-8AEB-D5B0-21B3A2775CAB}
		{85516A87-1881-4117-9B96-CFB87940A391} = {0ACD37A2-5DF0-8AEB-D5B0-21B3A2775CAB}
		{387C5766-A045-462C-A3F5-82BFA5D67277} = {0ACD37A2-5DF0-8AEB-D5B0-21B3A2775CAB}
		{ACA8FE44-FEA3-403A-80C4-2D6F7203B766} = {0ACD37A2-5DF0-8AEB-D5B0-21B3A2775CAB}
		{BB00C384-E4A0-4B4E-89EC-C501C8CCDAD7} = {0ACD37A2-5DF0-8AEB-D5B0-21B3A2775CAB}
		{FEA45FB7-E29A-450C-A347-F15DD1193A93} = {A0596E84-2522-6F31-0F43-77167BFA80D0}
		{47EBB23A-DBCD-4218-AD0D-5B3C14987D5F} = {A0596E84-2522-6F31-0F43-77167BFA80D0}
		{F1CFC7D3-DC3E-4754-8C82-991E66D94615} = {A0596E84-2522-6F31-0F43-77167BFA80D0}
		{C5896BB6-0113-4265-BECB-B51156D176DA} = {A0596E84-2522-6F31-0F43-77167BFA80D0}
		{8D889B98-ADC2-4CA7-BEF6-5DA056D49F84} = {A0596E84-2522-6F31-0F43-77167BFA80D0}
		{57C3562F-336C-4582-BF65-01D965E188B2} = {A0596E84-2522-6F31-0F43-77167BFA80D0}
		{8D6DB4F1-8D81-4B92-8E3A-C2C16778CC5E} = {A0596E84-2522-6F31-0F43-77167BFA80D0}
		{7EA8A486-B959-4559-AAFD-9EF4F15D5B6D} = {A0596E84-2522-6F31-0F43-77167BFA80D0}
		{0232AAC0-BA51-4C73-B831-05A0CC613A4D} = {A0596E84-2522-6F31-0F43-77167BFA80D0}
		{2A78A524-54AC-491A-B405-4450E784CD59} = {4AB141FB-BD8F-6214-233C-076893131197}
		{BC30EB5F-D53F-4AA2-9D34-A15AE30097FF} = {EC5FB17F-0D88-F340-4CE5-0D559A6DFF9C}
		{2AB02E50-9AA9-4657-88B1-BA78DAEBDE4C} = {F6EE535E-C2C8-3085-0E1D-506595A2B989}
		{78D0AD31-BD1C-4939-94EE-9AAA919F02D8} = {6396DD8B-E9E5-FBDE-ADC8-0EA7112A141A}
		{297BC779-68CC-4904-8089-7D0CA15A21F8} = {ABDCA76E-9A56-94C8-CB8E-2243BAFEC3F8}
		{B0E720C6-4C52-4470-8BB5-6D4AA082CAC8} = {A39C23D2-F2C0-258D-165A-CF1E7FEE6E7B}
		{B0996F39-FFF0-BAE3-2C76-1D4AE77C7BAA} = {9D74DF50-E606-43D0-9964-7D8914AF70B3}
		{F6EE535E-C2C8-3085-0E1D-506595A2B989} = {9D74DF50-E606-43D0-9964-7D8914AF70B3}
		{6396DD8B-E9E5-FBDE-ADC8-0EA7112A141A} = {9D74DF50-E606-43D0-9964-7D8914AF70B3}
		{EC5FB17F-0D88-F340-4CE5-0D559A6DFF9C} = {9D74DF50-E606-43D0-9964-7D8914AF70B3}
		{ABDCA76E-9A56-94C8-CB8E-2243BAFEC3F8} = {9D74DF50-E606-43D0-9964-7D8914AF70B3}
		{A0596E84-2522-6F31-0F43-77167BFA80D0} = {68ECD91A-F35F-4FC0-9BFB-850313906C96}
		{0ACD37A2-5DF0-8AEB-D5B0-21B3A2775CAB} = {68ECD91A-F35F-4FC0-9BFB-850313906C96}
		{4AB141FB-BD8F-6214-233C-076893131197} = {68ECD91A-F35F-4FC0-9BFB-850313906C96}
		{08B2B655-9A71-4778-B5FA-B05F1E596982} = {4AB141FB-BD8F-6214-233C-076893131197}
		{64A4564E-895D-408C-9602-85C2847844C7} = {DCECB95D-A93C-46DC-A62C-747E21569926}
		{AC4DE840-F658-49CA-A94A-64863DDAC54F} = {DCECB95D-A93C-46DC-A62C-747E21569926}
		{3188BD4F-C938-430C-AC5E-7C528795D0BD} = {DCECB95D-A93C-46DC-A62C-747E21569926}
	EndGlobalSection
EndGlobal
