
Microsoft Visual Studio Solution File, Format Version 12.00
Project("{FAE04EC0-301F-11D3-BF4B-00C04F79EFBC}") = "Umbraco.Ai.Core", "src\Umbraco.Ai.Core\Umbraco.Ai.Core.csproj", "{D20D1906-95B2-41CF-85DA-5C3387A0A909}"
EndProject
Project("{FAE04EC0-301F-11D3-BF4B-00C04F79EFBC}") = "Umbraco.Ai.Web", "src\Umbraco.Ai.Web\Umbraco.Ai.Web.csproj", "{2CA0078C-4998-41EC-8588-44E7A0DB917A}"
EndProject
Project("{FAE04EC0-301F-11D3-BF4B-00C04F79EFBC}") = "Umbraco.Ai.OpenAi", "src\Umbraco.Ai.OpenAi\Umbraco.Ai.OpenAi.csproj", "{5E864C43-A2F7-4BC0-B46E-63C38C046AEE}"
EndProject
Project("{FAE04EC0-301F-11D3-BF4B-00C04F79EFBC}") = "Umbraco.Ai", "src\Umbraco.Ai\Umbraco.Ai.csproj", "{E5D545EA-18B5-403B-8C9B-C71B2B35F901}"
EndProject
Project("{FAE04EC0-301F-11D3-BF4B-00C04F79EFBC}") = "Umbraco.Ai.Startup", "src\Umbraco.Ai.Startup\Umbraco.Ai.Startup.csproj", "{DEF46641-8C96-4F48-9951-F0A64FDD46DB}"
EndProject
Project("{FAE04EC0-301F-11D3-BF4B-00C04F79EFBC}") = "Umbraco.Ai.Web.StaticAssets", "src\Umbraco.Ai.Web.StaticAssets\Umbraco.Ai.Web.StaticAssets.csproj", "{F0A6D704-4854-4784-9FCC-83C728807E14}"
EndProject
Project("{2150E333-8FDC-42A3-9474-1A3956D46DE8}") = "tests", "tests", "{0AB3BF05-4346-4AA6-1389-037BE0695223}"
EndProject
Project("{FAE04EC0-301F-11D3-BF4B-00C04F79EFBC}") = "Umbraco.Ai.Tests.Common", "tests\Umbraco.Ai.Tests.Common\Umbraco.Ai.Tests.Common.csproj", "{474FDF54-91F9-400C-9771-7619839D340A}"
EndProject
Project("{FAE04EC0-301F-11D3-BF4B-00C04F79EFBC}") = "Umbraco.Ai.Tests.Integration", "tests\Umbraco.Ai.Tests.Integration\Umbraco.Ai.Tests.Integration.csproj", "{30CD77E2-29A5-4D90-AFFD-FA5AC778B8AC}"
EndProject
Project("{FAE04EC0-301F-11D3-BF4B-00C04F79EFBC}") = "Umbraco.Ai.Tests.Unit", "tests\Umbraco.Ai.Tests.Unit\Umbraco.Ai.Tests.Unit.csproj", "{589AFF63-598C-4E5C-9446-75A58E102A34}"
EndProject
Project("{2150E333-8FDC-42A3-9474-1A3956D46DE8}") = "src", "src", "{827E0CD3-B72D-47B6-A68D-7590B98EB39B}"
EndProject
Global
	GlobalSection(SolutionConfigurationPlatforms) = preSolution
		Debug|Any CPU = Debug|Any CPU
		Debug|x64 = Debug|x64
		Debug|x86 = Debug|x86
		Release|Any CPU = Release|Any CPU
		Release|x64 = Release|x64
		Release|x86 = Release|x86
	EndGlobalSection
	GlobalSection(ProjectConfigurationPlatforms) = postSolution
		{D20D1906-95B2-41CF-85DA-5C3387A0A909}.Debug|Any CPU.ActiveCfg = Debug|Any CPU
		{D20D1906-95B2-41CF-85DA-5C3387A0A909}.Debug|Any CPU.Build.0 = Debug|Any CPU
		{D20D1906-95B2-41CF-85DA-5C3387A0A909}.Debug|x64.ActiveCfg = Debug|Any CPU
		{D20D1906-95B2-41CF-85DA-5C3387A0A909}.Debug|x64.Build.0 = Debug|Any CPU
		{D20D1906-95B2-41CF-85DA-5C3387A0A909}.Debug|x86.ActiveCfg = Debug|Any CPU
		{D20D1906-95B2-41CF-85DA-5C3387A0A909}.Debug|x86.Build.0 = Debug|Any CPU
		{D20D1906-95B2-41CF-85DA-5C3387A0A909}.Release|Any CPU.ActiveCfg = Release|Any CPU
		{D20D1906-95B2-41CF-85DA-5C3387A0A909}.Release|Any CPU.Build.0 = Release|Any CPU
		{D20D1906-95B2-41CF-85DA-5C3387A0A909}.Release|x64.ActiveCfg = Release|Any CPU
		{D20D1906-95B2-41CF-85DA-5C3387A0A909}.Release|x64.Build.0 = Release|Any CPU
		{D20D1906-95B2-41CF-85DA-5C3387A0A909}.Release|x86.ActiveCfg = Release|Any CPU
		{D20D1906-95B2-41CF-85DA-5C3387A0A909}.Release|x86.Build.0 = Release|Any CPU
		{2CA0078C-4998-41EC-8588-44E7A0DB917A}.Debug|Any CPU.ActiveCfg = Debug|Any CPU
		{2CA0078C-4998-41EC-8588-44E7A0DB917A}.Debug|Any CPU.Build.0 = Debug|Any CPU
		{2CA0078C-4998-41EC-8588-44E7A0DB917A}.Debug|x64.ActiveCfg = Debug|Any CPU
		{2CA0078C-4998-41EC-8588-44E7A0DB917A}.Debug|x64.Build.0 = Debug|Any CPU
		{2CA0078C-4998-41EC-8588-44E7A0DB917A}.Debug|x86.ActiveCfg = Debug|Any CPU
		{2CA0078C-4998-41EC-8588-44E7A0DB917A}.Debug|x86.Build.0 = Debug|Any CPU
		{2CA0078C-4998-41EC-8588-44E7A0DB917A}.Release|Any CPU.ActiveCfg = Release|Any CPU
		{2CA0078C-4998-41EC-8588-44E7A0DB917A}.Release|Any CPU.Build.0 = Release|Any CPU
		{2CA0078C-4998-41EC-8588-44E7A0DB917A}.Release|x64.ActiveCfg = Release|Any CPU
		{2CA0078C-4998-41EC-8588-44E7A0DB917A}.Release|x64.Build.0 = Release|Any CPU
		{2CA0078C-4998-41EC-8588-44E7A0DB917A}.Release|x86.ActiveCfg = Release|Any CPU
		{2CA0078C-4998-41EC-8588-44E7A0DB917A}.Release|x86.Build.0 = Release|Any CPU
		{5E864C43-A2F7-4BC0-B46E-63C38C046AEE}.Debug|Any CPU.ActiveCfg = Debug|Any CPU
		{5E864C43-A2F7-4BC0-B46E-63C38C046AEE}.Debug|Any CPU.Build.0 = Debug|Any CPU
		{5E864C43-A2F7-4BC0-B46E-63C38C046AEE}.Debug|x64.ActiveCfg = Debug|Any CPU
		{5E864C43-A2F7-4BC0-B46E-63C38C046AEE}.Debug|x64.Build.0 = Debug|Any CPU
		{5E864C43-A2F7-4BC0-B46E-63C38C046AEE}.Debug|x86.ActiveCfg = Debug|Any CPU
		{5E864C43-A2F7-4BC0-B46E-63C38C046AEE}.Debug|x86.Build.0 = Debug|Any CPU
		{5E864C43-A2F7-4BC0-B46E-63C38C046AEE}.Release|Any CPU.ActiveCfg = Release|Any CPU
		{5E864C43-A2F7-4BC0-B46E-63C38C046AEE}.Release|Any CPU.Build.0 = Release|Any CPU
		{5E864C43-A2F7-4BC0-B46E-63C38C046AEE}.Release|x64.ActiveCfg = Release|Any CPU
		{5E864C43-A2F7-4BC0-B46E-63C38C046AEE}.Release|x64.Build.0 = Release|Any CPU
		{5E864C43-A2F7-4BC0-B46E-63C38C046AEE}.Release|x86.ActiveCfg = Release|Any CPU
		{5E864C43-A2F7-4BC0-B46E-63C38C046AEE}.Release|x86.Build.0 = Release|Any CPU
		{E5D545EA-18B5-403B-8C9B-C71B2B35F901}.Debug|Any CPU.ActiveCfg = Debug|Any CPU
		{E5D545EA-18B5-403B-8C9B-C71B2B35F901}.Debug|Any CPU.Build.0 = Debug|Any CPU
		{E5D545EA-18B5-403B-8C9B-C71B2B35F901}.Debug|x64.ActiveCfg = Debug|Any CPU
		{E5D545EA-18B5-403B-8C9B-C71B2B35F901}.Debug|x64.Build.0 = Debug|Any CPU
		{E5D545EA-18B5-403B-8C9B-C71B2B35F901}.Debug|x86.ActiveCfg = Debug|Any CPU
		{E5D545EA-18B5-403B-8C9B-C71B2B35F901}.Debug|x86.Build.0 = Debug|Any CPU
		{E5D545EA-18B5-403B-8C9B-C71B2B35F901}.Release|Any CPU.ActiveCfg = Release|Any CPU
		{E5D545EA-18B5-403B-8C9B-C71B2B35F901}.Release|Any CPU.Build.0 = Release|Any CPU
		{E5D545EA-18B5-403B-8C9B-C71B2B35F901}.Release|x64.ActiveCfg = Release|Any CPU
		{E5D545EA-18B5-403B-8C9B-C71B2B35F901}.Release|x64.Build.0 = Release|Any CPU
		{E5D545EA-18B5-403B-8C9B-C71B2B35F901}.Release|x86.ActiveCfg = Release|Any CPU
		{E5D545EA-18B5-403B-8C9B-C71B2B35F901}.Release|x86.Build.0 = Release|Any CPU
		{DEF46641-8C96-4F48-9951-F0A64FDD46DB}.Debug|Any CPU.ActiveCfg = Debug|Any CPU
		{DEF46641-8C96-4F48-9951-F0A64FDD46DB}.Debug|Any CPU.Build.0 = Debug|Any CPU
		{DEF46641-8C96-4F48-9951-F0A64FDD46DB}.Debug|x64.ActiveCfg = Debug|Any CPU
		{DEF46641-8C96-4F48-9951-F0A64FDD46DB}.Debug|x64.Build.0 = Debug|Any CPU
		{DEF46641-8C96-4F48-9951-F0A64FDD46DB}.Debug|x86.ActiveCfg = Debug|Any CPU
		{DEF46641-8C96-4F48-9951-F0A64FDD46DB}.Debug|x86.Build.0 = Debug|Any CPU
		{DEF46641-8C96-4F48-9951-F0A64FDD46DB}.Release|Any CPU.ActiveCfg = Release|Any CPU
		{DEF46641-8C96-4F48-9951-F0A64FDD46DB}.Release|Any CPU.Build.0 = Release|Any CPU
		{DEF46641-8C96-4F48-9951-F0A64FDD46DB}.Release|x64.ActiveCfg = Release|Any CPU
		{DEF46641-8C96-4F48-9951-F0A64FDD46DB}.Release|x64.Build.0 = Release|Any CPU
		{DEF46641-8C96-4F48-9951-F0A64FDD46DB}.Release|x86.ActiveCfg = Release|Any CPU
		{DEF46641-8C96-4F48-9951-F0A64FDD46DB}.Release|x86.Build.0 = Release|Any CPU
		{F0A6D704-4854-4784-9FCC-83C728807E14}.Debug|Any CPU.ActiveCfg = Debug|Any CPU
		{F0A6D704-4854-4784-9FCC-83C728807E14}.Debug|Any CPU.Build.0 = Debug|Any CPU
		{F0A6D704-4854-4784-9FCC-83C728807E14}.Debug|x64.ActiveCfg = Debug|Any CPU
		{F0A6D704-4854-4784-9FCC-83C728807E14}.Debug|x64.Build.0 = Debug|Any CPU
		{F0A6D704-4854-4784-9FCC-83C728807E14}.Debug|x86.ActiveCfg = Debug|Any CPU
		{F0A6D704-4854-4784-9FCC-83C728807E14}.Debug|x86.Build.0 = Debug|Any CPU
		{F0A6D704-4854-4784-9FCC-83C728807E14}.Release|Any CPU.ActiveCfg = Release|Any CPU
		{F0A6D704-4854-4784-9FCC-83C728807E14}.Release|Any CPU.Build.0 = Release|Any CPU
		{F0A6D704-4854-4784-9FCC-83C728807E14}.Release|x64.ActiveCfg = Release|Any CPU
		{F0A6D704-4854-4784-9FCC-83C728807E14}.Release|x64.Build.0 = Release|Any CPU
		{F0A6D704-4854-4784-9FCC-83C728807E14}.Release|x86.ActiveCfg = Release|Any CPU
		{F0A6D704-4854-4784-9FCC-83C728807E14}.Release|x86.Build.0 = Release|Any CPU
		{474FDF54-91F9-400C-9771-7619839D340A}.Debug|Any CPU.ActiveCfg = Debug|Any CPU
		{474FDF54-91F9-400C-9771-7619839D340A}.Debug|Any CPU.Build.0 = Debug|Any CPU
		{474FDF54-91F9-400C-9771-7619839D340A}.Debug|x64.ActiveCfg = Debug|Any CPU
		{474FDF54-91F9-400C-9771-7619839D340A}.Debug|x64.Build.0 = Debug|Any CPU
		{474FDF54-91F9-400C-9771-7619839D340A}.Debug|x86.ActiveCfg = Debug|Any CPU
		{474FDF54-91F9-400C-9771-7619839D340A}.Debug|x86.Build.0 = Debug|Any CPU
		{474FDF54-91F9-400C-9771-7619839D340A}.Release|Any CPU.ActiveCfg = Release|Any CPU
		{474FDF54-91F9-400C-9771-7619839D340A}.Release|Any CPU.Build.0 = Release|Any CPU
		{474FDF54-91F9-400C-9771-7619839D340A}.Release|x64.ActiveCfg = Release|Any CPU
		{474FDF54-91F9-400C-9771-7619839D340A}.Release|x64.Build.0 = Release|Any CPU
		{474FDF54-91F9-400C-9771-7619839D340A}.Release|x86.ActiveCfg = Release|Any CPU
		{474FDF54-91F9-400C-9771-7619839D340A}.Release|x86.Build.0 = Release|Any CPU
		{30CD77E2-29A5-4D90-AFFD-FA5AC778B8AC}.Debug|Any CPU.ActiveCfg = Debug|Any CPU
		{30CD77E2-29A5-4D90-AFFD-FA5AC778B8AC}.Debug|Any CPU.Build.0 = Debug|Any CPU
		{30CD77E2-29A5-4D90-AFFD-FA5AC778B8AC}.Debug|x64.ActiveCfg = Debug|Any CPU
		{30CD77E2-29A5-4D90-AFFD-FA5AC778B8AC}.Debug|x64.Build.0 = Debug|Any CPU
		{30CD77E2-29A5-4D90-AFFD-FA5AC778B8AC}.Debug|x86.ActiveCfg = Debug|Any CPU
		{30CD77E2-29A5-4D90-AFFD-FA5AC778B8AC}.Debug|x86.Build.0 = Debug|Any CPU
		{30CD77E2-29A5-4D90-AFFD-FA5AC778B8AC}.Release|Any CPU.ActiveCfg = Release|Any CPU
		{30CD77E2-29A5-4D90-AFFD-FA5AC778B8AC}.Release|Any CPU.Build.0 = Release|Any CPU
		{30CD77E2-29A5-4D90-AFFD-FA5AC778B8AC}.Release|x64.ActiveCfg = Release|Any CPU
		{30CD77E2-29A5-4D90-AFFD-FA5AC778B8AC}.Release|x64.Build.0 = Release|Any CPU
		{30CD77E2-29A5-4D90-AFFD-FA5AC778B8AC}.Release|x86.ActiveCfg = Release|Any CPU
		{30CD77E2-29A5-4D90-AFFD-FA5AC778B8AC}.Release|x86.Build.0 = Release|Any CPU
		{589AFF63-598C-4E5C-9446-75A58E102A34}.Debug|Any CPU.ActiveCfg = Debug|Any CPU
		{589AFF63-598C-4E5C-9446-75A58E102A34}.Debug|Any CPU.Build.0 = Debug|Any CPU
		{589AFF63-598C-4E5C-9446-75A58E102A34}.Debug|x64.ActiveCfg = Debug|Any CPU
		{589AFF63-598C-4E5C-9446-75A58E102A34}.Debug|x64.Build.0 = Debug|Any CPU
		{589AFF63-598C-4E5C-9446-75A58E102A34}.Debug|x86.ActiveCfg = Debug|Any CPU
		{589AFF63-598C-4E5C-9446-75A58E102A34}.Debug|x86.Build.0 = Debug|Any CPU
		{589AFF63-598C-4E5C-9446-75A58E102A34}.Release|Any CPU.ActiveCfg = Release|Any CPU
		{589AFF63-598C-4E5C-9446-75A58E102A34}.Release|Any CPU.Build.0 = Release|Any CPU
		{589AFF63-598C-4E5C-9446-75A58E102A34}.Release|x64.ActiveCfg = Release|Any CPU
		{589AFF63-598C-4E5C-9446-75A58E102A34}.Release|x64.Build.0 = Release|Any CPU
		{589AFF63-598C-4E5C-9446-75A58E102A34}.Release|x86.ActiveCfg = Release|Any CPU
		{589AFF63-598C-4E5C-9446-75A58E102A34}.Release|x86.Build.0 = Release|Any CPU
	EndGlobalSection
	GlobalSection(SolutionProperties) = preSolution
		HideSolutionNode = FALSE
	EndGlobalSection
	GlobalSection(NestedProjects) = preSolution
		{474FDF54-91F9-400C-9771-7619839D340A} = {0AB3BF05-4346-4AA6-1389-037BE0695223}
		{30CD77E2-29A5-4D90-AFFD-FA5AC778B8AC} = {0AB3BF05-4346-4AA6-1389-037BE0695223}
		{589AFF63-598C-4E5C-9446-75A58E102A34} = {0AB3BF05-4346-4AA6-1389-037BE0695223}
	EndGlobalSection
EndGlobal
