<Solution>
  <Configurations>
    <Platform Name="Any CPU" />
    <Platform Name="x64" />
    <Platform Name="x86" />
  </Configurations>
  <Folder Name="/AddOns/" />
  <Folder Name="/AddOns/Agent/">
    <Project Path="Umbraco.AI.Agent/src/Umbraco.AI.Agent.Core/Umbraco.AI.Agent.Core.csproj" />
    <Project Path="Umbraco.AI.Agent/src/Umbraco.AI.Agent.Persistence.Sqlite/Umbraco.AI.Agent.Persistence.Sqlite.csproj" />
    <Project Path="Umbraco.AI.Agent/src/Umbraco.AI.Agent.Persistence.SqlServer/Umbraco.AI.Agent.Persistence.SqlServer.csproj" />
    <Project Path="Umbraco.AI.Agent/src/Umbraco.AI.Agent.Persistence/Umbraco.AI.Agent.Persistence.csproj" />
    <Project Path="Umbraco.AI.Agent/src/Umbraco.AI.Agent.Startup/Umbraco.AI.Agent.Startup.csproj" />
    <Project Path="Umbraco.AI.Agent/src/Umbraco.AI.Agent.Web.StaticAssets/Umbraco.AI.Agent.Web.StaticAssets.csproj" />
    <Project Path="Umbraco.AI.Agent/src/Umbraco.AI.Agent.Web/Umbraco.AI.Agent.Web.csproj" />
    <Project Path="Umbraco.AI.Agent/src/Umbraco.AI.Agent/Umbraco.AI.Agent.csproj" />
    <Project Path="Umbraco.AI.Agent/src/Umbraco.AI.AGUI/Umbraco.AI.AGUI.csproj" />
    <Project Path="Umbraco.AI.Agent/tests/Umbraco.AI.Agent.Tests.Integration/Umbraco.AI.Agent.Tests.Integration.csproj" />
    <Project Path="Umbraco.AI.Agent/tests/Umbraco.AI.Agent.Tests.Unit/Umbraco.AI.Agent.Tests.Unit.csproj" />
  </Folder>
  <Folder Name="/AddOns/Copilot/">
    <Project Path="Umbraco.AI.Agent.Copilot/src/Umbraco.AI.Agent.Copilot/Umbraco.AI.Agent.Copilot.csproj" />
    <Project Path="Umbraco.AI.Agent.UI/src/Umbraco.AI.Agent.UI/Umbraco.AI.Agent.UI.csproj" />
  </Folder>
  <Folder Name="/AddOns/CopilotWorkspace/">
    <Project Path="Umbraco.AI.Agent.Copilot.Workspace/src/Umbraco.AI.Agent.Conversations.Core/Umbraco.AI.Agent.Conversations.Core.csproj" />
    <Project Path="Umbraco.AI.Agent.Copilot.Workspace/src/Umbraco.AI.Agent.Conversations.Persistence/Umbraco.AI.Agent.Conversations.Persistence.csproj" />
    <Project Path="Umbraco.AI.Agent.Copilot.Workspace/src/Umbraco.AI.Agent.Conversations.Persistence.SqlServer/Umbraco.AI.Agent.Conversations.Persistence.SqlServer.csproj" />
    <Project Path="Umbraco.AI.Agent.Copilot.Workspace/src/Umbraco.AI.Agent.Conversations.Persistence.Sqlite/Umbraco.AI.Agent.Conversations.Persistence.Sqlite.csproj" />
    <Project Path="Umbraco.AI.Agent.Copilot.Workspace/src/Umbraco.AI.Agent.Conversations.Web/Umbraco.AI.Agent.Conversations.Web.csproj" />
    <Project Path="Umbraco.AI.Agent.Copilot.Workspace/src/Umbraco.AI.Agent.Copilot.Workspace.Core/Umbraco.AI.Agent.Copilot.Workspace.Core.csproj" />
    <Project Path="Umbraco.AI.Agent.Copilot.Workspace/src/Umbraco.AI.Agent.Copilot.Workspace.Web/Umbraco.AI.Agent.Copilot.Workspace.Web.csproj" />
    <Project Path="Umbraco.AI.Agent.Copilot.Workspace/src/Umbraco.AI.Agent.Copilot.Workspace.Web.StaticAssets/Umbraco.AI.Agent.Copilot.Workspace.Web.StaticAssets.csproj" />
    <Project Path="Umbraco.AI.Agent.Copilot.Workspace/src/Umbraco.AI.Agent.Copilot.Workspace.Startup/Umbraco.AI.Agent.Copilot.Workspace.Startup.csproj" />
    <Project Path="Umbraco.AI.Agent.Copilot.Workspace/src/Umbraco.AI.Agent.Copilot.Workspace/Umbraco.AI.Agent.Copilot.Workspace.csproj" />
    <Project Path="Umbraco.AI.Agent.Copilot.Workspace/tests/Umbraco.AI.Agent.Copilot.Workspace.Tests.Unit/Umbraco.AI.Agent.Copilot.Workspace.Tests.Unit.csproj" />
  </Folder>
  <Folder Name="/AddOns/Prompt/">
    <Project Path="Umbraco.AI.Prompt/src/Umbraco.AI.Prompt.Core/Umbraco.AI.Prompt.Core.csproj" />
    <Project Path="Umbraco.AI.Prompt/src/Umbraco.AI.Prompt.Persistence.Sqlite/Umbraco.AI.Prompt.Persistence.Sqlite.csproj" />
    <Project Path="Umbraco.AI.Prompt/src/Umbraco.AI.Prompt.Persistence.SqlServer/Umbraco.AI.Prompt.Persistence.SqlServer.csproj" />
    <Project Path="Umbraco.AI.Prompt/src/Umbraco.AI.Prompt.Persistence/Umbraco.AI.Prompt.Persistence.csproj" />
    <Project Path="Umbraco.AI.Prompt/src/Umbraco.AI.Prompt.Startup/Umbraco.AI.Prompt.Startup.csproj" />
    <Project Path="Umbraco.AI.Prompt/src/Umbraco.AI.Prompt.Web.StaticAssets/Umbraco.AI.Prompt.Web.StaticAssets.csproj" />
    <Project Path="Umbraco.AI.Prompt/src/Umbraco.AI.Prompt.Web/Umbraco.AI.Prompt.Web.csproj" />
    <Project Path="Umbraco.AI.Prompt/src/Umbraco.AI.Prompt/Umbraco.AI.Prompt.csproj" />
    <Project Path="Umbraco.AI.Prompt/tests/Umbraco.AI.Prompt.Tests.Unit/Umbraco.AI.Prompt.Tests.Unit.csproj" />
  </Folder>
  <Folder Name="/AddOns/Search/">
    <Project Path="Umbraco.AI.Search/src/Umbraco.AI.Search.Core/Umbraco.AI.Search.Core.csproj" />
    <Project Path="Umbraco.AI.Search/src/Umbraco.AI.Search.Db/Umbraco.AI.Search.Db.csproj" />
    <Project Path="Umbraco.AI.Search/src/Umbraco.AI.Search.Db.SqlServer/Umbraco.AI.Search.Db.SqlServer.csproj" />
    <Project Path="Umbraco.AI.Search/src/Umbraco.AI.Search.Db.Sqlite/Umbraco.AI.Search.Db.Sqlite.csproj" />
    <Project Path="Umbraco.AI.Search/src/Umbraco.AI.Search.Startup/Umbraco.AI.Search.Startup.csproj" />
    <Project Path="Umbraco.AI.Search/src/Umbraco.AI.Search/Umbraco.AI.Search.csproj" />
    <Project Path="Umbraco.AI.Search/tests/Umbraco.AI.Search.Tests.Unit/Umbraco.AI.Search.Tests.Unit.csproj" />
  </Folder>
  <Folder Name="/AddOns/Automate/">
    <Project Path="Umbraco.AI.Automate/src/Umbraco.AI.Automate/Umbraco.AI.Automate.csproj" />
    <Project Path="Umbraco.AI.Automate/tests/Umbraco.AI.Automate.Tests.Unit/Umbraco.AI.Automate.Tests.Unit.csproj" />
  </Folder>
  <Folder Name="/Core/">
    <Project Path="Umbraco.AI/src/Umbraco.AI.Core/Umbraco.AI.Core.csproj" />
    <Project Path="Umbraco.AI/src/Umbraco.AI.Persistence.Sqlite/Umbraco.AI.Persistence.Sqlite.csproj" />
    <Project Path="Umbraco.AI/src/Umbraco.AI.Persistence.SqlServer/Umbraco.AI.Persistence.SqlServer.csproj" />
    <Project Path="Umbraco.AI/src/Umbraco.AI.Persistence/Umbraco.AI.Persistence.csproj" />
    <Project Path="Umbraco.AI/src/Umbraco.AI.Startup/Umbraco.AI.Startup.csproj" />
    <Project Path="Umbraco.AI/src/Umbraco.AI.Web.StaticAssets/Umbraco.AI.Web.StaticAssets.csproj" />
    <Project Path="Umbraco.AI/src/Umbraco.AI.Web/Umbraco.AI.Web.csproj" />
    <Project Path="Umbraco.AI/src/Umbraco.AI/Umbraco.AI.csproj" />
    <Project Path="Umbraco.AI/tests/Umbraco.AI.Tests.Common/Umbraco.AI.Tests.Common.csproj" />
    <Project Path="Umbraco.AI/tests/Umbraco.AI.Tests.Integration/Umbraco.AI.Tests.Integration.csproj" />
    <Project Path="Umbraco.AI/tests/Umbraco.AI.Tests.Unit/Umbraco.AI.Tests.Unit.csproj" />
  </Folder>
  <Folder Name="/Deploy/">
    <Project Path="Umbraco.AI.Agent.Deploy/src/Umbraco.AI.Agent.Deploy/Umbraco.AI.Agent.Deploy.csproj" />
    <Project Path="Umbraco.AI.Deploy/src/Umbraco.AI.Deploy/Umbraco.AI.Deploy.csproj" />
    <Project Path="Umbraco.AI.Prompt.Deploy/src/Umbraco.AI.Prompt.Deploy/Umbraco.AI.Prompt.Deploy.csproj" />
    <Project Path="Umbraco.AI.Agent.Deploy/tests/Umbraco.AI.Agent.Deploy.Tests.Unit/Umbraco.AI.Agent.Deploy.Tests.Unit.csproj" />
    <Project Path="Umbraco.AI.Deploy/tests/Umbraco.AI.Deploy.Tests.Unit/Umbraco.AI.Deploy.Tests.Unit.csproj" />
    <Project Path="Umbraco.AI.Prompt.Deploy/tests/Umbraco.AI.Prompt.Deploy.Tests.Unit/Umbraco.AI.Prompt.Deploy.Tests.Unit.csproj" />
  </Folder>
  <Folder Name="/Providers/" />
  <Folder Name="/Providers/Amazon/">
    <Project Path="Umbraco.AI.Amazon/src/Umbraco.AI.Amazon/Umbraco.AI.Amazon.csproj" />
    <Project Path="Umbraco.AI.Amazon/tests/Umbraco.AI.Amazon.Tests.Unit/Umbraco.AI.Amazon.Tests.Unit.csproj" />
  </Folder>
  <Folder Name="/Providers/Anthropic/">
    <Project Path="Umbraco.AI.Anthropic/src/Umbraco.AI.Anthropic/Umbraco.AI.Anthropic.csproj" />
    <Project Path="Umbraco.AI.Anthropic/tests/Umbraco.AI.Anthropic.Tests.Unit/Umbraco.AI.Anthropic.Tests.Unit.csproj" />
  </Folder>
  <Folder Name="/Providers/DeepSeek/">
    <Project Path="Umbraco.AI.DeepSeek/src/Umbraco.AI.DeepSeek/Umbraco.AI.DeepSeek.csproj" />
  </Folder>
  <Folder Name="/Providers/FireworksAI/">
    <Project Path="Umbraco.AI.FireworksAI/src/Umbraco.AI.FireworksAI/Umbraco.AI.FireworksAI.csproj" />
  </Folder>
  <Folder Name="/Providers/Google/">
    <Project Path="Umbraco.AI.Google/src/Umbraco.AI.Google/Umbraco.AI.Google.csproj" />
  </Folder>
  <Folder Name="/Providers/HuggingFace/">
    <Project Path="Umbraco.AI.HuggingFace/src/Umbraco.AI.HuggingFace/Umbraco.AI.HuggingFace.csproj" />
  </Folder>
  <Folder Name="/Providers/MicrosoftFoundry/">
    <Project Path="Umbraco.AI.MicrosoftFoundry/src/Umbraco.AI.MicrosoftFoundry/Umbraco.AI.MicrosoftFoundry.csproj" />
    <Project Path="Umbraco.AI.MicrosoftFoundry/tests/Umbraco.AI.MicrosoftFoundry.Tests.Unit/Umbraco.AI.MicrosoftFoundry.Tests.Unit.csproj" />
  </Folder>
  <Folder Name="/Providers/Mistral/">
    <Project Path="Umbraco.AI.Mistral/src/Umbraco.AI.Mistral/Umbraco.AI.Mistral.csproj" />
  </Folder>
  <Folder Name="/Providers/OpenAI/">
    <Project Path="Umbraco.AI.OpenAI/src/Umbraco.AI.OpenAI/Umbraco.AI.OpenAI.csproj" />
    <Project Path="Umbraco.AI.OpenAI/tests/Umbraco.AI.OpenAI.Tests.Unit/Umbraco.AI.OpenAI.Tests.Unit.csproj" />
  </Folder>
  <Folder Name="/Providers/TogetherAI/">
    <Project Path="Umbraco.AI.TogetherAI/src/Umbraco.AI.TogetherAI/Umbraco.AI.TogetherAI.csproj" />
  </Folder>
</Solution>
