
Microsoft Visual Studio Solution File, Format Version 12.00
# Visual Studio Version 17
VisualStudioVersion = 17.7.34024.191
MinimumVisualStudioVersion = 10.0.40219.1
Project("{9A19103F-16F7-4668-BE54-9A1E7A4F7556}") = "Umbraco.Ai.Anthropic", "src\Umbraco.Ai.Anthropic\Umbraco.Ai.Anthropic.csproj", "{75CCBC1F-DB42-49B1-B459-655A4D2CBB47}"
EndProject
Global
	GlobalSection(SolutionConfigurationPlatforms) = preSolution
		Debug|Any CPU = Debug|Any CPU
		Release|Any CPU = Release|Any CPU
	EndGlobalSection
	GlobalSection(ProjectConfigurationPlatforms) = postSolution
		{75CCBC1F-DB42-49B1-B459-655A4D2CBB47}.Debug|Any CPU.ActiveCfg = Debug|Any CPU
		{75CCBC1F-DB42-49B1-B459-655A4D2CBB47}.Debug|Any CPU.Build.0 = Debug|Any CPU
		{75CCBC1F-DB42-49B1-B459-655A4D2CBB47}.Release|Any CPU.ActiveCfg = Release|Any CPU
		{75CCBC1F-DB42-49B1-B459-655A4D2CBB47}.Release|Any CPU.Build.0 = Release|Any CPU
	EndGlobalSection
	GlobalSection(SolutionProperties) = preSolution
		HideSolutionNode = FALSE
	EndGlobalSection
	GlobalSection(ExtensibilityGlobals) = postSolution
		SolutionGuid = {43E87109-7BBA-427B-89C0-35E11157F2F1}
	EndGlobalSection
EndGlobal
