
Microsoft Visual Studio Solution File, Format Version 12.00
# Visual Studio Version 17
VisualStudioVersion = 17.7.34024.191
MinimumVisualStudioVersion = 10.0.40219.1
Project("{9A19103F-16F7-4668-BE54-9A1E7A4F7556}") = "Umbraco.Ai.Amazon", "src\Umbraco.Ai.Amazon\Umbraco.Ai.Amazon.csproj", "{8A2F9E3D-1B4C-5E6F-A7D8-2C3E4F5B6A90}"
EndProject
Global
	GlobalSection(SolutionConfigurationPlatforms) = preSolution
		Debug|Any CPU = Debug|Any CPU
		Release|Any CPU = Release|Any CPU
	EndGlobalSection
	GlobalSection(ProjectConfigurationPlatforms) = postSolution
		{8A2F9E3D-1B4C-5E6F-A7D8-2C3E4F5B6A90}.Debug|Any CPU.ActiveCfg = Debug|Any CPU
		{8A2F9E3D-1B4C-5E6F-A7D8-2C3E4F5B6A90}.Debug|Any CPU.Build.0 = Debug|Any CPU
		{8A2F9E3D-1B4C-5E6F-A7D8-2C3E4F5B6A90}.Release|Any CPU.ActiveCfg = Release|Any CPU
		{8A2F9E3D-1B4C-5E6F-A7D8-2C3E4F5B6A90}.Release|Any CPU.Build.0 = Release|Any CPU
	EndGlobalSection
	GlobalSection(SolutionProperties) = preSolution
		HideSolutionNode = FALSE
	EndGlobalSection
	GlobalSection(ExtensibilityGlobals) = postSolution
		SolutionGuid = {B9D8E7F6-5A4C-3B2E-1D0F-9E8A7C6B5D4E}
	EndGlobalSection
EndGlobal
