
Microsoft Visual Studio Solution File, Format Version 12.00
# Visual Studio Version 17
VisualStudioVersion = 17.0.31903.59
MinimumVisualStudioVersion = 10.0.40219.1
Project("{FAE04EC0-301F-11D3-BF4B-00C04F79EFBC}") = "Umbraco.Ai.Core", "src\Umbraco.Ai.Core\Umbraco.Ai.Core.csproj", "{708BFAFD-A101-4CDA-A0DB-D87EDB53BE71}"
EndProject
Project("{FAE04EC0-301F-11D3-BF4B-00C04F79EFBC}") = "Umbraco.Ai.Persistence.Sqlite", "src\Umbraco.Ai.Persistence.Sqlite\Umbraco.Ai.Persistence.Sqlite.csproj", "{0EFAA442-E867-44FF-B116-D893A13B2BEB}"
EndProject
Project("{FAE04EC0-301F-11D3-BF4B-00C04F79EFBC}") = "Umbraco.Ai.Persistence", "src\Umbraco.Ai.Persistence\Umbraco.Ai.Persistence.csproj", "{FC58BA02-5813-4954-9034-87B60B29748E}"
EndProject
Project("{FAE04EC0-301F-11D3-BF4B-00C04F79EFBC}") = "Umbraco.Ai.Persistence.SqlServer", "src\Umbraco.Ai.Persistence.SqlServer\Umbraco.Ai.Persistence.SqlServer.csproj", "{AE0272EF-A802-4157-B1E3-6170AC689364}"
EndProject
Project("{FAE04EC0-301F-11D3-BF4B-00C04F79EFBC}") = "Umbraco.Ai.Startup", "src\Umbraco.Ai.Startup\Umbraco.Ai.Startup.csproj", "{E73CFE6B-9953-4F89-BEF0-F83722C8F3F5}"
EndProject
Project("{FAE04EC0-301F-11D3-BF4B-00C04F79EFBC}") = "Umbraco.Ai.Web", "src\Umbraco.Ai.Web\Umbraco.Ai.Web.csproj", "{4DABE42F-70F2-4A15-A222-17EE4B5DCB9E}"
EndProject
Project("{FAE04EC0-301F-11D3-BF4B-00C04F79EFBC}") = "Umbraco.Ai.Web.StaticAssets", "src\Umbraco.Ai.Web.StaticAssets\Umbraco.Ai.Web.StaticAssets.csproj", "{1A43C221-727D-4510-9FD0-C0DA1435E2BF}"
EndProject
Project("{FAE04EC0-301F-11D3-BF4B-00C04F79EFBC}") = "Umbraco.Ai", "src\Umbraco.Ai\Umbraco.Ai.csproj", "{9922ABBF-4ACA-4C59-BD10-7D4E30C3C30E}"
EndProject
Project("{2150E333-8FDC-42A3-9474-1A3956D46DE8}") = "Tests", "Tests", "{0AB3BF05-4346-4AA6-1389-037BE0695223}"
EndProject
Project("{FAE04EC0-301F-11D3-BF4B-00C04F79EFBC}") = "Umbraco.Ai.Tests.Common", "tests\Umbraco.Ai.Tests.Common\Umbraco.Ai.Tests.Common.csproj", "{B7291193-364C-4A8F-8441-96F9B2EB5168}"
EndProject
Project("{FAE04EC0-301F-11D3-BF4B-00C04F79EFBC}") = "Umbraco.Ai.Tests.Integration", "tests\Umbraco.Ai.Tests.Integration\Umbraco.Ai.Tests.Integration.csproj", "{9D2637BA-BE33-4835-A0B4-711960DEA65A}"
EndProject
Project("{FAE04EC0-301F-11D3-BF4B-00C04F79EFBC}") = "Umbraco.Ai.Tests.Unit", "tests\Umbraco.Ai.Tests.Unit\Umbraco.Ai.Tests.Unit.csproj", "{99BCBEF5-84BC-4B25-A9AB-1355CEC6C34E}"
EndProject
Global
	GlobalSection(SolutionConfigurationPlatforms) = preSolution
		Debug|Any CPU = Debug|Any CPU
		Debug|x64 = Debug|x64
		Debug|x86 = Debug|x86
		Release|Any CPU = Release|Any CPU
		Release|x64 = Release|x64
		Release|x86 = Release|x86
	EndGlobalSection
	GlobalSection(ProjectConfigurationPlatforms) = postSolution
		{708BFAFD-A101-4CDA-A0DB-D87EDB53BE71}.Debug|Any CPU.ActiveCfg = Debug|Any CPU
		{708BFAFD-A101-4CDA-A0DB-D87EDB53BE71}.Debug|Any CPU.Build.0 = Debug|Any CPU
		{708BFAFD-A101-4CDA-A0DB-D87EDB53BE71}.Debug|x64.ActiveCfg = Debug|Any CPU
		{708BFAFD-A101-4CDA-A0DB-D87EDB53BE71}.Debug|x64.Build.0 = Debug|Any CPU
		{708BFAFD-A101-4CDA-A0DB-D87EDB53BE71}.Debug|x86.ActiveCfg = Debug|Any CPU
		{708BFAFD-A101-4CDA-A0DB-D87EDB53BE71}.Debug|x86.Build.0 = Debug|Any CPU
		{708BFAFD-A101-4CDA-A0DB-D87EDB53BE71}.Release|Any CPU.ActiveCfg = Release|Any CPU
		{708BFAFD-A101-4CDA-A0DB-D87EDB53BE71}.Release|Any CPU.Build.0 = Release|Any CPU
		{708BFAFD-A101-4CDA-A0DB-D87EDB53BE71}.Release|x64.ActiveCfg = Release|Any CPU
		{708BFAFD-A101-4CDA-A0DB-D87EDB53BE71}.Release|x64.Build.0 = Release|Any CPU
		{708BFAFD-A101-4CDA-A0DB-D87EDB53BE71}.Release|x86.ActiveCfg = Release|Any CPU
		{708BFAFD-A101-4CDA-A0DB-D87EDB53BE71}.Release|x86.Build.0 = Release|Any CPU
		{0EFAA442-E867-44FF-B116-D893A13B2BEB}.Debug|Any CPU.ActiveCfg = Debug|Any CPU
		{0EFAA442-E867-44FF-B116-D893A13B2BEB}.Debug|Any CPU.Build.0 = Debug|Any CPU
		{0EFAA442-E867-44FF-B116-D893A13B2BEB}.Debug|x64.ActiveCfg = Debug|Any CPU
		{0EFAA442-E867-44FF-B116-D893A13B2BEB}.Debug|x64.Build.0 = Debug|Any CPU
		{0EFAA442-E867-44FF-B116-D893A13B2BEB}.Debug|x86.ActiveCfg = Debug|Any CPU
		{0EFAA442-E867-44FF-B116-D893A13B2BEB}.Debug|x86.Build.0 = Debug|Any CPU
		{0EFAA442-E867-44FF-B116-D893A13B2BEB}.Release|Any CPU.ActiveCfg = Release|Any CPU
		{0EFAA442-E867-44FF-B116-D893A13B2BEB}.Release|Any CPU.Build.0 = Release|Any CPU
		{0EFAA442-E867-44FF-B116-D893A13B2BEB}.Release|x64.ActiveCfg = Release|Any CPU
		{0EFAA442-E867-44FF-B116-D893A13B2BEB}.Release|x64.Build.0 = Release|Any CPU
		{0EFAA442-E867-44FF-B116-D893A13B2BEB}.Release|x86.ActiveCfg = Release|Any CPU
		{0EFAA442-E867-44FF-B116-D893A13B2BEB}.Release|x86.Build.0 = Release|Any CPU
		{FC58BA02-5813-4954-9034-87B60B29748E}.Debug|Any CPU.ActiveCfg = Debug|Any CPU
		{FC58BA02-5813-4954-9034-87B60B29748E}.Debug|Any CPU.Build.0 = Debug|Any CPU
		{FC58BA02-5813-4954-9034-87B60B29748E}.Debug|x64.ActiveCfg = Debug|Any CPU
		{FC58BA02-5813-4954-9034-87B60B29748E}.Debug|x64.Build.0 = Debug|Any CPU
		{FC58BA02-5813-4954-9034-87B60B29748E}.Debug|x86.ActiveCfg = Debug|Any CPU
		{FC58BA02-5813-4954-9034-87B60B29748E}.Debug|x86.Build.0 = Debug|Any CPU
		{FC58BA02-5813-4954-9034-87B60B29748E}.Release|Any CPU.ActiveCfg = Release|Any CPU
		{FC58BA02-5813-4954-9034-87B60B29748E}.Release|Any CPU.Build.0 = Release|Any CPU
		{FC58BA02-5813-4954-9034-87B60B29748E}.Release|x64.ActiveCfg = Release|Any CPU
		{FC58BA02-5813-4954-9034-87B60B29748E}.Release|x64.Build.0 = Release|Any CPU
		{FC58BA02-5813-4954-9034-87B60B29748E}.Release|x86.ActiveCfg = Release|Any CPU
		{FC58BA02-5813-4954-9034-87B60B29748E}.Release|x86.Build.0 = Release|Any CPU
		{AE0272EF-A802-4157-B1E3-6170AC689364}.Debug|Any CPU.ActiveCfg = Debug|Any CPU
		{AE0272EF-A802-4157-B1E3-6170AC689364}.Debug|Any CPU.Build.0 = Debug|Any CPU
		{AE0272EF-A802-4157-B1E3-6170AC689364}.Debug|x64.ActiveCfg = Debug|Any CPU
		{AE0272EF-A802-4157-B1E3-6170AC689364}.Debug|x64.Build.0 = Debug|Any CPU
		{AE0272EF-A802-4157-B1E3-6170AC689364}.Debug|x86.ActiveCfg = Debug|Any CPU
		{AE0272EF-A802-4157-B1E3-6170AC689364}.Debug|x86.Build.0 = Debug|Any CPU
		{AE0272EF-A802-4157-B1E3-6170AC689364}.Release|Any CPU.ActiveCfg = Release|Any CPU
		{AE0272EF-A802-4157-B1E3-6170AC689364}.Release|Any CPU.Build.0 = Release|Any CPU
		{AE0272EF-A802-4157-B1E3-6170AC689364}.Release|x64.ActiveCfg = Release|Any CPU
		{AE0272EF-A802-4157-B1E3-6170AC689364}.Release|x64.Build.0 = Release|Any CPU
		{AE0272EF-A802-4157-B1E3-6170AC689364}.Release|x86.ActiveCfg = Release|Any CPU
		{AE0272EF-A802-4157-B1E3-6170AC689364}.Release|x86.Build.0 = Release|Any CPU
		{E73CFE6B-9953-4F89-BEF0-F83722C8F3F5}.Debug|Any CPU.ActiveCfg = Debug|Any CPU
		{E73CFE6B-9953-4F89-BEF0-F83722C8F3F5}.Debug|Any CPU.Build.0 = Debug|Any CPU
		{E73CFE6B-9953-4F89-BEF0-F83722C8F3F5}.Debug|x64.ActiveCfg = Debug|Any CPU
		{E73CFE6B-9953-4F89-BEF0-F83722C8F3F5}.Debug|x64.Build.0 = Debug|Any CPU
		{E73CFE6B-9953-4F89-BEF0-F83722C8F3F5}.Debug|x86.ActiveCfg = Debug|Any CPU
		{E73CFE6B-9953-4F89-BEF0-F83722C8F3F5}.Debug|x86.Build.0 = Debug|Any CPU
		{E73CFE6B-9953-4F89-BEF0-F83722C8F3F5}.Release|Any CPU.ActiveCfg = Release|Any CPU
		{E73CFE6B-9953-4F89-BEF0-F83722C8F3F5}.Release|Any CPU.Build.0 = Release|Any CPU
		{E73CFE6B-9953-4F89-BEF0-F83722C8F3F5}.Release|x64.ActiveCfg = Release|Any CPU
		{E73CFE6B-9953-4F89-BEF0-F83722C8F3F5}.Release|x64.Build.0 = Release|Any CPU
		{E73CFE6B-9953-4F89-BEF0-F83722C8F3F5}.Release|x86.ActiveCfg = Release|Any CPU
		{E73CFE6B-9953-4F89-BEF0-F83722C8F3F5}.Release|x86.Build.0 = Release|Any CPU
		{4DABE42F-70F2-4A15-A222-17EE4B5DCB9E}.Debug|Any CPU.ActiveCfg = Debug|Any CPU
		{4DABE42F-70F2-4A15-A222-17EE4B5DCB9E}.Debug|Any CPU.Build.0 = Debug|Any CPU
		{4DABE42F-70F2-4A15-A222-17EE4B5DCB9E}.Debug|x64.ActiveCfg = Debug|Any CPU
		{4DABE42F-70F2-4A15-A222-17EE4B5DCB9E}.Debug|x64.Build.0 = Debug|Any CPU
		{4DABE42F-70F2-4A15-A222-17EE4B5DCB9E}.Debug|x86.ActiveCfg = Debug|Any CPU
		{4DABE42F-70F2-4A15-A222-17EE4B5DCB9E}.Debug|x86.Build.0 = Debug|Any CPU
		{4DABE42F-70F2-4A15-A222-17EE4B5DCB9E}.Release|Any CPU.ActiveCfg = Release|Any CPU
		{4DABE42F-70F2-4A15-A222-17EE4B5DCB9E}.Release|Any CPU.Build.0 = Release|Any CPU
		{4DABE42F-70F2-4A15-A222-17EE4B5DCB9E}.Release|x64.ActiveCfg = Release|Any CPU
		{4DABE42F-70F2-4A15-A222-17EE4B5DCB9E}.Release|x64.Build.0 = Release|Any CPU
		{4DABE42F-70F2-4A15-A222-17EE4B5DCB9E}.Release|x86.ActiveCfg = Release|Any CPU
		{4DABE42F-70F2-4A15-A222-17EE4B5DCB9E}.Release|x86.Build.0 = Release|Any CPU
		{1A43C221-727D-4510-9FD0-C0DA1435E2BF}.Debug|Any CPU.ActiveCfg = Debug|Any CPU
		{1A43C221-727D-4510-9FD0-C0DA1435E2BF}.Debug|Any CPU.Build.0 = Debug|Any CPU
		{1A43C221-727D-4510-9FD0-C0DA1435E2BF}.Debug|x64.ActiveCfg = Debug|Any CPU
		{1A43C221-727D-4510-9FD0-C0DA1435E2BF}.Debug|x64.Build.0 = Debug|Any CPU
		{1A43C221-727D-4510-9FD0-C0DA1435E2BF}.Debug|x86.ActiveCfg = Debug|Any CPU
		{1A43C221-727D-4510-9FD0-C0DA1435E2BF}.Debug|x86.Build.0 = Debug|Any CPU
		{1A43C221-727D-4510-9FD0-C0DA1435E2BF}.Release|Any CPU.ActiveCfg = Release|Any CPU
		{1A43C221-727D-4510-9FD0-C0DA1435E2BF}.Release|Any CPU.Build.0 = Release|Any CPU
		{1A43C221-727D-4510-9FD0-C0DA1435E2BF}.Release|x64.ActiveCfg = Release|Any CPU
		{1A43C221-727D-4510-9FD0-C0DA1435E2BF}.Release|x64.Build.0 = Release|Any CPU
		{1A43C221-727D-4510-9FD0-C0DA1435E2BF}.Release|x86.ActiveCfg = Release|Any CPU
		{1A43C221-727D-4510-9FD0-C0DA1435E2BF}.Release|x86.Build.0 = Release|Any CPU
		{9922ABBF-4ACA-4C59-BD10-7D4E30C3C30E}.Debug|Any CPU.ActiveCfg = Debug|Any CPU
		{9922ABBF-4ACA-4C59-BD10-7D4E30C3C30E}.Debug|Any CPU.Build.0 = Debug|Any CPU
		{9922ABBF-4ACA-4C59-BD10-7D4E30C3C30E}.Debug|x64.ActiveCfg = Debug|Any CPU
		{9922ABBF-4ACA-4C59-BD10-7D4E30C3C30E}.Debug|x64.Build.0 = Debug|Any CPU
		{9922ABBF-4ACA-4C59-BD10-7D4E30C3C30E}.Debug|x86.ActiveCfg = Debug|Any CPU
		{9922ABBF-4ACA-4C59-BD10-7D4E30C3C30E}.Debug|x86.Build.0 = Debug|Any CPU
		{9922ABBF-4ACA-4C59-BD10-7D4E30C3C30E}.Release|Any CPU.ActiveCfg = Release|Any CPU
		{9922ABBF-4ACA-4C59-BD10-7D4E30C3C30E}.Release|Any CPU.Build.0 = Release|Any CPU
		{9922ABBF-4ACA-4C59-BD10-7D4E30C3C30E}.Release|x64.ActiveCfg = Release|Any CPU
		{9922ABBF-4ACA-4C59-BD10-7D4E30C3C30E}.Release|x64.Build.0 = Release|Any CPU
		{9922ABBF-4ACA-4C59-BD10-7D4E30C3C30E}.Release|x86.ActiveCfg = Release|Any CPU
		{9922ABBF-4ACA-4C59-BD10-7D4E30C3C30E}.Release|x86.Build.0 = Release|Any CPU
		{B7291193-364C-4A8F-8441-96F9B2EB5168}.Debug|Any CPU.ActiveCfg = Debug|Any CPU
		{B7291193-364C-4A8F-8441-96F9B2EB5168}.Debug|Any CPU.Build.0 = Debug|Any CPU
		{B7291193-364C-4A8F-8441-96F9B2EB5168}.Debug|x64.ActiveCfg = Debug|Any CPU
		{B7291193-364C-4A8F-8441-96F9B2EB5168}.Debug|x64.Build.0 = Debug|Any CPU
		{B7291193-364C-4A8F-8441-96F9B2EB5168}.Debug|x86.ActiveCfg = Debug|Any CPU
		{B7291193-364C-4A8F-8441-96F9B2EB5168}.Debug|x86.Build.0 = Debug|Any CPU
		{B7291193-364C-4A8F-8441-96F9B2EB5168}.Release|Any CPU.ActiveCfg = Release|Any CPU
		{B7291193-364C-4A8F-8441-96F9B2EB5168}.Release|Any CPU.Build.0 = Release|Any CPU
		{B7291193-364C-4A8F-8441-96F9B2EB5168}.Release|x64.ActiveCfg = Release|Any CPU
		{B7291193-364C-4A8F-8441-96F9B2EB5168}.Release|x64.Build.0 = Release|Any CPU
		{B7291193-364C-4A8F-8441-96F9B2EB5168}.Release|x86.ActiveCfg = Release|Any CPU
		{B7291193-364C-4A8F-8441-96F9B2EB5168}.Release|x86.Build.0 = Release|Any CPU
		{9D2637BA-BE33-4835-A0B4-711960DEA65A}.Debug|Any CPU.ActiveCfg = Debug|Any CPU
		{9D2637BA-BE33-4835-A0B4-711960DEA65A}.Debug|Any CPU.Build.0 = Debug|Any CPU
		{9D2637BA-BE33-4835-A0B4-711960DEA65A}.Debug|x64.ActiveCfg = Debug|Any CPU
		{9D2637BA-BE33-4835-A0B4-711960DEA65A}.Debug|x64.Build.0 = Debug|Any CPU
		{9D2637BA-BE33-4835-A0B4-711960DEA65A}.Debug|x86.ActiveCfg = Debug|Any CPU
		{9D2637BA-BE33-4835-A0B4-711960DEA65A}.Debug|x86.Build.0 = Debug|Any CPU
		{9D2637BA-BE33-4835-A0B4-711960DEA65A}.Release|Any CPU.ActiveCfg = Release|Any CPU
		{9D2637BA-BE33-4835-A0B4-711960DEA65A}.Release|Any CPU.Build.0 = Release|Any CPU
		{9D2637BA-BE33-4835-A0B4-711960DEA65A}.Release|x64.ActiveCfg = Release|Any CPU
		{9D2637BA-BE33-4835-A0B4-711960DEA65A}.Release|x64.Build.0 = Release|Any CPU
		{9D2637BA-BE33-4835-A0B4-711960DEA65A}.Release|x86.ActiveCfg = Release|Any CPU
		{9D2637BA-BE33-4835-A0B4-711960DEA65A}.Release|x86.Build.0 = Release|Any CPU
		{99BCBEF5-84BC-4B25-A9AB-1355CEC6C34E}.Debug|Any CPU.ActiveCfg = Debug|Any CPU
		{99BCBEF5-84BC-4B25-A9AB-1355CEC6C34E}.Debug|Any CPU.Build.0 = Debug|Any CPU
		{99BCBEF5-84BC-4B25-A9AB-1355CEC6C34E}.Debug|x64.ActiveCfg = Debug|Any CPU
		{99BCBEF5-84BC-4B25-A9AB-1355CEC6C34E}.Debug|x64.Build.0 = Debug|Any CPU
		{99BCBEF5-84BC-4B25-A9AB-1355CEC6C34E}.Debug|x86.ActiveCfg = Debug|Any CPU
		{99BCBEF5-84BC-4B25-A9AB-1355CEC6C34E}.Debug|x86.Build.0 = Debug|Any CPU
		{99BCBEF5-84BC-4B25-A9AB-1355CEC6C34E}.Release|Any CPU.ActiveCfg = Release|Any CPU
		{99BCBEF5-84BC-4B25-A9AB-1355CEC6C34E}.Release|Any CPU.Build.0 = Release|Any CPU
		{99BCBEF5-84BC-4B25-A9AB-1355CEC6C34E}.Release|x64.ActiveCfg = Release|Any CPU
		{99BCBEF5-84BC-4B25-A9AB-1355CEC6C34E}.Release|x64.Build.0 = Release|Any CPU
		{99BCBEF5-84BC-4B25-A9AB-1355CEC6C34E}.Release|x86.ActiveCfg = Release|Any CPU
		{99BCBEF5-84BC-4B25-A9AB-1355CEC6C34E}.Release|x86.Build.0 = Release|Any CPU
	EndGlobalSection
	GlobalSection(SolutionProperties) = preSolution
		HideSolutionNode = FALSE
	EndGlobalSection
	GlobalSection(NestedProjects) = preSolution
		{B7291193-364C-4A8F-8441-96F9B2EB5168} = {0AB3BF05-4346-4AA6-1389-037BE0695223}
		{9D2637BA-BE33-4835-A0B4-711960DEA65A} = {0AB3BF05-4346-4AA6-1389-037BE0695223}
		{99BCBEF5-84BC-4B25-A9AB-1355CEC6C34E} = {0AB3BF05-4346-4AA6-1389-037BE0695223}
	EndGlobalSection
EndGlobal
